{"format_version":"1.0","provider_schemas":{"registry.terraform.io/kingsoftcloud/ksyun":{"provider":{"version":0,"block":{"attributes":{"access_key":{"type":"string","description":"ak","description_kind":"plain","optional":true},"domain":{"type":"string","description_kind":"plain","optional":true},"dry_run":{"type":"bool","description":"false","description_kind":"plain","optional":true},"http_keepalive":{"type":"bool","description":"Whether use http keepalive, if false, disables HTTP keep-alives and will only use the connection to the server for a single HTTP request","description_kind":"plain","optional":true},"http_proxy":{"type":"string","description_kind":"plain","optional":true},"ignore_service":{"type":"bool","description":"false","description_kind":"plain","optional":true},"insecure":{"type":"bool","description":"true","description_kind":"plain","optional":true},"max_retries":{"type":"number","description_kind":"plain","optional":true},"region":{"type":"string","description":"cn-beijing-6","description_kind":"plain","optional":true},"secret_key":{"type":"string","description":"sk","description_kind":"plain","optional":true}},"description_kind":"plain"}},"resource_schemas":{"ksyun_alb":{"version":0,"block":{"attributes":{"alb_name":{"type":"string","description":"The name of the ALB.","description_kind":"plain","optional":true,"computed":true},"alb_type":{"type":"string","description":"The type of the ALB, valid values:'public', 'internal'.","description_kind":"plain","required":true},"alb_version":{"type":"string","description":"The version of the ALB. valid values:'standard', 'advanced'.","description_kind":"plain","required":true},"charge_type":{"type":"string","description":"The charge type, valid values: 'PrePaidByHourUsage'.","description_kind":"plain","required":true},"create_time":{"type":"string","description":"The creation time.","description_kind":"plain","computed":true},"enabled_log":{"type":"bool","description":"Whether log is enabled or not. Specific `klog_info` field when `enabled_log` is true.","description_kind":"plain","optional":true,"computed":true},"id":{"type":"string","description_kind":"plain","optional":true,"computed":true},"ip_version":{"type":"string","description":"IP version, 'ipv4' or 'ipv6'.","description_kind":"plain","optional":true,"computed":true},"project_id":{"type":"string","description":"The ID of the project.","description_kind":"plain","optional":true,"computed":true},"public_ip":{"type":"string","description":"The public IP address.","description_kind":"plain","computed":true},"state":{"type":"string","description":"The state of the ALB, Valid Values:'start', 'stop'.","description_kind":"plain","optional":true,"computed":true},"status":{"type":"string","description":"The status of the ALB.","description_kind":"plain","computed":true},"vpc_id":{"type":"string","description":"The ID of the VPC.","description_kind":"plain","required":true}},"block_types":{"klog_info":{"nesting_mode":"list","block":{"attributes":{"account_id":{"type":"string","description":"account id.","description_kind":"plain","computed":true},"log_pool_name":{"type":"string","description":"log pool name.","description_kind":"plain","optional":true,"computed":true},"project_name":{"type":"string","description":"log project name.","description_kind":"plain","optional":true,"computed":true}},"description_kind":"plain"},"max_items":1}},"description_kind":"plain"}},"ksyun_alb_listener":{"version":0,"block":{"attributes":{"alb_id":{"type":"string","description":"The ID of the ALB.","description_kind":"plain","required":true},"alb_listener_id":{"type":"string","description":"The ID of listener.","description_kind":"plain","computed":true},"alb_listener_name":{"type":"string","description":"The name of the listener.","description_kind":"plain","optional":true,"computed":true},"alb_listener_state":{"type":"string","description":"The state of listener.Valid Values:'start', 'stop'.","description_kind":"plain","optional":true},"certificate_id":{"type":"string","description":"The ID of certificate.","description_kind":"plain","optional":true},"create_time":{"type":"string","description":"The creation time.","description_kind":"plain","computed":true},"enable_http2":{"type":"bool","description":"whether enable to HTTP2.","description_kind":"plain","optional":true,"computed":true},"http_protocol":{"type":"string","description":"Backend Protocol, valid values:'HTTP1.0','HTTP1.1'.","description_kind":"plain","optional":true,"computed":true},"id":{"type":"string","description_kind":"plain","optional":true,"computed":true},"method":{"type":"string","description":"Forwarding mode of listener. Valid Values:'RoundRobin', 'LeastConnections'.","description_kind":"plain","optional":true},"port":{"type":"number","description":"The protocol port of listener.","description_kind":"plain","required":true},"protocol":{"type":"string","description":"The protocol of listener. Valid Values: 'HTTP', 'HTTPS'.","description_kind":"plain","required":true},"redirect_alb_listener_id":{"type":"string","description":"The ID of the redirect ALB listener.","description_kind":"plain","optional":true,"computed":true},"tls_cipher_policy":{"type":"string","description":"TLS cipher policy, valid values:'TlsCipherPolicy1.0','TlsCipherPolicy1.1','TlsCipherPolicy1.2','TlsCipherPolicy1.2-strict','TlsCipherPolicy1.2-moststrict'.","description_kind":"plain","optional":true,"computed":true}},"block_types":{"session":{"nesting_mode":"list","block":{"attributes":{"cookie_name":{"type":"string","description":"The name of cookie.","description_kind":"plain","optional":true},"cookie_type":{"type":"string","description":"The type of cookie, valid values: 'ImplantCookie','RewriteCookie'.","description_kind":"plain","optional":true},"session_persistence_period":{"type":"number","description":"Session hold timeout. Valid Values:1-86400.","description_kind":"plain","optional":true},"session_state":{"type":"string","description":"The state of session. Valid Values:'start', 'stop'.","description_kind":"plain","optional":true}},"description_kind":"plain"},"max_items":1}},"description_kind":"plain"}},"ksyun_alb_listener_cert_group":{"version":0,"block":{"attributes":{"alb_listener_cert_group_id":{"type":"string","description":"The ID of the ALB Listener Cert Group.","description_kind":"plain","computed":true},"alb_listener_id":{"type":"string","description":"The ID of the ALB Listener.","description_kind":"plain","required":true},"id":{"type":"string","description_kind":"plain","optional":true,"computed":true}},"block_types":{"certificate":{"nesting_mode":"list","block":{"attributes":{"cert_authority":{"type":"string","description":"certificate authority.","description_kind":"plain","computed":true},"certificate_id":{"type":"string","description":"The ID of the certificate.","description_kind":"plain","required":true},"certificate_name":{"type":"string","description":"The name of the certificate.","description_kind":"plain","computed":true},"common_name":{"type":"string","description":"The common name on the certificate.","description_kind":"plain","computed":true},"expire_time":{"type":"string","description":"The expire time of the certificate.","description_kind":"plain","computed":true}},"description_kind":"plain"}}},"description_kind":"plain"}},"ksyun_alb_rule_group":{"version":0,"block":{"attributes":{"alb_listener_id":{"type":"string","description":"The ID of the ALB listener.","description_kind":"plain","required":true},"alb_rule_group_id":{"type":"string","description":"The ID of the rule group.","description_kind":"plain","computed":true},"alb_rule_group_name":{"type":"string","description":"The name of the ALB rule group.","description_kind":"plain","optional":true,"computed":true},"backend_server_group_id":{"type":"string","description":"The ID of the backend server group.","description_kind":"plain","required":true},"cookie_name":{"type":"string","description":"The name of cookie. Should set it value, when `listener_sync` is off and `cookie_type` is `RewriteCookie`.","description_kind":"plain","optional":true,"computed":true},"cookie_type":{"type":"string","description":"The type of cookie, valid values: 'ImplantCookie','RewriteCookie'.","description_kind":"plain","optional":true,"computed":true},"health_check_state":{"type":"string","description":"Status maintained by health examination.Valid Values:'start', 'stop'. Should set it value, when `listener_sync` is off.","description_kind":"plain","optional":true,"computed":true},"healthy_threshold":{"type":"number","description":"Health threshold.Valid Values:1-10. Should set it value, when `listener_sync` is off.","description_kind":"plain","optional":true,"computed":true},"host_name":{"type":"string","description":"The service host name of the health check, which is available only for the HTTP or HTTPS health check. Should set it value, when `listener_sync` is off.","description_kind":"plain","optional":true},"id":{"type":"string","description_kind":"plain","optional":true,"computed":true},"interval":{"type":"number","description":"Interval of health examination.Valid Values:1-3600. Should set it value, when `listener_sync` is off.","description_kind":"plain","optional":true,"computed":true},"listener_sync":{"type":"string","description":"Whether to synchronize the health check, session persistence, and load balancing algorithm of the listener. valid values: 'on', 'off'.","description_kind":"plain","required":true},"method":{"type":"string","description":"Forwarding mode of listener. Valid Values:'RoundRobin', 'LeastConnections'.","description_kind":"plain","optional":true},"session_persistence_period":{"type":"number","description":"Session hold timeout. Valid Values:1-86400. Should set it value, when `listener_sync` is off.","description_kind":"plain","optional":true,"computed":true},"session_state":{"type":"string","description":"The state of session. Valid Values:'start', 'stop'. Should set it value, when `listener_sync` is off.","description_kind":"plain","optional":true,"computed":true},"timeout":{"type":"number","description":"Health check timeout.Valid Values:1-3600. Should set it value, when `listener_sync` is off.","description_kind":"plain","optional":true,"computed":true},"unhealthy_threshold":{"type":"number","description":"Unhealthy threshold.Valid Values:1-10. Should set it value, when `listener_sync` is off.","description_kind":"plain","optional":true,"computed":true},"url_path":{"type":"string","description":"Link to HTTP type listener health check. Should set it value, when `listener_sync` is off.","description_kind":"plain","optional":true}},"block_types":{"alb_rule_set":{"nesting_mode":"list","block":{"attributes":{"alb_rule_type":{"type":"string","description":"Rule type. valid values: 'domain', 'url'.","description_kind":"plain","required":true},"alb_rule_value":{"type":"string","description":"Rule value.","description_kind":"plain","required":true}},"description_kind":"plain"},"min_items":1,"max_items":2}},"description_kind":"plain"}},"ksyun_auto_snapshot_policy":{"version":0,"block":{"attributes":{"auto_snapshot_date":{"type":["set","number"],"description":"Setting the snapshot date in a week, its scope is between 1 and 7.","description_kind":"plain","required":true},"auto_snapshot_policy_id":{"type":"string","description":"The id of auto snapshot policy.","description_kind":"plain","computed":true},"auto_snapshot_time":{"type":["set","number"],"description":"Setting the snapshot time in a day, its scope is between 0 and 23.","description_kind":"plain","required":true},"creation_date":{"type":"string","description":"The snapshot policy creation date.","description_kind":"plain","computed":true},"id":{"type":"string","description_kind":"plain","optional":true,"computed":true},"name":{"type":"string","description":"the name of auto snapshot policy.","description_kind":"plain","required":true},"retention_time":{"type":"number","description":"the snapshot will be reserved for when, the cap is 9999.","description_kind":"plain","optional":true}},"description_kind":"plain"}},"ksyun_auto_snapshot_volume_association":{"version":0,"block":{"attributes":{"attach_volume_id":{"type":"string","description":"The id of the volume.","description_kind":"plain","required":true},"auto_snapshot_policy_id":{"type":"string","description":"The id of the auto_snapshot_policy_id.","description_kind":"plain","required":true},"id":{"type":"string","description_kind":"plain","optional":true,"computed":true}},"description_kind":"plain"}},"ksyun_bare_metal":{"version":0,"block":{"attributes":{"availability_zone":{"type":"string","description":"The Availability Zone.","description_kind":"plain","required":true},"bond_attribute":{"type":"string","description":"The bond attribute of the Bare Metal. Valid Values:'bond0','bond1'.Default is 'bond1'. Only effective when network_interface_mode is bond4.","description_kind":"plain","optional":true},"cloud_monitor_agent":{"type":"string","description":"The cloud monitor agent choice of the Bare Metal.Valid Values:'classic','no'.Default is 'no'.","description_kind":"plain","optional":true},"computer_name":{"type":"string","description":"The computer name of the Bare Metal.","description_kind":"plain","optional":true,"computed":true},"container_agent":{"type":"string","description":"Whether to support KCE cluster, valid values: 'supported', 'unsupported'.","description_kind":"plain","optional":true},"data_disk_catalogue":{"type":"string","description":"The data disk catalogue of the Bare Metal.Valid Values:'/DATA/disk','/data'.Default is '/DATA/disk'.","description_kind":"plain","optional":true},"data_disk_catalogue_suffix":{"type":"string","description":"The data disk catalogue suffix of the Bare Metal.Valid Values:'NoSuffix','NaturalNumber','NaturalNumberFromZero'.Default is 'NaturalNumber'.","description_kind":"plain","optional":true},"data_file_type":{"type":"string","description":"The data disk file type of the Bare Metal.Valid Values:'EXT4','XFS'.Default is 'XFS'.","description_kind":"plain","optional":true},"dns1":{"type":"string","description":"The dns1 of the Bare Metal primary network interface.","description_kind":"plain","optional":true,"computed":true},"dns2":{"type":"string","description":"The dns2 of the Bare Metal primary network interface.","description_kind":"plain","optional":true,"computed":true},"extension_dns1":{"type":"string","description":"The dns1 of the Bare Metal extension network interface.Only effective when network_interface_mode is dual.","description_kind":"plain","optional":true,"computed":true},"extension_dns2":{"type":"string","description":"The dns2 of the Bare Metal extension network interface.Only effective when network_interface_mode is dual.","description_kind":"plain","optional":true,"computed":true},"extension_network_interface_id":{"type":"string","description":"ID of the extension network interface.","description_kind":"plain","computed":true},"extension_private_ip_address":{"type":"string","description":"The private ip address of the Bare Metal extension network interface.Only effective when network_interface_mode is dual.","description_kind":"plain","optional":true,"computed":true},"extension_security_group_ids":{"type":["set","string"],"description":"The security_group_id set of the Bare Metal extension network interface.Max is 3.Only effective when network_interface_mode is dual and Required.","description_kind":"plain","optional":true,"computed":true},"extension_subnet_id":{"type":"string","description":"The subnet id of the Bare Metal primary extension interface.Only effective when network_interface_mode is dual and Required.","description_kind":"plain","optional":true,"computed":true},"force_re_install":{"type":"bool","description":"Indicate whether to reinstall system.","description_kind":"plain","optional":true},"host_name":{"type":"string","description":"The name of the Bare Metal.Default is 'ksc_epc'.","description_kind":"plain","optional":true},"host_status":{"type":"string","description":"The status of Bare Metal instance. That can set your Bare Metal instance status, `Running` or `Stopped`, on ksyun. In detail, the instance will start, when `host_status` is `Running` but its status is `Stopped` on ksyun. Similarly, the instance will be power off, when `host_status` is `Stopped` but its status is `Running` on ksyun. \u003cbr\u003e Value Options: `Running`, `Stopped`.","description_kind":"plain","optional":true,"computed":true},"host_type":{"type":"string","description":"The Bare Metal Host Type (e.g. CAL-III).","description_kind":"plain","required":true},"hyper_threading":{"type":"string","description":"The HyperThread status of the Bare Metal. Valid Values:'Open','Close','NoChange'.Default is 'NoChange'.","description_kind":"plain","optional":true},"id":{"type":"string","description_kind":"plain","optional":true,"computed":true},"image_id":{"type":"string","description":"ID of the image.","description_kind":"plain","required":true},"key_id":{"type":"string","description":"The certificate id of the Bare Metal.","description_kind":"plain","required":true},"network_interface_id":{"type":"string","description":"ID of the primary network interface.","description_kind":"plain","computed":true},"network_interface_mode":{"type":"string","description":"The network interface mode of the Bare Metal. Valid Values:'bond4','single','dual'.Default is 'bond4'.When bond4-\u003esingle,single-\u003ebond4,dual-\u003esingle,dual-\u003ebond4 can modify,otherwise is ForceNew.","description_kind":"plain","optional":true},"nvme_data_disk_catalogue":{"type":"string","description":"The nvme data disk catalogue of the Bare Metal.Valid Values:'/DATA/disk','/data'.","description_kind":"plain","optional":true},"nvme_data_disk_catalogue_suffix":{"type":"string","description":"The nvme data disk catalogue suffix of the Bare Metal.Valid Values:'NoSuffix','NaturalNumber','NaturalNumberFromZero'.","description_kind":"plain","optional":true},"nvme_data_file_type":{"type":"string","description":"The nvme data file type of the Bare Metal.Valid Values:'EXT4','XFS'.","description_kind":"plain","optional":true},"password":{"type":"string","description":"The password of the Bare Metal.","description_kind":"plain","optional":true,"sensitive":true},"path":{"type":"string","description":"The path of the Bare Metal.Only effective on modify and host type is COLO.","description_kind":"plain","optional":true},"private_ip_address":{"type":"string","description":"The private ip address of the Bare Metal primary network interface.","description_kind":"plain","optional":true,"computed":true},"project_id":{"type":"string","description":"The project id of the Bare Metal.Default is '0'.","description_kind":"plain","optional":true,"computed":true},"raid":{"type":"string","description":"The Raid type of the Bare Metal. Valid Values:'Raid0','Raid1','Raid5','Raid10','Raid50','SRaid0'. Conflict raid_id. If you don't set raid_id,raid is Required.","description_kind":"plain","optional":true},"raid_id":{"type":"string","description":"The Raid template id of Bare Metal.Conflict raid. If you don't set raid,raid_id is Required. If you want to use raid_id,you must in user white list.","description_kind":"plain","optional":true},"roce_network":{"type":"string","description":"The value of roce network that indicates acquiring whether an instance supplied roce network. Valid Options: `Open` and `Close`.","description_kind":"plain","optional":true},"security_agent":{"type":"string","description":"The security agent choice of the Bare Metal. Valid Values:'classic','no'. Default is 'no'.","description_kind":"plain","optional":true},"security_group_ids":{"type":["set","string"],"description":"The security_group_id set of the Bare Metal primary network interface.","description_kind":"plain","required":true},"server_ip":{"type":"string","description":"The pxe server ip of the Bare Metal.Only effective on modify and host type is COLO.","description_kind":"plain","optional":true},"subnet_id":{"type":"string","description":"The subnet id of the Bare Metal primary network interface.","description_kind":"plain","required":true},"system_file_type":{"type":"string","description":"The system disk file type of the Bare Metal.Valid Values:'EXT4','XFS'.Default is 'EXT4'.","description_kind":"plain","optional":true}},"block_types":{"timeouts":{"nesting_mode":"single","block":{"attributes":{"create":{"type":"string","description_kind":"plain","optional":true},"delete":{"type":"string","description_kind":"plain","optional":true},"update":{"type":"string","description_kind":"plain","optional":true}},"description_kind":"plain"}}},"description_kind":"plain"}},"ksyun_bws":{"version":0,"block":{"attributes":{"band_width":{"type":"number","description":"bandwidth value, value range: [1, 15000].","description_kind":"plain","required":true},"band_width_share_name":{"type":"string","description":"name of the BWS.","description_kind":"plain","optional":true,"computed":true},"charge_type":{"type":"string","description":"The charge type of the BWS.","description_kind":"plain","required":true},"id":{"type":"string","description_kind":"plain","optional":true,"computed":true},"line_id":{"type":"string","description":"The id of the line.","description_kind":"plain","required":true},"project_id":{"type":"string","description":"ID of the project.","description_kind":"plain","optional":true}},"description_kind":"plain"}},"ksyun_bws_associate":{"version":0,"block":{"attributes":{"allocation_id":{"type":"string","description":"ID of the EIP.","description_kind":"plain","required":true},"band_width":{"type":"number","description":"bandwidth value.","description_kind":"plain","computed":true},"band_width_share_id":{"type":"string","description":"ID of the BWS.","description_kind":"plain","required":true},"id":{"type":"string","description_kind":"plain","optional":true,"computed":true}},"description_kind":"plain"}},"ksyun_certificate":{"version":0,"block":{"attributes":{"certificate_id":{"type":"string","description":"ID of the certificate.","description_kind":"plain","computed":true},"certificate_name":{"type":"string","description":"name of the certificate.","description_kind":"plain","optional":true},"id":{"type":"string","description_kind":"plain","optional":true,"computed":true},"private_key":{"type":"string","description":"The Private key of the certificate.","description_kind":"plain","required":true},"public_key":{"type":"string","description":"The Public key of the certificate.","description_kind":"plain","required":true}},"description_kind":"plain"}},"ksyun_data_guard_group":{"version":0,"block":{"attributes":{"data_guard_capacity":{"type":"number","description":"The capacity of data guard group.","description_kind":"plain","computed":true},"data_guard_id":{"type":"string","description":"The id of data guard group.","description_kind":"plain","computed":true},"data_guard_level":{"type":"string","description":"The data guard group level, if the value is Host represent machine level, and the tol represent the domain of disaster tolerance.","description_kind":"plain","computed":true},"data_guard_name":{"type":"string","description":"The name of data guard group.","description_kind":"plain","required":true},"data_guard_type":{"type":"string","description":"The data guard group display type, Value options: [ host, domain ]. \u003cbr\u003e - Host: represent machine level \u003cbr\u003e - Domain: represent the domain of disaster tolerance \u003cbr\u003e Note: some account doesn't support domain data guard.","description_kind":"plain","optional":true},"data_guard_used_size":{"type":"number","description":"This data guard group includes the amount of instances.","description_kind":"plain","computed":true},"id":{"type":"string","description_kind":"plain","optional":true,"computed":true}},"description_kind":"plain"}},"ksyun_dnat":{"version":0,"block":{"attributes":{"description":{"type":"string","description":"the description of this dnat rule.","description_kind":"plain","optional":true},"dnat_id":{"type":"string","description":"The id of the Subnet. Notes: Because of there is one resource in the association, conflict with `network_interface_id`.","description_kind":"plain","computed":true},"dnat_name":{"type":"string","description":"the name of dnat rule.","description_kind":"plain","optional":true},"id":{"type":"string","description_kind":"plain","optional":true,"computed":true},"ip_protocol":{"type":"string","description":"the protocol of dnat port, Valid Options: `Any`, `TCP` and `UDP`. \u003cbr\u003e Notes: `public_port` and `private_port` must be set as `Any`, when `ip_protocol` is `Any`. Instead, you should set ports.","description_kind":"plain","required":true},"nat_id":{"type":"string","description":"The id of the Nat.","description_kind":"plain","required":true},"nat_ip":{"type":"string","description":"the nat ip of nat.","description_kind":"plain","required":true},"private_ip_address":{"type":"string","description":"the private ip of instance in the identical vpc.","description_kind":"plain","required":true},"private_port":{"type":"string","description":"the private port that be accessed in vpc.","description_kind":"plain","optional":true},"public_port":{"type":"string","description":"the public port of the internet.","description_kind":"plain","optional":true}},"description_kind":"plain"}},"ksyun_eip":{"version":0,"block":{"attributes":{"allocation_id":{"type":"string","description":"the ID of the EIP.","description_kind":"plain","computed":true},"band_width":{"type":"number","description":"The band width of the public address.","description_kind":"plain","required":true},"band_width_share_id":{"type":"string","description":"the ID of the BWS which the EIP associated.","description_kind":"plain","computed":true},"charge_type":{"type":"string","description":"The charge type of the Elastic IP address.Valid Values:'PrePaidByMonth','Monthly','PostPaidByPeak','Peak','PostPaidByDay','Daily','PostPaidByTransfer','TrafficMonthly','DailyPaidByTransfer','HourlySettlement','PostPaidByHour','HourlyInstantSettlement','PostpaidByTime'.","description_kind":"plain","required":true},"create_time":{"type":"string","description":"creation time of the EIP.","description_kind":"plain","computed":true},"id":{"type":"string","description_kind":"plain","optional":true,"computed":true},"instance_id":{"type":"string","description":"the ID of the EIP.","description_kind":"plain","computed":true},"instance_type":{"type":"string","description":"The instance type to bind with the EIP.","description_kind":"plain","computed":true},"internet_gateway_id":{"type":"string","description":"InternetGateway ID.","description_kind":"plain","computed":true},"is_band_width_share":{"type":"string","description":"BWS EIP.","description_kind":"plain","computed":true},"line_id":{"type":"string","description":"The id of the line.","description_kind":"plain","optional":true,"computed":true},"network_interface_id":{"type":"string","description":"NetworkInterface ID.","description_kind":"plain","computed":true},"project_id":{"type":"string","description":"The id of the project.","description_kind":"plain","optional":true},"public_ip":{"type":"string","description":"The Elastic IP address.","description_kind":"plain","computed":true},"purchase_time":{"type":"number","description":"Purchase time. If charge_type is Monthly or PrePaidByMonth, this is Required.","description_kind":"plain","optional":true},"state":{"type":"string","description":"state of the EIP.","description_kind":"plain","computed":true},"tags":{"type":["map","string"],"description":"the tags of the resource.","description_kind":"plain","optional":true}},"description_kind":"plain"}},"ksyun_eip_associate":{"version":0,"block":{"attributes":{"allocation_id":{"type":"string","description":"The ID of EIP.","description_kind":"plain","required":true},"band_width":{"type":"number","description":"The band width of the public address.","description_kind":"plain","computed":true},"band_width_share_id":{"type":"string","description":"the ID of the BWS which the EIP associated.","description_kind":"plain","computed":true},"create_time":{"type":"string","description":"creation time of the EIP.","description_kind":"plain","computed":true},"id":{"type":"string","description_kind":"plain","optional":true,"computed":true},"instance_id":{"type":"string","description":"The id of the instance.","description_kind":"plain","required":true},"instance_type":{"type":"string","description":"The type of the instance.Valid Values:'Ipfwd', 'Slb'.","description_kind":"plain","required":true},"internet_gateway_id":{"type":"string","description":"InternetGateway ID.","description_kind":"plain","computed":true},"ip_version":{"type":"string","description":"IP version of the EIP.","description_kind":"plain","computed":true},"is_band_width_share":{"type":"string","description":"BWS EIP.","description_kind":"plain","computed":true},"line_id":{"type":"string","description":"The id of the line.","description_kind":"plain","computed":true},"network_interface_id":{"type":"string","description":"The id of the network interface.","description_kind":"plain","optional":true,"computed":true},"project_id":{"type":"string","description":"The id of the project.","description_kind":"plain","computed":true},"public_ip":{"type":"string","description":"The Elastic IP address.","description_kind":"plain","computed":true},"state":{"type":"string","description":"state of the EIP.","description_kind":"plain","computed":true}},"description_kind":"plain"}},"ksyun_healthcheck":{"version":0,"block":{"attributes":{"health_check_id":{"type":"string","description":"ID of the health check.","description_kind":"plain","computed":true},"health_check_state":{"type":"string","description":"Status maintained by health examination.Valid Values:'start', 'stop'.","description_kind":"plain","optional":true},"healthy_threshold":{"type":"number","description":"Health threshold.Valid Values:1-10. Default is 5.","description_kind":"plain","optional":true},"host_name":{"type":"string","description":"The service host name of the health check, which is available only for the HTTP or HTTPS health check.","description_kind":"plain","optional":true,"computed":true},"id":{"type":"string","description_kind":"plain","optional":true,"computed":true},"interval":{"type":"number","description":"Interval of health examination.Valid Values:1-3600. Default is 5.","description_kind":"plain","optional":true},"is_default_host_name":{"type":"bool","description":"Whether the host name is default or not.","description_kind":"plain","optional":true},"listener_id":{"type":"string","description":"The id of the listener.","description_kind":"plain","required":true},"listener_protocol":{"type":"string","description":"protocol of the listener.","description_kind":"plain","computed":true},"timeout":{"type":"number","description":"Health check timeout.Valid Values:1-3600. Default is 4.","description_kind":"plain","optional":true},"unhealthy_threshold":{"type":"number","description":"Unhealthy threshold.Valid Values:1-10. Default is 4.","description_kind":"plain","optional":true},"url_path":{"type":"string","description":"Link to HTTP type listener health check.","description_kind":"plain","optional":true}},"description_kind":"plain"}},"ksyun_instance":{"version":0,"block":{"attributes":{"auto_create_ebs":{"type":"bool","description":"Whether to create EBS volumes from snapshots in the custom image, default is false.","description_kind":"plain","optional":true},"charge_type":{"type":"string","description":"charge type of the instance.","description_kind":"plain","required":true},"data_disk_gb":{"type":"number","description":"The size of the local SSD disk.","description_kind":"plain","optional":true,"computed":true},"data_guard_id":{"type":"string","description":"Add instance being created to a disaster tolerance group. It will be quit the disaster tolerance group, if this field change to null.","description_kind":"plain","optional":true},"dns1":{"type":"string","description":"DNS1 of the primary network interface.","description_kind":"plain","optional":true,"computed":true},"dns2":{"type":"string","description":"DNS2 of the primary network interface.","description_kind":"plain","optional":true,"computed":true},"extension_network_interface":{"type":["set",["object",{"network_interface_id":"string"}]],"description":"extension network interface information.","description_kind":"plain","computed":true},"force_delete":{"type":"bool","description":"Indicate whether to delete instance directly or not.","description_kind":"plain","optional":true},"force_reinstall_system":{"type":"bool","description":"Indicate whether to reinstall system.","description_kind":"plain","optional":true},"has_modify_keys":{"type":"bool","description":"whether the certificate key has modified.","description_kind":"plain","computed":true},"has_modify_password":{"type":"bool","description":"whether the password has modified.","description_kind":"plain","computed":true},"has_modify_system_disk":{"type":"bool","description":"whether the system disk has modified.","description_kind":"plain","computed":true},"host_name":{"type":"string","description":"The hostname of the instance. only effective when image support cloud-init.","description_kind":"plain","optional":true,"computed":true},"iam_role_name":{"type":"string","description":"name of iam role.","description_kind":"plain","optional":true},"id":{"type":"string","description_kind":"plain","optional":true,"computed":true},"image_id":{"type":"string","description":"The ID for the image to use for the instance.","description_kind":"plain","required":true},"instance_id":{"type":"string","description":"ID of the instance.","description_kind":"plain","computed":true},"instance_name":{"type":"string","description":"The name of instance, which contains 2-64 characters and only support Chinese, English, numbers.","description_kind":"plain","optional":true,"computed":true},"instance_password":{"type":"string","description":"Password to an instance is a string of 8 to 32 characters.","description_kind":"plain","optional":true,"computed":true,"sensitive":true},"instance_status":{"type":"string","description":"The state of instance.","description_kind":"plain","optional":true,"computed":true},"instance_type":{"type":"string","description":"The type of instance to start. \u003cbr\u003e - NOTE: it's may trigger this instance to power off, if instance type will be demotion.","description_kind":"plain","optional":true,"computed":true},"keep_image_login":{"type":"bool","description":"Keep the initial settings of the custom image.","description_kind":"plain","optional":true},"key_id":{"type":["set","string"],"description":"The certificate id of the instance.","description_kind":"plain","optional":true},"local_volume_snapshot_id":{"type":"string","description":"When the local data disk opens, the snapshot id is entered.","description_kind":"plain","optional":true,"computed":true},"network_interface_id":{"type":"string","description":"ID of the network interface.","description_kind":"plain","computed":true},"private_ip_address":{"type":"string","description":"Instance private IP address can be specified when you creating new instance.","description_kind":"plain","optional":true,"computed":true},"project_id":{"type":"number","description":"The project instance belongs to.","description_kind":"plain","optional":true,"computed":true},"purchase_time":{"type":"number","description":"The duration that you will buy the resource.","description_kind":"plain","optional":true},"security_group_id":{"type":["set","string"],"description":"Security Group to associate with.","description_kind":"plain","required":true},"sriov_net_support":{"type":"string","description":"whether support networking enhancement.","description_kind":"plain","optional":true,"computed":true},"subnet_id":{"type":"string","description":"The ID of subnet. the instance will use the subnet in the current region.","description_kind":"plain","required":true},"tags":{"type":["map","string"],"description":"the tags of the resource.","description_kind":"plain","optional":true},"user_data":{"type":"string","description":"The user data to be specified into this instance. Must be encrypted in base64 format and limited in 16 KB. only effective when image support cloud-init.","description_kind":"plain","optional":true}},"block_types":{"data_disks":{"nesting_mode":"list","block":{"attributes":{"delete_with_instance":{"type":"bool","description":"Delete this data disk when the instance is destroyed. It only works on EBS disk.","description_kind":"plain","optional":true},"disk_id":{"type":"string","description":"ID of the disk.","description_kind":"plain","computed":true},"disk_size":{"type":"number","description":"Data disk size. value range: [10, 16000].","description_kind":"plain","optional":true,"computed":true},"disk_snapshot_id":{"type":"string","description":"When the cloud disk opens, the snapshot id is entered.","description_kind":"plain","optional":true},"disk_type":{"type":"string","description":"Data disk type.","description_kind":"plain","optional":true,"computed":true}},"description_kind":"plain"},"max_items":8},"system_disk":{"nesting_mode":"list","block":{"attributes":{"disk_size":{"type":"number","description":"The size of the data disk. value range: [20, 500].","description_kind":"plain","optional":true,"computed":true},"disk_type":{"type":"string","description":"System disk type. `Local_SSD`, Local SSD disk. `SSD3.0`, The SSD cloud disk. `EHDD`, The EHDD cloud disk, `ESSD_SYSTEM_PL0`, The x7 machine type ESSD disk, `ESSD_SYSTEM_PL1`, The x7 machine type ESSD disk, `ESSD_SYSTEM_PL2`, The x7 machine type ESSD disk.","description_kind":"plain","optional":true,"computed":true}},"description_kind":"plain"},"max_items":1},"timeouts":{"nesting_mode":"single","block":{"attributes":{"create":{"type":"string","description_kind":"plain","optional":true},"delete":{"type":"string","description_kind":"plain","optional":true},"update":{"type":"string","description_kind":"plain","optional":true}},"description_kind":"plain"}}},"description_kind":"plain"}},"ksyun_kce_cluster":{"version":0,"block":{"attributes":{"cluster_desc":{"type":"string","description":"The description of the cluster.","description_kind":"plain","optional":true},"cluster_id":{"type":"string","description":"The ID of the cluster.","description_kind":"plain","computed":true},"cluster_manage_mode":{"type":"string","description":"The management mode of the master node.","description_kind":"plain","optional":true},"cluster_name":{"type":"string","description":"The name of the cluster.","description_kind":"plain","required":true},"id":{"type":"string","description_kind":"plain","optional":true,"computed":true},"k8s_version":{"type":"string","description":"kubernetes version, valid values:\"v1.17.6\", \"v1.19.3\", \"v1.21.3\".","description_kind":"plain","required":true},"master_config":{"type":["list",["object",{"auto_create_ebs":"bool","charge_type":"string","count":"number","data_disk_gb":"number","data_disks":["list",["object",{"delete_with_instance":"bool","disk_id":"string","disk_size":"number","disk_snapshot_id":"string","disk_type":"string"}]],"data_guard_id":"string","dns1":"string","dns2":"string","extension_network_interface":["set",["object",{"network_interface_id":"string"}]],"force_delete":"bool","force_reinstall_system":"bool","has_modify_keys":"bool","has_modify_password":"bool","has_modify_system_disk":"bool","host_name":"string","iam_role_name":"string","image_id":"string","instance_id":"string","instance_name":"string","instance_password":"string","instance_status":"string","instance_type":"string","keep_image_login":"bool","key_id":["set","string"],"local_volume_snapshot_id":"string","network_interface_id":"string","private_ip_address":"string","project_id":"number","purchase_time":"number","role":"string","security_group_id":["set","string"],"sriov_net_support":"string","subnet_id":"string","system_disk":["list",["object",{"disk_size":"number","disk_type":"string"}]],"tags":["map","string"],"user_data":"string"}]],"description":"The configuration for the master nodes.","description_kind":"plain","computed":true},"master_etcd_separate":{"type":"bool","description":"The deployment method for the Master and Etcd components of the cluster. if set to True, Deploy the Master and Etcd components on dedicated nodes. if set to false, Deploy the Master and Etcd components on shared nodes.","description_kind":"plain","optional":true,"computed":true},"max_pod_per_node":{"type":"number","description":"The maximum number of pods that can be run on each node. valid values: 16, 32, 64, 128, 256.","description_kind":"plain","optional":true,"computed":true},"network_type":{"type":"string","description":"The network type of the cluster. valid values: 'Flannel', 'Canal'.","description_kind":"plain","required":true},"pod_cidr":{"type":"string","description":"The pod CIDR block.","description_kind":"plain","required":true},"public_api_server":{"type":"string","description":"Whether to expose the apiserver to the public network. If not needed, do not fill in this option. If selected, a public SLB and EIP will be created to enable public access to the cluster's API server. Users need to pass the Elastic IP creation pass-through parameter, which should be a JSON-formatted string.","description_kind":"plain","optional":true,"computed":true},"reserve_subnet_id":{"type":"string","description":"The ID of the reserve subnet.","description_kind":"plain","required":true},"service_cidr":{"type":"string","description":"The service CIDR block.","description_kind":"plain","required":true},"vpc_id":{"type":"string","description":"The ID of the VPC.","description_kind":"plain","required":true}},"description_kind":"plain"}},"ksyun_kce_worker":{"version":0,"block":{"attributes":{"cluster_id":{"type":"string","description":"The ID of the kce cluster.","description_kind":"plain","required":true},"container_log_max_files":{"type":"number","description":"Specify custom data to configure a node, namely, specify the script to run after you deploy the node. You must ensure the reentrancy and retry logic of the script. You can view the script and its log files in the /usr/local/ksyun/kce/userscript directory of the node.","description_kind":"plain","optional":true},"container_log_max_size":{"type":"number","description":"The maximum size of a container log file. When the size of a container log file reaches this limit, a new container log file is generated for data writing. The default value is 100 MB.","description_kind":"plain","optional":true},"container_path":{"type":"string","description":"The storage path of the container. If not specified, the default is /data/container. Note: when this parameter is passed, the DockerPath parameter is invalid.","description_kind":"plain","optional":true},"container_runtime":{"type":"string","description":"container runtime instruction.","description_kind":"plain","optional":true},"docker_path":{"type":"string","description":"The storage path of the container. If not specified, the default is /data/docker.","description_kind":"plain","optional":true},"extra_arg":{"type":["list","string"],"description":"Custom parameters for k8s components on the node.","description_kind":"plain","optional":true},"id":{"type":"string","description_kind":"plain","optional":true,"computed":true},"image_id":{"type":"string","description":"The ID of the image which support KCE.","description_kind":"plain","required":true},"instance_id":{"type":"string","description":"The ID of the kec instance. The instance will be shut down while being added to the kce cluster.","description_kind":"plain","required":true},"instance_password":{"type":"string","description":"The password of the instance.","description_kind":"plain","optional":true,"computed":true,"sensitive":true},"pre_user_script":{"type":"string","description":"The user script in base64 encoding. This script will be executed on the node before the k8s component runs. Users need to ensure the re-entry and retry logic of the script. The script and the generated log file can be found in the /usr/local/ksyun/kce/pre_userscript directory.","description_kind":"plain","optional":true},"schedulable":{"type":"bool","description":"Whether the node can be normally scheduled after being added to the cluster. The default is true.","description_kind":"plain","optional":true},"user_script":{"type":"string","description":"The user script in base64 encoding. This script will be executed on the node after the k8s component runs. Users need to ensure the re-entry and retry logic of the script. The script and the generated log file can be found in the /usr/local/ksyun/kce/userscript directory.","description_kind":"plain","optional":true}},"block_types":{"data_disk":{"nesting_mode":"set","block":{"attributes":{"auto_format_and_mount":{"type":"bool","description":"Whether to format and mount the data disk, with the default value of true. If set to false, the FileSystem and MountTarget fields will not take effect.","description_kind":"plain","optional":true},"file_system":{"type":"string","description":"The file system of the data disk, with optional values of ext3, ext4, and xfs. The default value is ext4. If the disk already has a file system, no processing will be performed. If there is no file system, it will be formatted according to the user's definition, only taking effect on the first disk.","description_kind":"plain","optional":true},"mount_target":{"type":"string","description":"The mounting point of the data disk, which will be mounted and only take effect on the first disk.","description_kind":"plain","optional":true}},"description_kind":"plain"}}},"description_kind":"plain"}},"ksyun_kec_network_interface":{"version":0,"block":{"attributes":{"id":{"type":"string","description_kind":"plain","optional":true,"computed":true},"instance_id":{"type":"string","description":"The instance id to bind with the network interface.","description_kind":"plain","computed":true},"network_interface_name":{"type":"string","description":"The name of the network interface.","description_kind":"plain","optional":true,"computed":true},"private_ip_address":{"type":"string","description":"Private IP.","description_kind":"plain","optional":true,"computed":true},"secondary_private_ip_address_count":{"type":"number","description":"The count of secondary private id address automatically assigned. \u003cbr\u003e Notes:  `secondary_private_ip_address_count` conflict with `secondary_private_ips`.","description_kind":"plain","optional":true},"security_group_ids":{"type":["set","string"],"description":"A list of security group IDs.","description_kind":"plain","required":true},"subnet_id":{"type":"string","description":"The ID of the subnet which the network interface belongs to.","description_kind":"plain","required":true}},"block_types":{"secondary_private_ips":{"nesting_mode":"set","block":{"attributes":{"ip":{"type":"string","description":"Secondary Private IP.","description_kind":"plain","required":true}},"description_kind":"plain"}}},"description_kind":"plain"}},"ksyun_kec_network_interface_attachment":{"version":0,"block":{"attributes":{"id":{"type":"string","description_kind":"plain","optional":true,"computed":true},"instance_id":{"type":"string","description":"The ID of the instance.","description_kind":"plain","required":true},"network_interface_id":{"type":"string","description":"The ID of the network interface.","description_kind":"plain","required":true},"network_interface_type":{"type":"string","description":"The type of the network interface.","description_kind":"plain","computed":true}},"description_kind":"plain"}},"ksyun_knad":{"version":0,"block":{"attributes":{"band":{"type":"number","description":"the band of the Knad.","description_kind":"plain","required":true},"bill_type":{"type":"number","description":"the bill type of the Knad. Valid Values: 1:(PrePaidByMonth),5:(DailyPaidByTransfer).","description_kind":"plain","required":true},"duration":{"type":"number","description":"Purchase time.If bill_type is 1,this is Required.","description_kind":"plain","optional":true},"id":{"type":"string","description_kind":"plain","optional":true,"computed":true},"idc_band":{"type":"number","description":"the idcband of the Knad.","description_kind":"plain","required":true},"ip_count":{"type":"number","description":"the max ip count that can bind to the Knad,value range: [10, 100].","description_kind":"plain","required":true},"knad_id":{"type":"string","description":"the ID of the Knad.","description_kind":"plain","computed":true},"knad_name":{"type":"string","description":"the name of the Knad.","description_kind":"plain","optional":true},"link_type":{"type":"string","description":"the link type of the Knad. Valid Values: 'DDoS_BGP'.","description_kind":"plain","optional":true},"max_band":{"type":"number","description":"the max band of the Knad.","description_kind":"plain","required":true},"project_id":{"type":"string","description":"The id of the project.","description_kind":"plain","optional":true},"service_id":{"type":"string","description":"The service id of the Knad.Valid Values:'KNAD_30G','KNAD_100G','KNAD_300G','KNAD_1000G',''KNAD_2000G''.","description_kind":"plain","required":true}},"description_kind":"plain"}},"ksyun_knad_associate":{"version":0,"block":{"attributes":{"id":{"type":"string","description_kind":"plain","optional":true,"computed":true},"ip":{"type":["set","string"],"description":"the binding ips.","description_kind":"plain","optional":true},"knad_id":{"type":"string","description":"the ID of the Knad.","description_kind":"plain","optional":true}},"description_kind":"plain"}},"ksyun_krds":{"version":0,"block":{"attributes":{"availability_zone_1":{"type":"string","description":"zone 1.","description_kind":"plain","optional":true,"computed":true},"availability_zone_2":{"type":"string","description":"zone 2.","description_kind":"plain","optional":true,"computed":true},"bill_type":{"type":"string","description":"bill type, valid values: DAY, YEAR_MONTH, HourlyInstantSettlement. Default is DAY.","description_kind":"plain","optional":true},"db_instance_class":{"type":"string","description":"this value regex db.ram.d{1,9}|db.disk.d{1,9}, db.ram is rds random access memory size, db.disk is disk size.","description_kind":"plain","required":true},"db_instance_identifier":{"type":"string","description":"instance ID.","description_kind":"plain","computed":true},"db_instance_name":{"type":"string","description":"instance name.","description_kind":"plain","required":true},"db_instance_type":{"type":"string","description":"instance type, valid values: HRDS, TRDS, ERDS, SINGLERDS.","description_kind":"plain","required":true},"db_parameter_group_id":{"type":"string","description":"ID of the parameter group.","description_kind":"plain","computed":true},"db_parameter_template_id":{"type":"string","description":"the id of parameter template that for the krds being created.","description_kind":"plain","optional":true},"duration":{"type":"number","description":"purchase duration in months.","description_kind":"plain","optional":true,"computed":true},"eip":{"type":"string","description":"EIP address.","description_kind":"plain","computed":true},"eip_port":{"type":"number","description":"EIP port.","description_kind":"plain","computed":true},"engine":{"type":"string","description":"engine is db type, only support mysql|percona.","description_kind":"plain","required":true},"engine_version":{"type":"string","description":"db engine version only support 5.5|5.6|5.7|8.0.","description_kind":"plain","required":true},"force_restart":{"type":"bool","description":"Set it to true to make some parameter efficient when modifying them. Default to false.","description_kind":"plain","optional":true},"id":{"type":"string","description_kind":"plain","optional":true,"computed":true},"instance_create_time":{"type":"string","description":"instance create time.","description_kind":"plain","computed":true},"instance_has_eip":{"type":"bool","description":"attach eip for instance.","description_kind":"plain","optional":true},"master_user_name":{"type":"string","description":"database primary account name.","description_kind":"plain","required":true},"master_user_password":{"type":"string","description":"master account password.","description_kind":"plain","required":true,"sensitive":true},"port":{"type":"number","description":"port number.","description_kind":"plain","optional":true,"computed":true},"preferred_backup_time":{"type":"string","description":"backup time.","description_kind":"plain","optional":true,"computed":true},"project_id":{"type":"number","description":"project ID.","description_kind":"plain","optional":true,"computed":true},"region":{"type":"string","description":"region code.","description_kind":"plain","computed":true},"security_group_id":{"type":"string","description":"proprietary security group id for krds.","description_kind":"plain","optional":true,"computed":true},"subnet_id":{"type":"string","description":"ID of the subnet.","description_kind":"plain","required":true},"vip":{"type":"string","description":"virtual IP.","description_kind":"plain","optional":true,"computed":true},"vpc_id":{"type":"string","description":"ID of th VPC.","description_kind":"plain","required":true}},"block_types":{"parameters":{"nesting_mode":"set","block":{"attributes":{"name":{"type":"string","description":"name of the parameter.","description_kind":"plain","required":true},"value":{"type":"string","description":"value of the parameter.","description_kind":"plain","required":true}},"description_kind":"plain"}},"timeouts":{"nesting_mode":"single","block":{"attributes":{"create":{"type":"string","description_kind":"plain","optional":true},"delete":{"type":"string","description_kind":"plain","optional":true},"update":{"type":"string","description_kind":"plain","optional":true}},"description_kind":"plain"}}},"description_kind":"plain"}},"ksyun_krds_parameter_group":{"version":0,"block":{"attributes":{"db_parameter_group_id":{"type":"string","description":"The id of krds parameter group.","description_kind":"plain","computed":true},"description":{"type":"string","description":"The description of this db parameter group.","description_kind":"plain","optional":true},"engine":{"type":"string","description":"krds database type. Value options: mysql|percona|consistent_mysql|ebs_mysql.","description_kind":"plain","required":true},"engine_version":{"type":"string","description":"krds database version. Value options:\u003cbr\u003e - Mysql: [ 5.5, 5.6, 5.7, 8.0 ] \u003cbr\u003e - Percona: [ 5.6 ] \u003cbr\u003e - Consistent_mysql: [ 5.7 ] \u003cbr\u003e - Ebs_mysql: [ 5.6, 5.7 ].","description_kind":"plain","required":true},"id":{"type":"string","description_kind":"plain","optional":true,"computed":true},"name":{"type":"string","description":"the name of krds parameter group.","description_kind":"plain","required":true},"resource_name":{"type":"string","description":"identify this resource.","description_kind":"plain","computed":true}},"block_types":{"parameters":{"nesting_mode":"set","block":{"attributes":{"name":{"type":"string","description":"name of the parameter.","description_kind":"plain","required":true},"value":{"type":"string","description":"value of the parameter.","description_kind":"plain","required":true}},"description_kind":"plain"}}},"description_kind":"plain"}},"ksyun_krds_rr":{"version":0,"block":{"attributes":{"availability_zone_1":{"type":"string","description":"zone 1.","description_kind":"plain","optional":true,"computed":true},"bill_type":{"type":"string","description":"bill type, valid values: DAY, YEAR_MONTH, HourlyInstantSettlement. Default is DAY.","description_kind":"plain","optional":true},"db_instance_class":{"type":"string","description":"this value regex db.ram.d{1,3}|db.disk.d{1,5}, db.ram is rds random access memory size, db.disk is disk size.","description_kind":"plain","required":true},"db_instance_identifier":{"type":"string","description":"passes in the instance ID of the RDS highly available instance. A RDS highly available instance can have at most three read-only instances.","description_kind":"plain","required":true},"db_instance_name":{"type":"string","description":"instance name.","description_kind":"plain","required":true},"db_instance_type":{"type":"string","description":"instance type, valid values: HRDS, TRDS, ERDS, SINGLERDS.","description_kind":"plain","computed":true},"db_parameter_group_id":{"type":"string","description":"ID of the parameter group.","description_kind":"plain","computed":true},"duration":{"type":"number","description":"purchase duration in months.","description_kind":"plain","optional":true,"computed":true},"eip":{"type":"string","description":"EIP address.","description_kind":"plain","computed":true},"eip_port":{"type":"number","description":"EIP port.","description_kind":"plain","computed":true},"engine":{"type":"string","description":"engine is db type, only support mysql|percona.","description_kind":"plain","computed":true},"engine_version":{"type":"string","description":"db engine version only support 5.5|5.6|5.7|8.0.","description_kind":"plain","computed":true},"force_restart":{"type":"bool","description":"Set it to true to make some parameter efficient when modifying them. Default to false.","description_kind":"plain","optional":true},"id":{"type":"string","description_kind":"plain","optional":true,"computed":true},"instance_create_time":{"type":"string","description":"instance create time.","description_kind":"plain","computed":true},"instance_has_eip":{"type":"bool","description":"attach eip for instance.","description_kind":"plain","optional":true},"port":{"type":"number","description":"port number.","description_kind":"plain","optional":true,"computed":true},"project_id":{"type":"number","description":"project ID.","description_kind":"plain","optional":true,"computed":true},"region":{"type":"string","description":"region code.","description_kind":"plain","computed":true},"security_group_id":{"type":"string","description":"proprietary security group id for krds.","description_kind":"plain","optional":true,"computed":true},"vip":{"type":"string","description":"virtual IP.","description_kind":"plain","optional":true,"computed":true}},"block_types":{"parameters":{"nesting_mode":"set","block":{"attributes":{"name":{"type":"string","description":"name of the parameter.","description_kind":"plain","required":true},"value":{"type":"string","description":"value of the parameter.","description_kind":"plain","required":true}},"description_kind":"plain"}},"timeouts":{"nesting_mode":"single","block":{"attributes":{"create":{"type":"string","description_kind":"plain","optional":true},"delete":{"type":"string","description_kind":"plain","optional":true},"update":{"type":"string","description_kind":"plain","optional":true}},"description_kind":"plain"}}},"description_kind":"plain"}},"ksyun_krds_security_group":{"version":0,"block":{"attributes":{"created":{"type":"string","description":"the creation time of the resource.","description_kind":"plain","computed":true},"id":{"type":"string","description_kind":"plain","optional":true,"computed":true},"security_group_description":{"type":"string","description":"description of security group.","description_kind":"plain","optional":true},"security_group_id":{"type":"string","description":"Security group ID.","description_kind":"plain","computed":true},"security_group_name":{"type":"string","description":"the name of the security group.","description_kind":"plain","optional":true}},"block_types":{"security_group_rule":{"nesting_mode":"set","block":{"attributes":{"created":{"type":"string","description":"the creation time of the rule.","description_kind":"plain","computed":true},"security_group_rule_id":{"type":"string","description":"the id of the security group rule.","description_kind":"plain","computed":true},"security_group_rule_name":{"type":"string","description":"the name of the rule.","description_kind":"plain","optional":true,"computed":true},"security_group_rule_protocol":{"type":"string","description":"the protocol of the rule.","description_kind":"plain","required":true}},"description_kind":"plain"}},"timeouts":{"nesting_mode":"single","block":{"attributes":{"create":{"type":"string","description_kind":"plain","optional":true},"delete":{"type":"string","description_kind":"plain","optional":true},"update":{"type":"string","description_kind":"plain","optional":true}},"description_kind":"plain"}}},"description_kind":"plain"}},"ksyun_krds_security_group_rule":{"version":0,"block":{"attributes":{"created":{"type":"string","description":"the creation time.","description_kind":"plain","computed":true},"id":{"type":"string","description_kind":"plain","optional":true,"computed":true},"security_group_id":{"type":"string","description":"security group id.","description_kind":"plain","required":true},"security_group_rule_id":{"type":"string","description":"security group rule id.","description_kind":"plain","computed":true},"security_group_rule_name":{"type":"string","description":"security group rule name.","description_kind":"plain","optional":true,"computed":true},"security_group_rule_protocol":{"type":"string","description":"security group rule protocol.","description_kind":"plain","required":true}},"description_kind":"plain"}},"ksyun_ks3_bucket":{"version":0,"block":{"attributes":{"acl":{"type":"string","description":"The canned ACL to apply. Defaults to private. Valid values are private, public-read, and public-read-write.","description_kind":"plain","optional":true},"bucket":{"type":"string","description":"The name of the bucket. If omitted, Terraform will assign a random, unique name.","description_kind":"plain","optional":true},"id":{"type":"string","description_kind":"plain","optional":true,"computed":true},"storage_class":{"type":"string","description":"The class of storage used to store the object.","description_kind":"plain","optional":true}},"block_types":{"cors_rule":{"nesting_mode":"list","block":{"attributes":{"allowed_headers":{"type":["list","string"],"description":"The HTTP header that users are allowed to access through cross domain resource sharing. Each CORSRule must define at least one source address and one method. For example, Authorization. Additionally, you can use \"*\" to represent all headers.","description_kind":"plain","optional":true},"allowed_methods":{"type":["list","string"],"description":"The HTTP method that users are allowed to access through cross domain resource sharing. Each CORSRule must define at least one source address and one method. For example, GET, PUT, POST, DELETE, HEAD, OPTIONS.","description_kind":"plain","required":true},"allowed_origins":{"type":["list","string"],"description":"The source address that users are allowed to access through cross domain resource sharing, which can contain up to one \"*\" wildcard character. Each CORSRule must define at least one source address and one method. For example, http://*. example. com. Additionally, you can use \"*\" to represent all sources.","description_kind":"plain","required":true},"expose_headers":{"type":["list","string"],"description":"Identify response headers that allow customers to access from applications, such as JavaScript XMLHttpRequest data element.","description_kind":"plain","optional":true},"max_age_seconds":{"type":"number","description":"The maximum time in seconds that the browser can cache the preflight response.","description_kind":"plain","optional":true}},"description_kind":"plain"},"max_items":10},"lifecycle_rule":{"nesting_mode":"list","block":{"attributes":{"enabled":{"type":"bool","description":"If 'Enabled', the rule is currently being applied. If 'Disabled', the rule is not currently being applied.","description_kind":"plain","required":true},"id":{"type":"string","description":"Unique identifier for the rule. The value cannot be longer than 255 characters.","description_kind":"plain","optional":true,"computed":true},"prefix":{"type":"string","description":"Prefix identifying one or more objects to which the rule applies. The rule applies only to objects with key names beginning with the specified prefix. If you specify multiple rules in a lifecycle configuration, the rule with the longest prefix is used to determine which rule applies to a given object. If you specify a prefix for the rule, you cannot specify a tag for the rule.","description_kind":"plain","optional":true}},"block_types":{"expiration":{"nesting_mode":"set","block":{"attributes":{"date":{"type":"string","description":"Indicates at what date the object is to be moved or deleted.example:2016-01-02.","description_kind":"plain","optional":true},"days":{"type":"number","description":"Indicates the lifetime, in days, of the objects that are subject to the rule. The value must be a non-zero positive integer.","description_kind":"plain","optional":true}},"description_kind":"plain"},"max_items":1},"filter":{"nesting_mode":"set","block":{"attributes":{"prefix":{"type":"string","description":"Prefix identifying one or more objects to which the rule applies. The rule applies only to objects with key names beginning with the specified prefix. If you specify multiple rules in a lifecycle configuration, the rule with the longest prefix is used to determine which rule applies to a given object. If you specify a prefix for the rule, you cannot specify a tag for the rule.","description_kind":"plain","optional":true}},"block_types":{"tag":{"nesting_mode":"list","block":{"attributes":{"key":{"type":"string","description":"The key of the tag.","description_kind":"plain","required":true},"value":{"type":"string","description":"The value of the tag.","description_kind":"plain","required":true}},"description_kind":"plain"}}},"description_kind":"plain"},"max_items":1},"transitions":{"nesting_mode":"set","block":{"attributes":{"date":{"type":"string","description":"Indicates at what date the object is to be moved or deleted.example:2016-01-02.","description_kind":"plain","optional":true},"days":{"type":"string","description":"Indicates the lifetime, in days, of the objects that are subject to the rule. The value must be a non-zero positive integer.","description_kind":"plain","optional":true},"storage_class":{"type":"string","description":"The class of storage used to store the object.","description_kind":"plain","optional":true}},"description_kind":"plain"}}},"description_kind":"plain"},"max_items":10},"logging":{"nesting_mode":"list","block":{"attributes":{"target_bucket":{"type":"string","description":"The name of the bucket where you want KS3 to store server access logs. You can have your logs delivered to any bucket that you own, including the same bucket that is being logged. You can also configure multiple buckets to deliver their logs to the same target bucket. In this case, you should assign each bucket a unique prefix.","description_kind":"plain","required":true},"target_prefix":{"type":"string","description":"A prefix for all log object keys. If you store log files from multiple buckets in a single bucket, you can use a prefix to distinguish which log files came from which bucket.","description_kind":"plain","optional":true}},"description_kind":"plain"},"max_items":1}},"description_kind":"plain"}},"ksyun_lb":{"version":0,"block":{"attributes":{"access_logs_enabled":{"type":"bool","description":"Default is `false`, Setting the value to `true` to enable the service.","description_kind":"plain","optional":true,"computed":true},"access_logs_s3_bucket":{"type":"string","description":"Bucket for storing access logs.","description_kind":"plain","optional":true,"computed":true},"create_time":{"type":"string","description":"The time of creation for load balancer.","description_kind":"plain","computed":true},"id":{"type":"string","description_kind":"plain","optional":true,"computed":true},"ip_version":{"type":"string","description":"IP version, valid values: 'all', 'ipv4', 'ipv6'.","description_kind":"plain","optional":true},"is_waf":{"type":"bool","description":"whether it is a waf LB or not.","description_kind":"plain","computed":true},"load_balancer_id":{"type":"string","description":"ID of the LB.","description_kind":"plain","computed":true},"load_balancer_name":{"type":"string","description":"The name of the load balancer.","description_kind":"plain","optional":true,"computed":true},"load_balancer_state":{"type":"string","description":"The Load Balancers state.Valid Values:'start', 'stop'.","description_kind":"plain","optional":true},"private_ip_address":{"type":"string","description":"The internal Load Balancers can set an private ip address in Reserve Subnet.","description_kind":"plain","optional":true,"computed":true},"project_id":{"type":"number","description":"ID of the project.","description_kind":"plain","optional":true,"computed":true},"public_ip":{"type":"string","description":"The IP address of Public IP. It is `\"\"` if `internal` is `true`.","description_kind":"plain","computed":true},"state":{"type":"string","description":"associate or disassociate.","description_kind":"plain","computed":true},"subnet_id":{"type":"string","description":"The id of the subnet.only Internal type is Required.","description_kind":"plain","optional":true,"computed":true},"tags":{"type":["map","string"],"description":"the tags of the resource.","description_kind":"plain","optional":true},"type":{"type":"string","description":"The type of load balancer.Valid Values:'public', 'internal'.","description_kind":"plain","optional":true},"vpc_id":{"type":"string","description":"The ID of the VPC linked to the Load Balancers.","description_kind":"plain","required":true}},"description_kind":"plain"}},"ksyun_lb_acl":{"version":0,"block":{"attributes":{"create_time":{"type":"string","description":"creation time of the load balancer acl.","description_kind":"plain","computed":true},"id":{"type":"string","description_kind":"plain","optional":true,"computed":true},"ip_version":{"type":"string","description":"IP version of the load balancer acl. valid values:'ipv4', 'ipv6'. default is 'ipv4'.","description_kind":"plain","optional":true},"load_balancer_acl_id":{"type":"string","description":"ID of the load balancer acl.","description_kind":"plain","computed":true},"load_balancer_acl_name":{"type":"string","description":"The name of the load balancer acl.","description_kind":"plain","optional":true}},"block_types":{"load_balancer_acl_entry_set":{"nesting_mode":"set","block":{"attributes":{"cidr_block":{"type":"string","description":"The information of the load balancer Acl's cidr block.","description_kind":"plain","required":true},"load_balancer_acl_entry_id":{"type":"string","description":"ID of the LB ACL entry.","description_kind":"plain","computed":true},"protocol":{"type":"string","description":"protocol.Valid Values:'ip'.","description_kind":"plain","optional":true},"rule_action":{"type":"string","description":"The action of load balancer Acl rule. Valid Values:'allow', 'deny'. Default is 'allow'.","description_kind":"plain","optional":true},"rule_number":{"type":"number","description":"The information of the load balancer Acl's rule priority. value range:[1-32766].","description_kind":"plain","optional":true}},"description_kind":"plain"}}},"description_kind":"plain"}},"ksyun_lb_acl_entry":{"version":0,"block":{"attributes":{"cidr_block":{"type":"string","description":"The information of the load balancer Acl's cidr block.","description_kind":"plain","required":true},"id":{"type":"string","description_kind":"plain","optional":true,"computed":true},"load_balancer_acl_entry_id":{"type":"string","description":"ID of the LB ACL entry.","description_kind":"plain","computed":true},"load_balancer_acl_id":{"type":"string","description":"The ID of the load balancer acl.","description_kind":"plain","required":true},"protocol":{"type":"string","description":"protocol.Valid Values:'ip'.","description_kind":"plain","optional":true},"rule_action":{"type":"string","description":"The action of load balancer Acl rule. Valid Values:'allow', 'deny'. Default is 'allow'.","description_kind":"plain","optional":true},"rule_number":{"type":"number","description":"The information of the load balancer Acl's rule priority. value range:[1-32766].","description_kind":"plain","optional":true}},"description_kind":"plain"}},"ksyun_lb_backend_server_group":{"version":0,"block":{"attributes":{"backend_server_group_id":{"type":"string","description":"ID of the backend server group.","description_kind":"plain","computed":true},"backend_server_group_name":{"type":"string","description":"The name of backend server group. Default: 'backend_server_group'.","description_kind":"plain","optional":true},"backend_server_group_type":{"type":"string","description":"The type of backend server group. Valid values: 'Server', 'Mirror'. Default is 'Server'.","description_kind":"plain","optional":true},"backend_server_number":{"type":"number","description":"number of backend servers.","description_kind":"plain","computed":true},"create_time":{"type":"string","description":"creation time of the backend server group.","description_kind":"plain","computed":true},"id":{"type":"string","description_kind":"plain","optional":true,"computed":true},"vpc_id":{"type":"string","description":"ID of the VPC.","description_kind":"plain","required":true}},"block_types":{"health_check":{"nesting_mode":"list","block":{"attributes":{"health_check_id":{"type":"string","description":"ID of the health check.","description_kind":"plain","computed":true},"health_check_state":{"type":"string","description":"Status maintained by health examination.Valid Values:'start', 'stop'.","description_kind":"plain","optional":true},"healthy_threshold":{"type":"number","description":"Health threshold.Valid Values:1-10. Default is 5.","description_kind":"plain","optional":true},"host_name":{"type":"string","description":"hostname of the health check.","description_kind":"plain","optional":true},"interval":{"type":"number","description":"Interval of health examination.Valid Values:1-3600. Default is 5.","description_kind":"plain","optional":true},"timeout":{"type":"number","description":"Health check timeout.Valid Values:1-3600. Default is 4.","description_kind":"plain","optional":true},"unhealthy_threshold":{"type":"number","description":"Unhealthy threshold.Valid Values:1-10. Default is 4.","description_kind":"plain","optional":true},"url_path":{"type":"string","description":"Link to HTTP type listener health check.","description_kind":"plain","optional":true}},"description_kind":"plain"},"max_items":1}},"description_kind":"plain"}},"ksyun_lb_host_header":{"version":0,"block":{"attributes":{"certificate_id":{"type":"string","description":"The ID of the certificate, HTTPS type listener creates this parameter which is not default.","description_kind":"plain","optional":true,"computed":true},"create_time":{"type":"string","description":"The time when the host header was created.","description_kind":"plain","computed":true},"host_header":{"type":"string","description":"The host header.","description_kind":"plain","required":true},"host_header_id":{"type":"string","description":"The host header id.","description_kind":"plain","computed":true},"id":{"type":"string","description_kind":"plain","optional":true,"computed":true},"listener_id":{"type":"string","description":"The ID of the listener.","description_kind":"plain","required":true},"listener_protocol":{"type":"string","description":"The protocol of the listener.","description_kind":"plain","computed":true}},"description_kind":"plain"}},"ksyun_lb_listener":{"version":0,"block":{"attributes":{"certificate_id":{"type":"string","description":"The ID of certificate.","description_kind":"plain","optional":true},"create_time":{"type":"string","description":"The creation time.","description_kind":"plain","computed":true},"enable_http2":{"type":"bool","description":"whether enable to HTTP2.","description_kind":"plain","optional":true},"http_protocol":{"type":"string","description":"HTTP protocol, valid values:'HTTP1.0','HTTP1.1'.","description_kind":"plain","optional":true},"id":{"type":"string","description_kind":"plain","optional":true,"computed":true},"listener_id":{"type":"string","description":"The ID of listener.","description_kind":"plain","computed":true},"listener_name":{"type":"string","description":"The name of listener.","description_kind":"plain","optional":true,"computed":true},"listener_port":{"type":"number","description":"The protocol port of listener.","description_kind":"plain","required":true},"listener_protocol":{"type":"string","description":"The protocol of listener.Valid Values:'TCP', 'UDP', 'HTTP', 'HTTPS'.","description_kind":"plain","optional":true},"listener_state":{"type":"string","description":"The state of listener.Valid Values:'start', 'stop'.","description_kind":"plain","optional":true},"load_balancer_acl_id":{"type":"string","description":"The ID of LB ACL.","description_kind":"plain","optional":true},"load_balancer_id":{"type":"string","description":"The ID of the LB.","description_kind":"plain","required":true},"method":{"type":"string","description":"Forwarding mode of listener.Valid Values:'RoundRobin', 'LeastConnections', 'MasterSlave', 'QUIC_CID'.","description_kind":"plain","optional":true},"redirect_listener_id":{"type":"string","description":"The ID of the redirect listener.","description_kind":"plain","optional":true,"computed":true},"tls_cipher_policy":{"type":"string","description":"TLS cipher policy, valid values:'TlsCipherPolicy1.0','TlsCipherPolicy1.1','TlsCipherPolicy1.2','TlsCipherPolicy1.2-strict'.","description_kind":"plain","optional":true}},"block_types":{"health_check":{"nesting_mode":"list","block":{"attributes":{"health_check_id":{"type":"string","description":"ID of the health check.","description_kind":"plain","computed":true},"health_check_state":{"type":"string","description":"Status maintained by health examination.Valid Values:'start', 'stop'.","description_kind":"plain","optional":true},"healthy_threshold":{"type":"number","description":"Health threshold.Valid Values:1-10. Default is 5.","description_kind":"plain","optional":true},"host_name":{"type":"string","description":"The service host name of the health check, which is available only for the HTTP or HTTPS health check.","description_kind":"plain","optional":true,"computed":true},"interval":{"type":"number","description":"Interval of health examination.Valid Values:1-3600. Default is 5.","description_kind":"plain","optional":true},"is_default_host_name":{"type":"bool","description":"Whether the host name is default or not.","description_kind":"plain","optional":true},"listener_id":{"type":"string","description":"The id of the listener.","description_kind":"plain","computed":true},"listener_protocol":{"type":"string","description":"protocol of the listener.","description_kind":"plain","computed":true},"timeout":{"type":"number","description":"Health check timeout.Valid Values:1-3600. Default is 4.","description_kind":"plain","optional":true},"unhealthy_threshold":{"type":"number","description":"Unhealthy threshold.Valid Values:1-10. Default is 4.","description_kind":"plain","optional":true},"url_path":{"type":"string","description":"Link to HTTP type listener health check.","description_kind":"plain","optional":true}},"description_kind":"plain"},"max_items":1},"session":{"nesting_mode":"list","block":{"attributes":{"cookie_name":{"type":"string","description":"The name of cookie.","description_kind":"plain","optional":true,"computed":true},"cookie_type":{"type":"string","description":"The type of cookie, valid values: 'ImplantCookie','RewriteCookie'.","description_kind":"plain","optional":true},"session_persistence_period":{"type":"number","description":"Session hold timeout.Valid Values:1-86400.","description_kind":"plain","optional":true},"session_state":{"type":"string","description":"The state of session.Valid Values:'start', 'stop'.","description_kind":"plain","optional":true}},"description_kind":"plain"},"max_items":1}},"description_kind":"plain"}},"ksyun_lb_listener_associate_acl":{"version":0,"block":{"attributes":{"id":{"type":"string","description_kind":"plain","optional":true,"computed":true},"listener_id":{"type":"string","description":"The ID of the listener.","description_kind":"plain","required":true},"load_balancer_acl_id":{"type":"string","description":"The ID of the load balancer acl.","description_kind":"plain","required":true}},"description_kind":"plain"}},"ksyun_lb_listener_server":{"version":0,"block":{"attributes":{"id":{"type":"string","description_kind":"plain","optional":true,"computed":true},"instance_id":{"type":"string","description":"The ID of instance.","description_kind":"plain","optional":true},"listener_id":{"type":"string","description":"The id of the listener.","description_kind":"plain","required":true},"listener_method":{"type":"string","description":"Forwarding mode of listener.","description_kind":"plain","computed":true},"master_slave_type":{"type":"string","description":"whether real server is master of salve. when listener method is MasterSlave, this field is supported.","description_kind":"plain","optional":true},"real_server_ip":{"type":"string","description":"The IP of real server.","description_kind":"plain","required":true},"real_server_port":{"type":"number","description":"The port of real server.Valid Values:1-65535.","description_kind":"plain","required":true},"real_server_state":{"type":"string","description":"State of the real server.","description_kind":"plain","computed":true},"real_server_type":{"type":"string","description":"The type of real server.Valid Values:'host', 'DirectConnectGateway', 'VpnTunnel'.","description_kind":"plain","optional":true},"register_id":{"type":"string","description":"The registration ID of real server.","description_kind":"plain","computed":true},"weight":{"type":"number","description":"The weight of backend service.Valid Values:1-255.","description_kind":"plain","optional":true}},"description_kind":"plain"}},"ksyun_lb_register_backend_server":{"version":0,"block":{"attributes":{"backend_server_group_id":{"type":"string","description":"The ID of backend server group.","description_kind":"plain","required":true},"backend_server_ip":{"type":"string","description":"The IP of backend server.","description_kind":"plain","required":true},"backend_server_port":{"type":"number","description":"The port of backend server.Valid Values:1-65535.","description_kind":"plain","required":true},"create_time":{"type":"string","description":"The time when the backend service was created.","description_kind":"plain","computed":true},"id":{"type":"string","description_kind":"plain","optional":true,"computed":true},"instance_id":{"type":"string","description":"The ID of instance.","description_kind":"plain","computed":true},"network_interface_id":{"type":"string","description":"The ID of network interface.","description_kind":"plain","computed":true},"real_server_ip":{"type":"number","description":"The IP of real server.","description_kind":"plain","computed":true},"real_server_port":{"type":"string","description":"The port of real server.Valid Values:1-65535.","description_kind":"plain","computed":true},"real_server_state":{"type":"string","description":"The state of real server.Values:'healthy','unhealthy'.","description_kind":"plain","computed":true},"real_server_type":{"type":"string","description":"The type of real server.Valid Values:'Host'.","description_kind":"plain","computed":true},"register_id":{"type":"string","description":"The registration ID of binding server group.","description_kind":"plain","computed":true},"weight":{"type":"number","description":"The weight of backend service.Valid Values:0-255.","description_kind":"plain","optional":true}},"description_kind":"plain"}},"ksyun_lb_rule":{"version":0,"block":{"attributes":{"backend_server_group_id":{"type":"string","description":"The id of backend server group.","description_kind":"plain","required":true},"create_time":{"type":"string","description":"the creation time.","description_kind":"plain","computed":true},"host_header_id":{"type":"string","description":"The id of host header id.","description_kind":"plain","required":true},"id":{"type":"string","description_kind":"plain","optional":true,"computed":true},"listener_sync":{"type":"string","description":"Whether to synchronizethe the health check, the session hold and the forward algorithms of the listener.Valid Values:'on', 'off'. Default is 'on'.","description_kind":"plain","optional":true},"method":{"type":"string","description":"Forwarding mode of listener.Valid Values:'RoundRobin', 'LeastConnections'. Default is 'RoundRobin'.","description_kind":"plain","optional":true},"path":{"type":"string","description":"The path of rule.","description_kind":"plain","required":true},"rule_id":{"type":"string","description":"The ID of the rule.","description_kind":"plain","computed":true}},"block_types":{"health_check":{"nesting_mode":"list","block":{"attributes":{"health_check_id":{"type":"string","description":"ID of the health check.","description_kind":"plain","computed":true},"health_check_state":{"type":"string","description":"Status maintained by health examination.Valid Values:'start', 'stop'.","description_kind":"plain","optional":true},"healthy_threshold":{"type":"number","description":"Health threshold.Valid Values:1-10. Default is 5.","description_kind":"plain","optional":true},"host_name":{"type":"string","description":"The service host name of the health check, which is available only for the HTTP or HTTPS health check.","description_kind":"plain","optional":true,"computed":true},"interval":{"type":"number","description":"Interval of health examination.Valid Values:1-3600. Default is 5.","description_kind":"plain","optional":true},"is_default_host_name":{"type":"bool","description":"Whether the host name is default or not.","description_kind":"plain","optional":true},"listener_protocol":{"type":"string","description":"protocol of the listener.","description_kind":"plain","computed":true},"timeout":{"type":"number","description":"Health check timeout.Valid Values:1-3600. Default is 4.","description_kind":"plain","optional":true},"unhealthy_threshold":{"type":"number","description":"Unhealthy threshold.Valid Values:1-10. Default is 4.","description_kind":"plain","optional":true},"url_path":{"type":"string","description":"Link to HTTP type listener health check.","description_kind":"plain","optional":true}},"description_kind":"plain"},"max_items":1},"session":{"nesting_mode":"list","block":{"attributes":{"cookie_name":{"type":"string","description":"The name of cookie.The CookieType is valid and required when it is 'RewriteCookie'; otherwise, this value is ignored.","description_kind":"plain","optional":true,"computed":true},"cookie_type":{"type":"string","description":"The type of the cookie.Valid Values:'ImplantCookie', 'RewriteCookie'. Default is 'ImplantCookie'.","description_kind":"plain","optional":true},"session_persistence_period":{"type":"number","description":"Session hold timeout.Valid Values:1-86400. Default is '7200'.","description_kind":"plain","optional":true},"session_state":{"type":"string","description":"The state of session.Valid Values:'start', 'stop'. Default is 'start'.","description_kind":"plain","optional":true}},"description_kind":"plain"},"max_items":1}},"description_kind":"plain"}},"ksyun_mongodb_instance":{"version":0,"block":{"attributes":{"availability_zone":{"type":"string","description":"Availability zone where instance is located.","description_kind":"plain","required":true},"cidrs":{"type":"string","description":"network cidr.","description_kind":"plain","optional":true},"config":{"type":"string","description":"instance specification.","description_kind":"plain","computed":true},"create_date":{"type":"string","description":"creation time of the MongoDB.","description_kind":"plain","computed":true},"db_version":{"type":"string","description":"The version of instance engine, and support `3.2`, `3.6`, `4.0`, default is `3.2`.","description_kind":"plain","optional":true},"duration":{"type":"string","description":"The duration of instance use, if `pay_type` is `byMonth`, the duration is required.","description_kind":"plain","optional":true},"expiration_date":{"type":"string","description":"expiration date of the MongoDB.","description_kind":"plain","computed":true},"iam_project_id":{"type":"string","description":"The project id of instance belong, if not defined `iam_project_id`, the instance will use `0`.","description_kind":"plain","optional":true},"iam_project_name":{"type":"string","description":"Name of the project.","description_kind":"plain","computed":true},"id":{"type":"string","description_kind":"plain","optional":true,"computed":true},"instance_account":{"type":"string","description":"The administrator name of instance, if not defined `instance_account`, the instance will use `root`.","description_kind":"plain","optional":true},"instance_class":{"type":"string","description":"The class of instance cpu and memory.","description_kind":"plain","optional":true},"instance_id":{"type":"string","description":"The id of instance.","description_kind":"plain","computed":true},"instance_password":{"type":"string","description":"The administrator password of instance.","description_kind":"plain","required":true,"sensitive":true},"instance_type":{"type":"string","description":"The type of instance.","description_kind":"plain","computed":true},"ip":{"type":"string","description":"IP address.","description_kind":"plain","computed":true},"mode":{"type":"string","description":"MongoDB cluster mode.","description_kind":"plain","computed":true},"mongos_num":{"type":"number","description":"number of mongos.","description_kind":"plain","computed":true},"name":{"type":"string","description":"The name of instance, which contains 6-64 characters and only support Chinese, English, numbers, '-', '_'.","description_kind":"plain","required":true},"network_type":{"type":"string","description":"the type of network.","description_kind":"plain","optional":true},"node_num":{"type":"number","description":"The num of instance node.","description_kind":"plain","optional":true},"pay_type":{"type":"string","description":"Instance charge type, if not defined `pay_type`, the instance will use `byMonth`.","description_kind":"plain","optional":true},"port":{"type":"number","description":"port number.","description_kind":"plain","computed":true},"product_id":{"type":"string","description":"ID of the product.","description_kind":"plain","computed":true},"product_what":{"type":"number","description":"whether the instance is trial or not.","description_kind":"plain","computed":true},"region":{"type":"string","description":"Region.","description_kind":"plain","computed":true},"security_group_id":{"type":"string","description":"The ID of security group.","description_kind":"plain","computed":true},"shard_num":{"type":"number","description":"number of shards.","description_kind":"plain","computed":true},"status":{"type":"string","description":"the status of instance.","description_kind":"plain","computed":true},"storage":{"type":"number","description":"The size of instance disk, measured in GB (GigaByte).","description_kind":"plain","optional":true},"time_cycle":{"type":"string","description":"time cycle of backup.","description_kind":"plain","computed":true},"timezone":{"type":"string","description":"timezone of backup.","description_kind":"plain","computed":true},"timing_switch":{"type":"string","description":"timing switch for backup.","description_kind":"plain","computed":true},"user_id":{"type":"string","description":"User ID.","description_kind":"plain","computed":true},"version":{"type":"string","description":"Version.","description_kind":"plain","computed":true},"vnet_id":{"type":"string","description":"The id of subnet linked to the instance.","description_kind":"plain","required":true},"vpc_id":{"type":"string","description":"The id of VPC linked to the instance.","description_kind":"plain","required":true}},"block_types":{"timeouts":{"nesting_mode":"single","block":{"attributes":{"create":{"type":"string","description_kind":"plain","optional":true},"delete":{"type":"string","description_kind":"plain","optional":true},"update":{"type":"string","description_kind":"plain","optional":true}},"description_kind":"plain"}}},"description_kind":"plain"}},"ksyun_mongodb_security_rule":{"version":0,"block":{"attributes":{"cidr":{"type":"string","description_kind":"plain","optional":true},"cidrs":{"type":"string","description_kind":"plain","optional":true},"id":{"type":"string","description_kind":"plain","optional":true,"computed":true},"instance_id":{"type":"string","description_kind":"plain","required":true}},"description_kind":"plain"}},"ksyun_mongodb_shard_instance":{"version":0,"block":{"attributes":{"availability_zone":{"type":"string","description":"Availability zone where instance is located.","description_kind":"plain","required":true},"cidrs":{"type":"string","description":"network cidr.","description_kind":"plain","optional":true},"config":{"type":"string","description":"instance specification.","description_kind":"plain","computed":true},"create_date":{"type":"string","description":"creation time of the MongoDB.","description_kind":"plain","computed":true},"db_version":{"type":"string","description_kind":"plain","optional":true},"duration":{"type":"string","description":"The duration of instance use, if `pay_type` is `byMonth`, the duration is required.","description_kind":"plain","optional":true},"expiration_date":{"type":"string","description":"expiration date of the MongoDB.","description_kind":"plain","computed":true},"iam_project_id":{"type":"string","description":"The project id of instance belong, if not defined `iam_project_id`, the instance will use `0`.","description_kind":"plain","optional":true},"iam_project_name":{"type":"string","description":"Name of the project.","description_kind":"plain","computed":true},"id":{"type":"string","description_kind":"plain","optional":true,"computed":true},"instance_account":{"type":"string","description":"The administrator name of instance, if not defined `instance_account`, the instance will use `root`.","description_kind":"plain","optional":true},"instance_class":{"type":"string","description_kind":"plain","computed":true},"instance_id":{"type":"string","description":"The id of instance.","description_kind":"plain","computed":true},"instance_password":{"type":"string","description":"The administrator password of instance.","description_kind":"plain","required":true,"sensitive":true},"instance_type":{"type":"string","description_kind":"plain","computed":true},"ip":{"type":"string","description":"IP address.","description_kind":"plain","computed":true},"mode":{"type":"string","description":"MongoDB cluster mode.","description_kind":"plain","computed":true},"mongos_class":{"type":"string","description_kind":"plain","optional":true},"mongos_num":{"type":"number","description_kind":"plain","optional":true},"name":{"type":"string","description":"The name of instance, which contains 6-64 characters and only support Chinese, English, numbers, '-', '_'.","description_kind":"plain","required":true},"network_type":{"type":"string","description":"the type of network.","description_kind":"plain","optional":true},"node_num":{"type":"number","description_kind":"plain","computed":true},"pay_type":{"type":"string","description":"Instance charge type, if not defined `pay_type`, the instance will use `byMonth`.","description_kind":"plain","optional":true},"port":{"type":"number","description":"port number.","description_kind":"plain","computed":true},"product_id":{"type":"string","description":"ID of the product.","description_kind":"plain","computed":true},"product_what":{"type":"number","description":"whether the instance is trial or not.","description_kind":"plain","computed":true},"region":{"type":"string","description":"Region.","description_kind":"plain","computed":true},"security_group_id":{"type":"string","description":"The ID of security group.","description_kind":"plain","computed":true},"shard_class":{"type":"string","description_kind":"plain","optional":true},"shard_num":{"type":"number","description_kind":"plain","optional":true},"status":{"type":"string","description":"the status of instance.","description_kind":"plain","computed":true},"storage":{"type":"number","description_kind":"plain","optional":true},"time_cycle":{"type":"string","description":"time cycle of backup.","description_kind":"plain","computed":true},"timezone":{"type":"string","description":"timezone of backup.","description_kind":"plain","computed":true},"timing_switch":{"type":"string","description":"timing switch for backup.","description_kind":"plain","computed":true},"total_storage":{"type":"number","description_kind":"plain","computed":true},"user_id":{"type":"string","description":"User ID.","description_kind":"plain","computed":true},"version":{"type":"string","description":"Version.","description_kind":"plain","computed":true},"vnet_id":{"type":"string","description":"The id of subnet linked to the instance.","description_kind":"plain","required":true},"vpc_id":{"type":"string","description":"The id of VPC linked to the instance.","description_kind":"plain","required":true}},"block_types":{"timeouts":{"nesting_mode":"single","block":{"attributes":{"create":{"type":"string","description_kind":"plain","optional":true},"delete":{"type":"string","description_kind":"plain","optional":true},"update":{"type":"string","description_kind":"plain","optional":true}},"description_kind":"plain"}}},"description_kind":"plain"}},"ksyun_mongodb_shard_instance_node":{"version":0,"block":{"attributes":{"id":{"type":"string","description_kind":"plain","optional":true,"computed":true},"instance_id":{"type":"string","description_kind":"plain","required":true},"node_class":{"type":"string","description_kind":"plain","optional":true},"node_id":{"type":"string","description_kind":"plain","computed":true},"node_storage":{"type":"number","description_kind":"plain","optional":true},"node_type":{"type":"string","description_kind":"plain","optional":true}},"block_types":{"timeouts":{"nesting_mode":"single","block":{"attributes":{"create":{"type":"string","description_kind":"plain","optional":true},"delete":{"type":"string","description_kind":"plain","optional":true},"update":{"type":"string","description_kind":"plain","optional":true}},"description_kind":"plain"}}},"description_kind":"plain"}},"ksyun_nat":{"version":0,"block":{"attributes":{"band_width":{"type":"number","description":"The BandWidth of Nat Ip, value range:[1, 15000], Default is 1.","description_kind":"plain","required":true},"charge_type":{"type":"string","description":"charge type, valid values: 'Monthly', 'Peak', 'Daily', 'PostPaidByAdvanced95Peak', 'DailyPaidByTransfer'. Default is DailyPaidByTransfer.","description_kind":"plain","optional":true},"create_time":{"type":"string","description":"The time of creation of Nat.","description_kind":"plain","computed":true},"id":{"type":"string","description_kind":"plain","optional":true,"computed":true},"nat_ip_number":{"type":"number","description":"The Counts of Nat Ip, value range:[1, 20], Default is 1.","description_kind":"plain","optional":true},"nat_ip_set":{"type":["list",["object",{"nat_ip":"string","nat_ip_id":"string"}]],"description":"The nat ip list of the desired Nat.","description_kind":"plain","computed":true},"nat_line_id":{"type":"string","description":"ID of the line.","description_kind":"plain","optional":true},"nat_mode":{"type":"string","description":"Mode of the NAT, valid values: 'Vpc', 'Subnet'.","description_kind":"plain","required":true},"nat_name":{"type":"string","description":"Name of the NAT.","description_kind":"plain","optional":true,"computed":true},"nat_type":{"type":"string","description":"Type of the NAT, valid values: 'public'.","description_kind":"plain","optional":true},"project_id":{"type":"string","description":"ID of the project.","description_kind":"plain","optional":true,"computed":true},"purchase_time":{"type":"number","description":"The PurchaseTime of the Nat, value range [1, 36]. If charge_type is Monthly this Field is Required.","description_kind":"plain","optional":true},"vpc_id":{"type":"string","description":"ID of the VPC.","description_kind":"plain","required":true}},"description_kind":"plain"}},"ksyun_nat_associate":{"version":0,"block":{"attributes":{"id":{"type":"string","description_kind":"plain","optional":true,"computed":true},"nat_id":{"type":"string","description":"The id of the Nat.","description_kind":"plain","required":true},"network_interface_id":{"type":"string","description":"The id of network interface that belong to instance. Notes: Because of there is one resource in the association, conflict with `subnet_id`.","description_kind":"plain","optional":true},"subnet_id":{"type":"string","description":"The id of the Subnet. Notes: Because of there is one resource in the association, conflict with `network_interface_id`.","description_kind":"plain","optional":true}},"description_kind":"plain"}},"ksyun_nat_instance_bandwidth_limit":{"version":0,"block":{"attributes":{"bandwidth_limit":{"type":"number","description":"The bandwidth limit of network interface that belong to instance.","description_kind":"plain","required":true},"id":{"type":"string","description_kind":"plain","optional":true,"computed":true},"instance_type":{"type":"string","description":"the type of instance. Values: epc or kec.","description_kind":"plain","computed":true},"nat_id":{"type":"string","description":"The id of the Nat.","description_kind":"plain","required":true},"network_interface_id":{"type":"string","description":"The id of network interface that belong to instance.","description_kind":"plain","required":true},"private_ip_address":{"type":"string","description":"the private ip of network interface.","description_kind":"plain","computed":true}},"description_kind":"plain"}},"ksyun_network_acl":{"version":0,"block":{"attributes":{"create_time":{"type":"string","description":"The creation time of network acl.","description_kind":"plain","computed":true},"id":{"type":"string","description_kind":"plain","optional":true,"computed":true},"network_acl_id":{"type":"string","description":"The ID of the network ACL.","description_kind":"plain","computed":true},"network_acl_name":{"type":"string","description":"The name of the network ACL.","description_kind":"plain","optional":true,"computed":true},"vpc_id":{"type":"string","description":"The id of the vpc.","description_kind":"plain","required":true}},"block_types":{"network_acl_entries":{"nesting_mode":"set","block":{"attributes":{"cidr_block":{"type":"string","description":"The cidr_block of the network acl entry.","description_kind":"plain","required":true},"description":{"type":"string","description":"The description of the network acl entry.","description_kind":"plain","optional":true,"computed":true},"direction":{"type":"string","description":"The direction of the network acl entry. Valid Values: 'in','out'.","description_kind":"plain","required":true},"icmp_code":{"type":"number","description":"The icmp_code of the network acl entry.If protocol is icmp, Required.","description_kind":"plain","optional":true},"icmp_type":{"type":"number","description":"The icmp_type of the network acl entry.If protocol is icmp, Required.","description_kind":"plain","optional":true},"network_acl_entry_id":{"type":"string","description":"ID of the network acl entry.","description_kind":"plain","computed":true},"port_range_from":{"type":"number","description":"The port_range_from of the network acl entry.If protocol is tcp or udp,Required.","description_kind":"plain","optional":true},"port_range_to":{"type":"number","description":"The port_range_to of the network acl entry.If protocol is tcp or udp,Required.","description_kind":"plain","optional":true},"protocol":{"type":"string","description":"The protocol of the network acl entry.Valid Values: 'ip','icmp','tcp','udp'.","description_kind":"plain","required":true},"rule_action":{"type":"string","description":"The rule_action of the network acl entry.Valid Values: 'allow','deny'.","description_kind":"plain","required":true},"rule_number":{"type":"number","description":"The rule_number of the network acl entry. value range:[1,32766].","description_kind":"plain","required":true}},"description_kind":"plain"}}},"description_kind":"plain"}},"ksyun_network_acl_associate":{"version":0,"block":{"attributes":{"id":{"type":"string","description_kind":"plain","optional":true,"computed":true},"network_acl_id":{"type":"string","description":"The id of the network acl.","description_kind":"plain","required":true},"subnet_id":{"type":"string","description":"The id of the Subnet.","description_kind":"plain","required":true}},"description_kind":"plain"}},"ksyun_network_acl_entry":{"version":0,"block":{"attributes":{"cidr_block":{"type":"string","description":"The cidr_block of the network acl entry.","description_kind":"plain","required":true},"description":{"type":"string","description":"The description of the network acl entry.","description_kind":"plain","optional":true,"computed":true},"direction":{"type":"string","description":"The direction of the network acl entry. Valid Values: 'in','out'.","description_kind":"plain","required":true},"icmp_code":{"type":"number","description":"The icmp_code of the network acl entry.If protocol is icmp, Required.","description_kind":"plain","optional":true},"icmp_type":{"type":"number","description":"The icmp_type of the network acl entry.If protocol is icmp, Required.","description_kind":"plain","optional":true},"id":{"type":"string","description_kind":"plain","optional":true,"computed":true},"network_acl_entry_id":{"type":"string","description":"ID of the network acl entry.","description_kind":"plain","computed":true},"network_acl_id":{"type":"string","description":"The id of the network acl.","description_kind":"plain","required":true},"port_range_from":{"type":"number","description":"The port_range_from of the network acl entry.If protocol is tcp or udp,Required.","description_kind":"plain","optional":true},"port_range_to":{"type":"number","description":"The port_range_to of the network acl entry.If protocol is tcp or udp,Required.","description_kind":"plain","optional":true},"protocol":{"type":"string","description":"The protocol of the network acl entry.Valid Values: 'ip','icmp','tcp','udp'.","description_kind":"plain","required":true},"rule_action":{"type":"string","description":"The rule_action of the network acl entry.Valid Values: 'allow','deny'.","description_kind":"plain","required":true},"rule_number":{"type":"number","description":"The rule_number of the network acl entry. value range:[1,32766].","description_kind":"plain","required":true}},"description_kind":"plain"}},"ksyun_rabbitmq_instance":{"version":0,"block":{"attributes":{"availability_zone":{"type":"string","description":"Availability zone where instance is located.","description_kind":"plain","optional":true,"computed":true},"bill_type":{"type":"number","description":"Instance charge type,Valid values are 1 (Monthly), 87(UsageInstantSettlement).","description_kind":"plain","required":true},"cidrs":{"type":"string","description":"network cidrs.","description_kind":"plain","optional":true},"create_date":{"type":"string","description":"The creation date.","description_kind":"plain","computed":true},"duration":{"type":"number","description":"The duration of instance use, if `bill_type` is `1`, the duration is required.","description_kind":"plain","optional":true},"eip":{"type":"string","description":"EIP address.","description_kind":"plain","computed":true},"eip_egress":{"type":"string","description":"The egress of the EIP.","description_kind":"plain","computed":true},"enable_eip":{"type":"bool","description":"If the value is true, the instance will support public ip. default is false.","description_kind":"plain","optional":true},"enable_plugins":{"type":"string","description":"Enable plugins.","description_kind":"plain","optional":true},"engine":{"type":"string","description":"engine.","description_kind":"plain","computed":true},"engine_version":{"type":"string","description":"The version of instance engine.","description_kind":"plain","required":true},"expiration_date":{"type":"string","description":"The expiration date.","description_kind":"plain","computed":true},"force_restart":{"type":"bool","description":"Set it to true to make some parameter efficient when modifying them. Default to false.","description_kind":"plain","optional":true},"id":{"type":"string","description_kind":"plain","optional":true,"computed":true},"instance_id":{"type":"string","description":"The ID of the instance.","description_kind":"plain","computed":true},"instance_name":{"type":"string","description":"The name of instance, which contains 6-64 characters and only support Chinese, English, numbers, '-', '_'.","description_kind":"plain","required":true},"instance_password":{"type":"string","description":"The administrator password of instance.","description_kind":"plain","required":true,"sensitive":true},"instance_type":{"type":"string","description":"The class of instance cpu and memory.","description_kind":"plain","required":true},"mode":{"type":"string","description":"The mode of instance.","description_kind":"plain","required":true},"mode_name":{"type":"string","description":"mode name.","description_kind":"plain","computed":true},"network_type":{"type":"string","description":"Network type.","description_kind":"plain","computed":true},"node_num":{"type":"number","description":"the number of instance node, if not defined 'node_num', the instance will use '3'.","description_kind":"plain","optional":true},"port":{"type":"string","description":"The port of the instance.","description_kind":"plain","computed":true},"product_id":{"type":"string","description":"The ID of the project.","description_kind":"plain","computed":true},"product_what":{"type":"number","description":"product what.","description_kind":"plain","computed":true},"project_id":{"type":"string","description":"The project id of instance belong, if not defined `project_id`, the instance will use `0`.","description_kind":"plain","optional":true,"computed":true},"project_name":{"type":"string","description":"The name of the project.","description_kind":"plain","computed":true},"protocol":{"type":"string","description":"protocol.","description_kind":"plain","computed":true},"region":{"type":"string","description":"region.","description_kind":"plain","computed":true},"security_group_id":{"type":"number","description":"security group id.","description_kind":"plain","optional":true,"computed":true},"ssd_disk":{"type":"number","description":"The size of instance disk, measured in GB (GigaByte).","description_kind":"plain","required":true},"status":{"type":"string","description":"The status of the instance.","description_kind":"plain","computed":true},"status_name":{"type":"string","description":"status name.","description_kind":"plain","computed":true},"subnet_id":{"type":"string","description":"The id of subnet linked to the instance.","description_kind":"plain","required":true},"user_id":{"type":"string","description":"user id.","description_kind":"plain","computed":true},"vip":{"type":"string","description":"vip.","description_kind":"plain","computed":true},"vpc_id":{"type":"string","description":"The id of VPC linked to the instance.","description_kind":"plain","required":true},"web_eip":{"type":"string","description":"Web EIP address.","description_kind":"plain","computed":true},"web_vip":{"type":"string","description":"web vip.","description_kind":"plain","computed":true}},"block_types":{"timeouts":{"nesting_mode":"single","block":{"attributes":{"create":{"type":"string","description_kind":"plain","optional":true},"delete":{"type":"string","description_kind":"plain","optional":true},"update":{"type":"string","description_kind":"plain","optional":true}},"description_kind":"plain"}}},"description_kind":"plain"}},"ksyun_rabbitmq_security_rule":{"version":0,"block":{"attributes":{"cidr":{"type":"string","description":"network cidr.","description_kind":"plain","optional":true},"cidrs":{"type":"string","description":"network cidrs.","description_kind":"plain","optional":true},"id":{"type":"string","description_kind":"plain","optional":true,"computed":true},"instance_id":{"type":"string","description":"The id of the rabbitmq instance.","description_kind":"plain","required":true}},"block_types":{"timeouts":{"nesting_mode":"single","block":{"attributes":{"create":{"type":"string","description_kind":"plain","optional":true},"delete":{"type":"string","description_kind":"plain","optional":true},"update":{"type":"string","description_kind":"plain","optional":true}},"description_kind":"plain"}}},"description_kind":"plain"}},"ksyun_redis_instance":{"version":0,"block":{"attributes":{"available_zone":{"type":"string","description":"The Zone to launch the DB instance.","description_kind":"plain","optional":true,"computed":true},"az":{"type":"string","description":"availability zone.","description_kind":"plain","computed":true},"backup_time_zone":{"type":"string","description":"Auto backup time zone. Example: \"03:00-04:00\".","description_kind":"plain","optional":true},"bill_type":{"type":"number","description":"Valid values are 1 (Monthly), 5(Daily), 87(HourlyInstantSettlement).","description_kind":"plain","optional":true},"cache_id":{"type":"string","description":"The ID of cache.","description_kind":"plain","computed":true},"capacity":{"type":"number","description":"mem of redis, if mode is selfDefineCluster(mode=3) then capacity = shard_size * shard_num.","description_kind":"plain","required":true},"create_time":{"type":"string","description":"creation time.","description_kind":"plain","computed":true},"delete_directly":{"type":"bool","description":"Default is `false`, deleted instance will remain in the recycle bin. Setting the value to `true`, instance is permanently deleted without being recycled.","description_kind":"plain","optional":true},"duration":{"type":"string","description":"Only meaningful if bill_type is 1, Valid values:{1~36}.","description_kind":"plain","optional":true},"engine":{"type":"string","description":"engine.","description_kind":"plain","computed":true},"iam_project_id":{"type":"string","description":"The project instance belongs to.","description_kind":"plain","optional":true,"computed":true},"iam_project_name":{"type":"string","description":"project name.","description_kind":"plain","computed":true},"id":{"type":"string","description_kind":"plain","optional":true,"computed":true},"mode":{"type":"number","description":"The KVStore instance system architecture required by the user. Valid values:  1(cluster),2(single),3(SelfDefineCluster).","description_kind":"plain","optional":true},"name":{"type":"string","description":"The name of DB instance.","description_kind":"plain","required":true},"net_type":{"type":"number","description":"The network type. Valid values: 2(vpc).","description_kind":"plain","optional":true},"order_type":{"type":"number","description":"order type.","description_kind":"plain","computed":true},"order_use":{"type":"number","description":"order use.","description_kind":"plain","computed":true},"parameters":{"type":["map","string"],"description":"Set of parameters needs to be set after instance was launched. Available parameters can refer to the  docs https://docs.ksyun.com/documents/1018.","description_kind":"plain","optional":true},"pass_word":{"type":"string","description":"The password of the  instance.The password is a string of 8 to 30 characters and must contain uppercase letters, lowercase letters, and numbers.","description_kind":"plain","optional":true,"sensitive":true},"port":{"type":"number","description":"port.","description_kind":"plain","computed":true},"prepare_az_name":{"type":"string","description":"assign standby instance area.","description_kind":"plain","optional":true},"product_id":{"type":"string","description":"project id.","description_kind":"plain","computed":true},"protocol":{"type":"string","description":"Engine version. Supported values: 2.8, 4.0 and 5.0.","description_kind":"plain","optional":true},"reset_all_parameters":{"type":"bool","description":"whether reset all parameters.","description_kind":"plain","optional":true},"rr_az_name":{"type":"string","description":"assign read only instance area.","description_kind":"plain","optional":true},"security_group_id":{"type":"string","description":"The id of security group.","description_kind":"plain","optional":true},"service_begin_time":{"type":"string","description":"service begin time.","description_kind":"plain","computed":true},"service_end_time":{"type":"string","description":"service end time.","description_kind":"plain","computed":true},"service_status":{"type":"number","description":"service status.","description_kind":"plain","computed":true},"shard_num":{"type":"number","description":"shard number.","description_kind":"plain","optional":true},"shard_size":{"type":"number","description":"each shard mem size GB.","description_kind":"plain","optional":true},"size":{"type":"number","description":"size.","description_kind":"plain","computed":true},"slave_num":{"type":"number","description":"The readonly node num required by the user. Valid values: {0-7}.","description_kind":"plain","optional":true},"slave_vip":{"type":"string","description":"slave vip.","description_kind":"plain","computed":true},"source":{"type":"number","description":"source.","description_kind":"plain","computed":true},"status":{"type":"number","description":"status.","description_kind":"plain","computed":true},"sub_order_id":{"type":"string","description":"sub order ID.","description_kind":"plain","computed":true},"timezone":{"type":"string","description":"Auto backup time zone. Example: \"03:00-04:00\".","description_kind":"plain","optional":true},"timing_switch":{"type":"string","description":"auto backup On or Off.","description_kind":"plain","optional":true},"used_memory":{"type":"number","description":"used memory.","description_kind":"plain","computed":true},"vip":{"type":"string","description":"vip.","description_kind":"plain","computed":true},"vnet_id":{"type":"string","description":"The ID of subnet. the instance will use the subnet in the current region.","description_kind":"plain","required":true},"vpc_id":{"type":"string","description":"Used to retrieve instances belong to specified VPC.","description_kind":"plain","required":true}},"block_types":{"timeouts":{"nesting_mode":"single","block":{"attributes":{"create":{"type":"string","description_kind":"plain","optional":true},"delete":{"type":"string","description_kind":"plain","optional":true},"update":{"type":"string","description_kind":"plain","optional":true}},"description_kind":"plain"}}},"description_kind":"plain"}},"ksyun_redis_instance_node":{"version":0,"block":{"attributes":{"available_zone":{"type":"string","description":"The Zone to launch the DB instance.","description_kind":"plain","optional":true,"computed":true},"cache_id":{"type":"string","description":"The ID of the instance.","description_kind":"plain","required":true},"create_time":{"type":"string","description":"creation time.","description_kind":"plain","computed":true},"id":{"type":"string","description_kind":"plain","optional":true,"computed":true},"instance_id":{"type":"string","description":"The ID of the instance.","description_kind":"plain","computed":true},"ip":{"type":"string","description":"IP address.","description_kind":"plain","computed":true},"name":{"type":"string","description":"Name.","description_kind":"plain","computed":true},"port":{"type":"number","description":"Port number.","description_kind":"plain","computed":true},"proxy":{"type":"string","description":"proxy.","description_kind":"plain","computed":true},"status":{"type":"string","description":"status.","description_kind":"plain","computed":true}},"block_types":{"timeouts":{"nesting_mode":"single","block":{"attributes":{"create":{"type":"string","description_kind":"plain","optional":true},"delete":{"type":"string","description_kind":"plain","optional":true}},"description_kind":"plain"}}},"description_kind":"plain"}},"ksyun_redis_sec_group":{"version":0,"block":{"attributes":{"available_zone":{"type":"string","description":"The Zone to launch the security group.","description_kind":"plain","optional":true,"computed":true},"cache_ids":{"type":["set","string"],"description":"The ids of the redis instance.","description_kind":"plain","optional":true},"description":{"type":"string","description":"The description of the security group.","description_kind":"plain","required":true},"id":{"type":"string","description_kind":"plain","optional":true,"computed":true},"name":{"type":"string","description":"The name of the security group.","description_kind":"plain","required":true},"rules":{"type":["set","string"],"description":"The cidr block of source for the instance, multiple cidr separated by comma.","description_kind":"plain","optional":true}},"description_kind":"plain"}},"ksyun_redis_sec_group_allocate":{"version":0,"block":{"attributes":{"available_zone":{"type":"string","description_kind":"plain","optional":true,"computed":true},"cache_id":{"type":"string","description_kind":"plain","optional":true},"cache_ids":{"type":["set","string"],"description_kind":"plain","optional":true},"id":{"type":"string","description_kind":"plain","optional":true,"computed":true},"security_group_id":{"type":"string","description_kind":"plain","required":true}},"description_kind":"plain"}},"ksyun_redis_sec_group_rule":{"version":0,"block":{"attributes":{"available_zone":{"type":"string","description_kind":"plain","optional":true,"computed":true},"id":{"type":"string","description_kind":"plain","optional":true,"computed":true},"rule":{"type":"string","description_kind":"plain","optional":true},"rules":{"type":["set","string"],"description_kind":"plain","optional":true},"security_group_id":{"type":"string","description_kind":"plain","required":true}},"description_kind":"plain"}},"ksyun_route":{"version":0,"block":{"attributes":{"create_time":{"type":"string","description":"The time of creation of the route.","description_kind":"plain","computed":true},"destination_cidr_block":{"type":"string","description":"The CIDR block assigned to the route.","description_kind":"plain","required":true},"direct_connect_gateway_id":{"type":"string","description":"The id of the DirectConnectGateway, If route_type is DirectConnect, This Field is Required.","description_kind":"plain","optional":true},"id":{"type":"string","description_kind":"plain","optional":true,"computed":true},"instance_id":{"type":"string","description":"The id of the VM, If route_type is Host, This Field is Required.","description_kind":"plain","optional":true},"next_hop_set":{"type":["list",["object",{"gateway_id":"string","gateway_name":"string"}]],"description":"A list of next hop.","description_kind":"plain","computed":true},"route_type":{"type":"string","description":"The type of route.Valid Values:'InternetGateway', 'Tunnel', 'Host', 'Peering', 'DirectConnect', 'Vpn'.","description_kind":"plain","required":true},"tunnel_id":{"type":"string","description":"The id of the tunnel If route_type is Tunnel, This Field is Required.","description_kind":"plain","optional":true},"vpc_id":{"type":"string","description":"The id of the vpc.","description_kind":"plain","required":true},"vpc_peering_connection_id":{"type":"string","description":"The id of the Peering, If route_type is Peering, This Field is Required.","description_kind":"plain","optional":true},"vpn_tunnel_id":{"type":"string","description":"The id of the Vpn, If route_type is Vpn, This Field is Required.","description_kind":"plain","optional":true}},"description_kind":"plain"}},"ksyun_scaling_configuration":{"version":0,"block":{"attributes":{"address_band_width":{"type":"number","description":"The EIP BandWidth.","description_kind":"plain","optional":true,"computed":true},"address_project_id":{"type":"number","description":"The Project ID of EIP.","description_kind":"plain","optional":true,"computed":true},"band_width_share_id":{"type":"string","description":"The ID of BandWidthShare.","description_kind":"plain","optional":true,"computed":true},"charge_type":{"type":"string","description":"Charge type.","description_kind":"plain","computed":true},"cpu":{"type":"number","description":"CPU.","description_kind":"plain","computed":true},"create_time":{"type":"string","description":"The creation time.","description_kind":"plain","computed":true},"data_disk_gb":{"type":"number","description":"The Local Volume GB size of the desired ScalingConfiguration.","description_kind":"plain","optional":true,"computed":true},"gpu":{"type":"number","description":"GPU.","description_kind":"plain","computed":true},"id":{"type":"string","description_kind":"plain","optional":true,"computed":true},"image_id":{"type":"string","description":"The System Image Id of the desired ScalingConfiguration.","description_kind":"plain","required":true},"instance_name":{"type":"string","description":"The KEC instance name of the desired ScalingConfiguration.","description_kind":"plain","optional":true,"computed":true},"instance_name_suffix":{"type":"string","description":"The kec instance name suffix of the desired ScalingConfiguration.","description_kind":"plain","optional":true,"computed":true},"instance_name_time_suffix":{"type":"bool","description":"The kec instance name time suffix of the desired ScalingConfiguration.","description_kind":"plain","optional":true,"computed":true},"instance_type":{"type":"string","description":"The KEC instance type of the desired ScalingConfiguration.","description_kind":"plain","optional":true},"keep_image_login":{"type":"bool","description":"The Flag with image login set of the desired ScalingConfiguration.","description_kind":"plain","optional":true,"computed":true},"key_id":{"type":["set","string"],"description":"The SSH key set of the desired ScalingConfiguration.","description_kind":"plain","optional":true,"computed":true},"line_id":{"type":"string","description":"The Line ID Of EIP.","description_kind":"plain","optional":true,"computed":true},"mem":{"type":"number","description":"Memory.","description_kind":"plain","computed":true},"need_monitor_agent":{"type":"number","description":"The Monitor agent flag desired ScalingConfiguration.","description_kind":"plain","optional":true,"computed":true},"need_security_agent":{"type":"number","description":"The Security agent flag desired ScalingConfiguration.","description_kind":"plain","optional":true,"computed":true},"password":{"type":"string","description":"Password.","description_kind":"plain","optional":true,"sensitive":true},"project_id":{"type":"number","description":"The Project Id of the desired ScalingConfiguration belong to.","description_kind":"plain","optional":true,"computed":true},"scaling_configuration_name":{"type":"string","description":"The Name of the desired ScalingConfiguration.","description_kind":"plain","optional":true},"system_disk_size":{"type":"number","description":"The system disk size of the desired ScalingConfiguration.","description_kind":"plain","optional":true,"computed":true},"system_disk_type":{"type":"string","description":"The system disk type of the desired ScalingConfiguration.Valid Values:'Local_SSD', 'SSD3.0', 'EHDD'.","description_kind":"plain","optional":true,"computed":true},"user_data":{"type":"string","description":"The user data of the desired ScalingConfiguration.","description_kind":"plain","optional":true,"computed":true}},"block_types":{"data_disks":{"nesting_mode":"list","block":{"attributes":{"delete_with_instance":{"type":"bool","description":"The Flag with delete EBS Data Disk when KEC Instance destroy.","description_kind":"plain","optional":true,"computed":true},"disk_size":{"type":"number","description":"The EBS Data Disk Size of the desired data_disk.","description_kind":"plain","optional":true,"computed":true},"disk_type":{"type":"string","description":"The EBS Data Disk Type of the desired data_disk.Valid Values: 'SSD3.0', 'EHDD'.","description_kind":"plain","optional":true,"computed":true}},"description_kind":"plain"}}},"description_kind":"plain"}},"ksyun_scaling_group":{"version":0,"block":{"attributes":{"create_time":{"type":"string","description":"The creation time.","description_kind":"plain","computed":true},"desired_capacity":{"type":"number","description":"The Desire Capacity KEC instance count of the desired ScalingGroup set to.Valid Value 0-1000.","description_kind":"plain","required":true},"id":{"type":"string","description_kind":"plain","optional":true,"computed":true},"instance_num":{"type":"number","description":"The KEC instance Number of the desired ScalingGroup set to.Valid Value 0-10.","description_kind":"plain","computed":true},"max_size":{"type":"number","description":"The Max KEC instance size of the desired ScalingGroup set to.Valid Value 0-1000.","description_kind":"plain","required":true},"min_size":{"type":"number","description":"The Min KEC instance size of the desired ScalingGroup set to.Valid Value 0-1000.","description_kind":"plain","required":true},"remove_policy":{"type":"string","description":"The KEC instance remove policy of the desired ScalingGroup set to.Valid Values:'RemoveOldestInstance', 'RemoveNewestInstance'.","description_kind":"plain","optional":true},"scaling_configuration_id":{"type":"string","description":"The Scaling Configuration ID of the desired ScalingGroup set to.","description_kind":"plain","required":true},"scaling_configuration_name":{"type":"string","description":"The Scaling Configuration Name of the desired ScalingGroup set to.","description_kind":"plain","computed":true},"scaling_group_name":{"type":"string","description":"The Name of the desired ScalingGroup.","description_kind":"plain","optional":true},"security_group_id":{"type":"string","description":"The Security Group ID of the desired ScalingGroup set to.","description_kind":"plain","optional":true,"computed":true},"security_group_id_set":{"type":["set","string"],"description":"The Security Group ID List of the desired ScalingGroup set to.","description_kind":"plain","optional":true,"computed":true},"status":{"type":"string","description":"The Status of the desired ScalingGroup.Valid Values:'Active', 'UnActive'.","description_kind":"plain","optional":true},"subnet_id_set":{"type":["set","string"],"description":"The Subnet ID Set of the desired ScalingGroup set to.","description_kind":"plain","optional":true,"computed":true},"subnet_strategy":{"type":"string","description":"The Subnet Strategy of the desired ScalingGroup set to.Valid Values:'balanced-distribution', 'choice-first'.","description_kind":"plain","optional":true},"vpc_id":{"type":"string","description":"The ID of the VPC.","description_kind":"plain","computed":true}},"block_types":{"slb_config_set":{"nesting_mode":"list","block":{"attributes":{"health_check_type":{"type":"string","description":"Health check type, valid values:'slb','kec'.","description_kind":"plain","optional":true},"listener_id":{"type":"string","description":"The Listener ID of the desired ScalingGroup set to.","description_kind":"plain","required":true},"server_port_set":{"type":["set","number"],"description":"The Server Port Set of the desired ScalingGroup set to.Valid Values 1-65535.","description_kind":"plain","optional":true,"computed":true},"slb_id":{"type":"string","description":"The SLB ID of the desired ScalingGroup set to.","description_kind":"plain","required":true},"weight":{"type":"number","description":"The weight of the desired ScalingGroup set to.Valid Values 1-100.","description_kind":"plain","optional":true}},"description_kind":"plain"}}},"description_kind":"plain"}},"ksyun_scaling_instance":{"version":0,"block":{"attributes":{"add_time":{"type":"string","description":"The time of creation of ScalingInstance, formatted in RFC3339 time string.","description_kind":"plain","computed":true},"creation_type":{"type":"string","description":"Creation type.","description_kind":"plain","computed":true},"health_status":{"type":"string","description":"Health status.","description_kind":"plain","computed":true},"id":{"type":"string","description_kind":"plain","optional":true,"computed":true},"protected_from_detach":{"type":"number","description":"The KEC Instance Name of the desired ScalingInstance.Valid Value 0,1.","description_kind":"plain","required":true},"scaling_group_id":{"type":"string","description":"The ScalingGroup ID of the desired ScalingInstance belong to.","description_kind":"plain","required":true},"scaling_instance_id":{"type":"string","description":"The KEC Instance ID of the desired ScalingInstance.","description_kind":"plain","required":true},"scaling_instance_name":{"type":"string","description":"The name of the instance.","description_kind":"plain","computed":true}},"description_kind":"plain"}},"ksyun_scaling_notification":{"version":0,"block":{"attributes":{"id":{"type":"string","description_kind":"plain","optional":true,"computed":true},"scaling_group_id":{"type":"string","description":"The ScalingGroup ID of the desired ScalingNotification belong to.","description_kind":"plain","required":true},"scaling_notification_id":{"type":"string","description":"The ID of the notification.","description_kind":"plain","computed":true},"scaling_notification_types":{"type":["set","string"],"description":"The List Types of the desired ScalingNotification.Valid Value '1', '2', '3', '4', '5', '6'.","description_kind":"plain","required":true}},"description_kind":"plain"}},"ksyun_scaling_policy":{"version":0,"block":{"attributes":{"adjustment_type":{"type":"string","description":"The Adjustment Type of the desired ScalingPolicy.Valid Value 'TotalCapacity', 'QuantityChangeInCapacity', 'PercentChangeInCapacity'.","description_kind":"plain","optional":true},"adjustment_value":{"type":"number","description":"The Adjustment Value of the desired ScalingPolicy.Valid Value -100 ~ 100.","description_kind":"plain","optional":true},"comparison_operator":{"type":"string","description":"The Comparison Operator of the desired ScalingPolicy.Valid Value 'Greater', 'EqualOrGreater', 'Less', 'EqualOrLess', 'Equal', 'NotEqual'.","description_kind":"plain","optional":true},"cool_down":{"type":"number","description":"The Cool Down of the desired ScalingPolicy.Min is 60.","description_kind":"plain","optional":true},"create_time":{"type":"string","description":"The creation time.","description_kind":"plain","computed":true},"dimension_name":{"type":"string","description":"The Dimension Name of the desired ScalingPolicy.Valid Value 'cpu_usage', 'mem_usage', 'net_outtraffic', 'net_intraffic', 'listener_outtraffic', 'listener_intraffic'.","description_kind":"plain","optional":true},"function":{"type":"string","description":"The Function Model of the desired ScalingPolicy.Valid Value 'avg', 'min', 'max'.","description_kind":"plain","optional":true},"id":{"type":"string","description_kind":"plain","optional":true,"computed":true},"period":{"type":"number","description":"The Period of the desired ScalingPolicy.Min is 60.","description_kind":"plain","optional":true},"repeat_times":{"type":"number","description":"The Repeat Times of the desired ScalingPolicy.Valid Value 1-10.","description_kind":"plain","optional":true},"scaling_group_id":{"type":"string","description":"The ScalingGroup ID of the desired ScalingNotification belong to.","description_kind":"plain","required":true},"scaling_policy_id":{"type":"string","description":"The ID of the scaling policy.","description_kind":"plain","computed":true},"scaling_policy_name":{"type":"string","description":"The Name of the desired ScalingPolicy.","description_kind":"plain","optional":true},"threshold":{"type":"number","description":"The Threshold of the desired ScalingPolicy.","description_kind":"plain","optional":true}},"description_kind":"plain"}},"ksyun_scaling_scheduled_task":{"version":0,"block":{"attributes":{"create_time":{"type":"string","description":"The creation time.","description_kind":"plain","computed":true},"description":{"type":"string","description":"The description of the task.","description_kind":"plain","computed":true},"end_time":{"type":"string","description":"The End Time Operator of the desired ScalingScheduledTask.","description_kind":"plain","optional":true,"computed":true},"id":{"type":"string","description_kind":"plain","optional":true,"computed":true},"readjust_expect_size":{"type":"number","description":"The Readjust Expect Size of the desired ScalingScheduledTask.","description_kind":"plain","optional":true},"readjust_max_size":{"type":"number","description":"The Readjust Max Size of the desired ScalingScheduledTask.","description_kind":"plain","optional":true},"readjust_min_size":{"type":"number","description":"The Readjust Min Size of the desired ScalingScheduledTask.","description_kind":"plain","optional":true},"recurrence":{"type":"string","description":"The Recurrence of the desired ScalingScheduledTask.","description_kind":"plain","optional":true,"computed":true},"repeat_cycle":{"type":"string","description":"The Repeat Cycle the desired ScalingScheduledTask.","description_kind":"plain","optional":true},"repeat_unit":{"type":"string","description":"The Repeat Unit of the desired ScalingScheduledTask.","description_kind":"plain","optional":true},"scaling_group_id":{"type":"string","description":"The ScalingGroup ID of the desired ScalingScheduledTask belong to.","description_kind":"plain","required":true},"scaling_scheduled_task_id":{"type":"string","description":"The ID of the task.","description_kind":"plain","computed":true},"scaling_scheduled_task_name":{"type":"string","description":"The Name of the desired ScalingScheduledTask.","description_kind":"plain","optional":true},"start_time":{"type":"string","description":"The Start Time of the desired ScalingScheduledTask.","description_kind":"plain","required":true}},"description_kind":"plain"}},"ksyun_security_group":{"version":0,"block":{"attributes":{"create_time":{"type":"string","description":"The time of creation of security group.","description_kind":"plain","computed":true},"id":{"type":"string","description_kind":"plain","optional":true,"computed":true},"security_group_id":{"type":"string","description":"The ID of the security group.","description_kind":"plain","computed":true},"security_group_name":{"type":"string","description":"The name of the security group.","description_kind":"plain","optional":true},"vpc_id":{"type":"string","description":"The Id of the vpc.","description_kind":"plain","required":true}},"block_types":{"security_group_entries":{"nesting_mode":"set","block":{"attributes":{"cidr_block":{"type":"string","description":"The cidr block of security group rule.","description_kind":"plain","required":true},"description":{"type":"string","description":"The description of the entry.","description_kind":"plain","optional":true,"computed":true},"direction":{"type":"string","description":"The direction of the entry, valid values:'in', 'out'.","description_kind":"plain","required":true},"icmp_code":{"type":"number","description":"ICMP code.The required if protocol type is 'icmp'.","description_kind":"plain","optional":true},"icmp_type":{"type":"number","description":"ICMP type.The required if protocol type is 'icmp'.","description_kind":"plain","optional":true},"port_range_from":{"type":"number","description":"Port rule start port for TCP or UDP protocol.The required if protocol type is 'tcp' or 'udp'.","description_kind":"plain","optional":true},"port_range_to":{"type":"number","description":"Port rule end port for TCP or UDP protocol.The required if protocol type is 'tcp' or 'udp'.","description_kind":"plain","optional":true},"protocol":{"type":"string","description":"The protocol of the entry, valid values: 'ip', 'tcp', 'udp', 'icmp'.","description_kind":"plain","required":true},"security_group_entry_id":{"type":"string","description":"The ID of the entry.","description_kind":"plain","computed":true}},"description_kind":"plain"}}},"description_kind":"plain"}},"ksyun_security_group_entry":{"version":0,"block":{"attributes":{"cidr_block":{"type":"string","description":"The cidr block of security group rule.","description_kind":"plain","required":true},"description":{"type":"string","description":"The description of the entry.","description_kind":"plain","optional":true,"computed":true},"direction":{"type":"string","description":"The direction of the entry, valid values:'in', 'out'.","description_kind":"plain","required":true},"icmp_code":{"type":"number","description":"ICMP code.The required if protocol type is 'icmp'.","description_kind":"plain","optional":true},"icmp_type":{"type":"number","description":"ICMP type.The required if protocol type is 'icmp'.","description_kind":"plain","optional":true},"id":{"type":"string","description_kind":"plain","optional":true,"computed":true},"port_range_from":{"type":"number","description":"Port rule start port for TCP or UDP protocol.The required if protocol type is 'tcp' or 'udp'.","description_kind":"plain","optional":true},"port_range_to":{"type":"number","description":"Port rule end port for TCP or UDP protocol.The required if protocol type is 'tcp' or 'udp'.","description_kind":"plain","optional":true},"protocol":{"type":"string","description":"The protocol of the entry, valid values: 'ip', 'tcp', 'udp', 'icmp'.","description_kind":"plain","required":true},"security_group_entry_id":{"type":"string","description":"The ID of the entry.","description_kind":"plain","computed":true},"security_group_id":{"type":"string","description":"The ID of the security group.","description_kind":"plain","required":true}},"description_kind":"plain"}},"ksyun_snapshot":{"version":0,"block":{"attributes":{"availability_zone":{"type":"string","description":"Availability zone.","description_kind":"plain","computed":true},"create_time":{"type":"string","description":"The creation time.","description_kind":"plain","computed":true},"id":{"type":"string","description_kind":"plain","optional":true,"computed":true},"progress":{"type":"string","description":"Snapshot progress. Example value: 100%.","description_kind":"plain","computed":true},"size":{"type":"number","description":"The size of the snapshot, unit is 'GB'.","description_kind":"plain","computed":true},"snapshot_desc":{"type":"string","description":"The description of the snapshot.","description_kind":"plain","optional":true,"computed":true},"snapshot_name":{"type":"string","description":"The name of the snapshot.","description_kind":"plain","optional":true,"computed":true},"snapshot_status":{"type":"string","description":"snapshot status.","description_kind":"plain","computed":true},"snapshot_type":{"type":"string","description":"The type of the snapshot, valid values: 'LocalSnapShot', 'CommonSnapShot'. Default is 'CommonSnapShot'.","description_kind":"plain","optional":true,"computed":true},"volume_category":{"type":"string","description":"The category of the volume, 'data' or 'system'.","description_kind":"plain","computed":true},"volume_id":{"type":"string","description":"The ID of the volume. Snapshot requires the Volume to be in \"in-use\" or \"available\" status.When the Volume status is \"in-use\", the kec instance status can be either \"running\" or \"stopped\".","description_kind":"plain","required":true},"volume_status":{"type":"string","description":"Volume status.","description_kind":"plain","computed":true}},"block_types":{"timeouts":{"nesting_mode":"single","block":{"attributes":{"create":{"type":"string","description_kind":"plain","optional":true},"delete":{"type":"string","description_kind":"plain","optional":true},"update":{"type":"string","description_kind":"plain","optional":true}},"description_kind":"plain"}}},"description_kind":"plain"}},"ksyun_sqlserver":{"version":0,"block":{"attributes":{"availability_zone_1":{"type":"string","description_kind":"plain","optional":true},"availability_zone_2":{"type":"string","description_kind":"plain","optional":true},"bill_type":{"type":"string","description_kind":"plain","required":true},"db_instance_class":{"type":"string","description":"this value regex db.ram.d{1,3}|db.disk.d{1,5} , db.ram is rds random access memory size, db.disk is disk size","description_kind":"plain","required":true},"db_instance_identifier":{"type":"string","description":"source instance identifier","description_kind":"plain","optional":true,"computed":true},"db_instance_name":{"type":"string","description_kind":"plain","required":true},"db_instance_type":{"type":"string","description":"HRDS_SS","description_kind":"plain","required":true},"duration":{"type":"number","description_kind":"plain","optional":true},"engine":{"type":"string","description":"engine is db type, only support SQLServer","description_kind":"plain","required":true},"engine_version":{"type":"string","description":"db engine version only support 2008r2,2012,2016","description_kind":"plain","required":true},"id":{"type":"string","description_kind":"plain","optional":true,"computed":true},"instance_create_time":{"type":"string","description_kind":"plain","optional":true,"computed":true},"master_user_name":{"type":"string","description_kind":"plain","required":true},"master_user_password":{"type":"string","description_kind":"plain","required":true},"port":{"type":"number","description_kind":"plain","optional":true,"computed":true},"preferred_backup_time":{"type":"string","description_kind":"plain","optional":true},"project_id":{"type":"number","description_kind":"plain","optional":true},"region":{"type":"string","description_kind":"plain","optional":true,"computed":true},"security_group_id":{"type":"string","description":"proprietary security group id for krds","description_kind":"plain","optional":true},"sub_order_id":{"type":"string","description_kind":"plain","optional":true,"computed":true},"subnet_id":{"type":"string","description_kind":"plain","required":true},"vpc_id":{"type":"string","description_kind":"plain","required":true}},"block_types":{"timeouts":{"nesting_mode":"single","block":{"attributes":{"create":{"type":"string","description_kind":"plain","optional":true},"delete":{"type":"string","description_kind":"plain","optional":true},"update":{"type":"string","description_kind":"plain","optional":true}},"description_kind":"plain"}}},"description_kind":"plain"}},"ksyun_ssh_key":{"version":0,"block":{"attributes":{"create_time":{"type":"string","description":"creation time of the key.","description_kind":"plain","computed":true},"id":{"type":"string","description_kind":"plain","optional":true,"computed":true},"key_id":{"type":"string","description":"ID of the key.","description_kind":"plain","computed":true},"key_name":{"type":"string","description":"name of the key.","description_kind":"plain","optional":true},"private_key":{"type":"string","description":"private key.","description_kind":"plain","computed":true},"public_key":{"type":"string","description":"public key.","description_kind":"plain","optional":true,"computed":true}},"description_kind":"plain"}},"ksyun_subnet":{"version":0,"block":{"attributes":{"availability_zone":{"type":"string","description":"The name of the availability zone.","description_kind":"plain","optional":true,"computed":true},"availability_zone_name":{"type":"string","description":"The name of the availability zone.","description_kind":"plain","computed":true},"available_ip_number":{"type":"string","description":"number of available IPs.","description_kind":"plain","computed":true},"cidr_block":{"type":"string","description":"The CIDR block assigned to the subnet.","description_kind":"plain","required":true},"create_time":{"type":"string","description":"creation time of the subnet.","description_kind":"plain","computed":true},"dhcp_ip_from":{"type":"string","description":"DHCP start IP.","description_kind":"plain","optional":true,"computed":true},"dhcp_ip_to":{"type":"string","description":"DHCP end IP.","description_kind":"plain","optional":true,"computed":true},"dns1":{"type":"string","description":"The dns of the subnet.","description_kind":"plain","optional":true,"computed":true},"dns2":{"type":"string","description":"The dns of the subnet.","description_kind":"plain","optional":true,"computed":true},"gateway_ip":{"type":"string","description":"The IP of gateway.","description_kind":"plain","optional":true,"computed":true},"id":{"type":"string","description_kind":"plain","optional":true,"computed":true},"ipv6_cidr_block_association_set":{"type":["list",["object",{"ipv6_cidr_block":"string"}]],"description":"An Ipv6 association list of this subnet.","description_kind":"plain","computed":true},"nat_id":{"type":"string","description":"The id of the NAT that the desired Subnet associated to.","description_kind":"plain","computed":true},"network_acl_id":{"type":"string","description":"The id of the ACL that the desired Subnet associated to.","description_kind":"plain","computed":true},"provided_ipv6_cidr_block":{"type":"bool","description":"whether support IPV6 CIDR blocks. \u003cbr\u003e NOTES: providing a part of regions now.","description_kind":"plain","optional":true},"subnet_id":{"type":"string","description":"ID of the subnet.","description_kind":"plain","computed":true},"subnet_name":{"type":"string","description":"The name of the subnet.","description_kind":"plain","optional":true,"computed":true},"subnet_type":{"type":"string","description":"The type of subnet. Valid Values:'Reserve', 'Normal', 'Physical'.","description_kind":"plain","required":true},"vpc_id":{"type":"string","description":"The id of the vpc.","description_kind":"plain","required":true}},"description_kind":"plain"}},"ksyun_tag":{"version":0,"block":{"attributes":{"id":{"type":"string","description_kind":"plain","optional":true,"computed":true},"key":{"type":"string","description":"Tag key.","description_kind":"plain","required":true},"resource_id":{"type":"string","description":"Resource ID.","description_kind":"plain","required":true},"resource_type":{"type":"string","description":"Resource type.","description_kind":"plain","required":true},"value":{"type":"string","description":"Tag value.","description_kind":"plain","required":true}},"description_kind":"plain"}},"ksyun_volume":{"version":0,"block":{"attributes":{"availability_zone":{"type":"string","description":"The availability zone in which the EBS volume resides.","description_kind":"plain","required":true},"charge_type":{"type":"string","description":"The billing mode of the EBS volume. Valid values: 'HourlyInstantSettlement', 'Daily'.","description_kind":"plain","required":true},"create_time":{"type":"string","description":"The time when the EBS volume was created.","description_kind":"plain","computed":true},"id":{"type":"string","description_kind":"plain","optional":true,"computed":true},"instance_id":{"type":"string","description":"The ID of the KEC instance to which the EBS volume is to be attached.","description_kind":"plain","computed":true},"online_resize":{"type":"bool","description":"Specifies whether to expand the capacity of the EBS volume online, default is true.","description_kind":"plain","optional":true},"project_id":{"type":"number","description":"The ID of the project.","description_kind":"plain","optional":true},"size":{"type":"number","description":"The capacity of the EBS volume, in GB. Value range: [10, 32000], Default is 10.","description_kind":"plain","optional":true},"snapshot_id":{"type":"string","description":"When the cloud disk snapshot opens, the snapshot id is entered.","description_kind":"plain","optional":true},"volume_category":{"type":"string","description":"The category to which the EBS volume belongs. Valid values: 'system' and 'data'.","description_kind":"plain","computed":true},"volume_desc":{"type":"string","description":"The description of the EBS volume.","description_kind":"plain","optional":true},"volume_name":{"type":"string","description":"The name of the EBS volume.","description_kind":"plain","optional":true},"volume_status":{"type":"string","description":"The status of the EBS volume.","description_kind":"plain","computed":true},"volume_type":{"type":"string","description":"The type of the EBS volume. Valid values:ESSD_PL0/ESSD_PL1/ESSD_PL2/ESSD_PL3/SSD3.0/EHDD, default is `SSD3.0`.","description_kind":"plain","optional":true}},"block_types":{"timeouts":{"nesting_mode":"single","block":{"attributes":{"create":{"type":"string","description_kind":"plain","optional":true},"delete":{"type":"string","description_kind":"plain","optional":true},"update":{"type":"string","description_kind":"plain","optional":true}},"description_kind":"plain"}}},"description_kind":"plain"}},"ksyun_volume_attach":{"version":0,"block":{"attributes":{"availability_zone":{"type":"string","description":"The availability zone in which the EBS volume resides.","description_kind":"plain","computed":true},"create_time":{"type":"string","description":"The time when the EBS volume was created.","description_kind":"plain","computed":true},"delete_with_instance":{"type":"bool","description":"Specifies whether to delete the EBS volume when the KEC instance to which it is attached is deleted. Default value: false.","description_kind":"plain","optional":true},"id":{"type":"string","description_kind":"plain","optional":true,"computed":true},"instance_id":{"type":"string","description":"The ID of the KEC instance to which the EBS volume is to be attached.","description_kind":"plain","required":true},"project_id":{"type":"number","description":"The ID of the project.","description_kind":"plain","computed":true},"size":{"type":"number","description":"The capacity of the EBS volume, in GB.","description_kind":"plain","computed":true},"volume_category":{"type":"string","description":"The category of the EBS volume.","description_kind":"plain","computed":true},"volume_desc":{"type":"string","description":"The description of the EBS volume.","description_kind":"plain","computed":true},"volume_id":{"type":"string","description":"The ID of the EBS volume.","description_kind":"plain","required":true},"volume_name":{"type":"string","description":"The name of the EBS volume.","description_kind":"plain","computed":true},"volume_status":{"type":"string","description":"The status of the EBS volume.","description_kind":"plain","computed":true},"volume_type":{"type":"string","description":"The type of the EBS volume.","description_kind":"plain","computed":true}},"block_types":{"timeouts":{"nesting_mode":"single","block":{"attributes":{"create":{"type":"string","description_kind":"plain","optional":true}},"description_kind":"plain"}}},"description_kind":"plain"}},"ksyun_vpc":{"version":0,"block":{"attributes":{"cidr_block":{"type":"string","description":"The CIDR blocks of VPC.","description_kind":"plain","optional":true},"create_time":{"type":"string","description":"The time of creation for VPC.","description_kind":"plain","computed":true},"id":{"type":"string","description_kind":"plain","optional":true,"computed":true},"ipv6_cidr_block_association_set":{"type":["list",["object",{"ipv6_cidr_block":"string"}]],"description":"An Ipv6 association list of this vpc.","description_kind":"plain","computed":true},"is_default":{"type":"bool","description":"Whether the VPC is default or not.","description_kind":"plain","optional":true},"provided_ipv6_cidr_block":{"type":"bool","description":"whether support IPV6 CIDR blocks. \u003cbr\u003e NOTES: providing a part of regions now.","description_kind":"plain","optional":true},"vpc_name":{"type":"string","description":"The name of the vpc.","description_kind":"plain","optional":true}},"description_kind":"plain"}},"ksyun_vpn_customer_gateway":{"version":0,"block":{"attributes":{"customer_gateway_address":{"type":"string","description":"The customer gateway address of the vpn customer gateway.","description_kind":"plain","required":true},"customer_gateway_mame":{"type":"string","description":"The name of the vpn customer gateway.","description_kind":"plain","required":true},"ha_customer_gateway_address":{"type":"string","description":"The ha customer gateway address of the vpn customer gateway.","description_kind":"plain","required":true},"id":{"type":"string","description_kind":"plain","optional":true,"computed":true}},"description_kind":"plain"}},"ksyun_vpn_gateway":{"version":0,"block":{"attributes":{"band_width":{"type":"number","description":"The bandWidth of the vpn gateway.Valid Values:5,10,20,50,100,200.","description_kind":"plain","required":true},"charge_type":{"type":"string","description":"The charge type of the vpn gateway.Valid Values:'Monthly','Daily'.","description_kind":"plain","required":true},"id":{"type":"string","description_kind":"plain","optional":true,"computed":true},"project_id":{"type":"string","description":"The project id  of the vpn gateway.Default is 0.","description_kind":"plain","optional":true,"computed":true},"purchase_time":{"type":"number","description":"The purchase time of the vpn gateway.","description_kind":"plain","optional":true},"vpc_id":{"type":"string","description":"The id of the vpc.","description_kind":"plain","required":true},"vpn_gateway_id":{"type":"string","description":"The ID of the vpn gateway.","description_kind":"plain","computed":true},"vpn_gateway_name":{"type":"string","description":"The name of the vpn gateway.","description_kind":"plain","optional":true,"computed":true}},"description_kind":"plain"}},"ksyun_vpn_tunnel":{"version":0,"block":{"attributes":{"customer_gateway_id":{"type":"string","description":"The customer_gateway_id of the vpn tunnel.","description_kind":"plain","required":true},"customer_gre_ip":{"type":"string","description":"The customer_gre_ip of the vpn tunnel.If type is GreOverIpsec,Required.","description_kind":"plain","optional":true},"ha_customer_gre_ip":{"type":"string","description":"The ha_customer_gre_ip of the vpn tunnel.If type is GreOverIpsec,Required.","description_kind":"plain","optional":true},"ha_vpn_gre_ip":{"type":"string","description":"The ha_vpn_gre_ip of the vpn tunnel.If type is GreOverIpsec,Required.","description_kind":"plain","optional":true},"id":{"type":"string","description_kind":"plain","optional":true,"computed":true},"ike_authen_algorithm":{"type":"string","description":"The ike_authen_algorithm of the vpn tunnel.Valid Values:'md5','sha'.","description_kind":"plain","optional":true,"computed":true},"ike_dh_group":{"type":"number","description":"The ike_dh_group of the vpn tunnel.Valid Values:1,2,5.","description_kind":"plain","optional":true,"computed":true},"ike_encry_algorithm":{"type":"string","description":"The ike_encry_algorithm of the vpn tunnel.Valid Values:'3des','aes','des'.","description_kind":"plain","optional":true,"computed":true},"ipsec_authen_algorithm":{"type":"string","description":"The ipsec_authen_algorithm of the vpn tunnel.Valid Values:'esp-md5-hmac','esp-sha-hmac'.","description_kind":"plain","optional":true,"computed":true},"ipsec_encry_algorithm":{"type":"string","description":"The ipsec_encry_algorithm of the vpn tunnel.Valid Values:'esp-3des','esp-aes','esp-des','esp-null','esp-seal'.","description_kind":"plain","optional":true,"computed":true},"ipsec_lifetime_second":{"type":"number","description":"The ipsec_lifetime_second of the vpn tunnel.","description_kind":"plain","optional":true,"computed":true},"ipsec_lifetime_traffic":{"type":"number","description":"The ipsec_lifetime_traffic of the vpn tunnel.","description_kind":"plain","optional":true,"computed":true},"pre_shared_key":{"type":"string","description":"The pre_shared_key of the vpn tunnel.","description_kind":"plain","required":true},"type":{"type":"string","description":"The bandWidth of the vpn tunnel.Valid Values:'GreOverIpsec','Ipsec'.","description_kind":"plain","required":true},"vpn_gateway_id":{"type":"string","description":"The vpn_gateway_id of the vpn tunnel.","description_kind":"plain","required":true},"vpn_gre_ip":{"type":"string","description":"The vpn_gre_ip of the vpn tunnel.If type is GreOverIpsec, Required.","description_kind":"plain","optional":true},"vpn_tunnel_name":{"type":"string","description":"The name of the vpn tunnel.","description_kind":"plain","optional":true,"computed":true}},"description_kind":"plain"}}},"data_source_schemas":{"ksyun_alb_listener_cert_groups":{"version":0,"block":{"attributes":{"alb_listener_id":{"type":["set","string"],"description":"One or more ALB Listener IDs.","description_kind":"plain","optional":true},"id":{"type":"string","description_kind":"plain","optional":true,"computed":true},"ids":{"type":["set","string"],"description":"A list of ALB Listener cert group IDs, all the ALB Listener cert groups belong to this region will be retrieved if the ID is `\"\"`.","description_kind":"plain","optional":true},"listener_cert_groups":{"type":["list",["object",{"alb_listener_cert_group_id":"string","alb_listener_cert_set":["list",["object",{"cert_authority":"string","certificate_id":"string","certificate_name":"string","common_name":"string","create_time":"string","expire_time":"string"}]],"alb_listener_id":"string","id":"string"}]],"description":"An information list of ALB Listener cert groups. Each element contains the following attributes:","description_kind":"plain","computed":true},"output_file":{"type":"string","description":"File name where to save data source results (after running `terraform plan`).","description_kind":"plain","optional":true},"total_count":{"type":"number","description":"Total number of ALB listener cert groups that satisfy the condition.","description_kind":"plain","computed":true}},"description_kind":"plain"}},"ksyun_alb_listeners":{"version":0,"block":{"attributes":{"acl_id":{"type":["set","string"],"description":"One or more ACL ID.","description_kind":"plain","optional":true},"alb_id":{"type":["set","string"],"description":"One or more ALB IDs.","description_kind":"plain","optional":true},"id":{"type":"string","description_kind":"plain","optional":true,"computed":true},"ids":{"type":["set","string"],"description":"A list of ALB Listener IDs, all the ALB Listeners belong to this region will be retrieved if the ID is `\"\"`.","description_kind":"plain","optional":true},"listeners":{"type":["list",["object",{"alb_id":"string","alb_listener_id":"string","alb_listener_name":"string","alb_listener_state":"string","certificate_id":"string","create_time":"string","enable_http2":"bool","health_check":["list",["object",{"health_check_id":"string","health_check_state":"string","healthy_threshold":"number","host_name":"string","interval":"number","listener_id":"string","timeout":"number","unhealthy_threshold":"number","url_path":"string"}]],"http_protocol":"string","id":"string","method":"string","port":"number","protocol":"string","redirect_alb_listener_id":"string","session":["list",["object",{"cookie_name":"string","cookie_type":"string","session_persistence_period":"number","session_state":"string"}]],"tls_cipher_policy":"string"}]],"description":"An information list of ALB Listeners. Each element contains the following attributes:","description_kind":"plain","computed":true},"output_file":{"type":"string","description":"File name where to save data source results (after running `terraform plan`).","description_kind":"plain","optional":true},"protocol":{"type":["set","string"],"description":"One or more Listener protocol.","description_kind":"plain","optional":true},"total_count":{"type":"number","description":"Total number of ALB listeners that satisfy the condition.","description_kind":"plain","computed":true}},"description_kind":"plain"}},"ksyun_alb_rule_groups":{"version":0,"block":{"attributes":{"alb_listener_id":{"type":["set","string"],"description":"one or more alb listener id.","description_kind":"plain","optional":true},"alb_rule_groups":{"type":["list",["object",{"alb_listener_id":"string","alb_rule_group_id":"string","alb_rule_group_name":"string","alb_rule_set":["list",["object",{"alb_rule_type":"string","alb_rule_value":"string"}]],"backend_server_group_id":"string","cookie_name":"string","cookie_type":"string","health_check_state":"string","healthy_threshold":"number","host_name":"string","id":"string","interval":"number","listener_sync":"string","method":"string","session_persistence_period":"number","session_state":"string","timeout":"number","unhealthy_threshold":"number","url_path":"string"}]],"description":"An information list of ALB Rule Groups. Each element contains the following attributes:","description_kind":"plain","computed":true},"id":{"type":"string","description_kind":"plain","optional":true,"computed":true},"ids":{"type":["set","string"],"description":"A list of ALB Rule Group IDs, all the ALB Rule Group belong to this region will be retrieved if the ID is `\"\"`.","description_kind":"plain","optional":true},"output_file":{"type":"string","description":"File name where to save data source results (after running `terraform plan`).","description_kind":"plain","optional":true},"total_count":{"type":"number","description":"Total number of ALB Rule Groups that satisfy the condition.","description_kind":"plain","computed":true}},"description_kind":"plain"}},"ksyun_albs":{"version":0,"block":{"attributes":{"albs":{"type":["list",["object",{"alb_id":"string","alb_name":"string","alb_type":"string","alb_version":"string","charge_type":"string","create_time":"string","enabled_log":"bool","id":"string","ip_version":"string","klog_info":["list",["object",{"account_id":"string","log_pool_name":"string","project_name":"string"}]],"project_id":"string","public_ip":"string","state":"string","status":"string","vpc_id":"string"}]],"description":"An information list of ALB. Each element contains the following attributes:","description_kind":"plain","computed":true},"id":{"type":"string","description_kind":"plain","optional":true,"computed":true},"ids":{"type":["set","string"],"description":"A list of ALB IDs, all the ALBs belong to this region will be retrieved if the ID is `\"\"`.","description_kind":"plain","optional":true},"output_file":{"type":"string","description":"File name where to save data source results (after running `terraform plan`).","description_kind":"plain","optional":true},"state":{"type":["set","string"],"description":"One or more state.","description_kind":"plain","optional":true},"total_count":{"type":"number","description":"Total number of ALBs that satisfy the condition.","description_kind":"plain","computed":true},"vpc_id":{"type":["set","string"],"description":"One or more VPC IDs.","description_kind":"plain","optional":true}},"description_kind":"plain"}},"ksyun_auto_snapshot_policy":{"version":0,"block":{"attributes":{"auto_snapshot_policy_ids":{"type":["list","string"],"description":"The id of auto snapshot policy.","description_kind":"plain","optional":true},"id":{"type":"string","description_kind":"plain","optional":true,"computed":true},"name":{"type":"string","description":"the name of auto snapshot policy.","description_kind":"plain","optional":true},"output_file":{"type":"string","description":"File name where to save data source results (after running `terraform plan`).","description_kind":"plain","optional":true},"snapshots":{"type":["list",["object",{"attach_ebs_volume_num":"number","attach_local_volume_num":"number","auto_snapshot_date":["list","string"],"auto_snapshot_policy_id":"string","auto_snapshot_policy_name":"string","auto_snapshot_time":["list","string"],"creation_date":"string"}]],"description":"An information list of auto snapshot policy. Each element contains the following attributes:","description_kind":"plain","computed":true},"total_count":{"type":"number","description":"Total number of auto snapshot policies resources that satisfy the condition.","description_kind":"plain","computed":true}},"description_kind":"plain"}},"ksyun_auto_snapshot_volume_association":{"version":0,"block":{"attributes":{"attach_volume_id":{"type":"string","description":"The id of the volume.","description_kind":"plain","optional":true},"auto_snapshot_policy_id":{"type":"string","description":"The id of the auto snapshot policy.","description_kind":"plain","optional":true},"id":{"type":"string","description_kind":"plain","optional":true,"computed":true},"output_file":{"type":"string","description":"File name where to save data source results (after running `terraform plan`).","description_kind":"plain","optional":true},"total_count":{"type":"number","description":"Total number of snapshot policies resources that satisfy the condition.","description_kind":"plain","computed":true},"volume_asp_associations":{"type":["list",["object",{"attach_volume_id":"string","auto_snapshot_policy_id":"string"}]],"description":"An information list of the associations of volumes and auto snapshot policy. Each element contains the following attributes:","description_kind":"plain","computed":true}},"description_kind":"plain"}},"ksyun_availability_zones":{"version":0,"block":{"attributes":{"availability_zones":{"type":["list",["object",{"availability_zone_name":"string"}]],"description":"An information list of AvailabilityZones. Each element contains the following attributes:","description_kind":"plain","computed":true},"id":{"type":"string","description_kind":"plain","optional":true,"computed":true},"output_file":{"type":"string","description":"File name where to save data source results (after running `terraform plan`).","description_kind":"plain","optional":true},"total_count":{"type":"number","description":"Total number of AvailabilityZones that satisfy the condition.","description_kind":"plain","computed":true}},"description_kind":"plain"}},"ksyun_bare_metal_images":{"version":0,"block":{"attributes":{"id":{"type":"string","description_kind":"plain","optional":true,"computed":true},"ids":{"type":["set","string"],"description":"A list of Bare Metal Images IDs, all the Bare Metal Images belong to this region will be retrieved if the ID is `\"\"`.","description_kind":"plain","optional":true},"image_type":{"type":["set","string"],"description":"A list of Bare Metal Images Types.","description_kind":"plain","optional":true},"images":{"type":["list",["object",{"create_time":"string","image_id":"string","image_name":"string","image_type":"string","os_name":"string","os_type":"string"}]],"description":"It is a nested type which documented below.","description_kind":"plain","computed":true},"name_regex":{"type":"string","description":"A regex string to filter results by name of Bare Metal Image.","description_kind":"plain","optional":true},"output_file":{"type":"string","description":"File name where to save data source results (after running `terraform plan`).","description_kind":"plain","optional":true},"total_count":{"type":"number","description":"Total number of Bare Metal Images that satisfy the condition.","description_kind":"plain","computed":true}},"description_kind":"plain"}},"ksyun_bare_metal_raid_attributes":{"version":0,"block":{"attributes":{"host_type":{"type":["set","string"],"description":"A list of Bare Metal Raid Attribute Host Types.","description_kind":"plain","optional":true},"id":{"type":"string","description_kind":"plain","optional":true,"computed":true},"name_regex":{"type":"string","description":"A regex string to filter results by name of Bare Metal Raid template.","description_kind":"plain","optional":true},"output_file":{"type":"string","description":"File name where to save data source results (after running `terraform plan`).","description_kind":"plain","optional":true},"raid_attributes":{"type":["list",["object",{"create_time":"string","disk_set":["list",["object",{"disk_attribute":"string","disk_count":"string","disk_id":"string","disk_space":"string","disk_type":"string","raid":"string","space":"string","system_disk_space":"string"}]],"host_type":"string","raid_id":"string","template_name":"string"}]],"description":"Total number of Bare Metal Raid Attributes that satisfy the condition.","description_kind":"plain","computed":true},"total_count":{"type":"number","description":"Total number of Bare Metal Raid Attributes that satisfy the condition.","description_kind":"plain","computed":true}},"description_kind":"plain"}},"ksyun_bare_metals":{"version":0,"block":{"attributes":{"bare_metals":{"type":["list",["object",{"availability_zone":"string","cabinet_id":"string","cloud_monitor_agent":"string","cpu":["list",["object",{"core_count":"number","count":"number","frequence":"string","model":"string"}]],"create_time":"string","disk_set":["list",["object",{"disk_type":"string","raid":"string","space":"string"}]],"enable_bond":"bool","host_id":"string","host_name":"string","host_status":"string","host_type":"string","image_id":"string","memory":"string","network_interface_attribute_set":["list",["object",{"dns1":"string","dns2":"string","mac":"string","network_interface_id":"string","network_interface_type":"string","private_ip_address":"string","security_group_set":["list",["object",{"security_group_id":"string"}]],"subnet_id":"string","vpc_id":"string"}]],"network_interface_mode":"string","os_name":"string","product_type":"string","raid":"string","security_agent":"string","sn":"string"}]],"description":"It is a nested type which documented below.","description_kind":"plain","computed":true},"cabinet_id":{"type":["set","string"],"description":"One or more Bare Metal cabinet IDs.","description_kind":"plain","optional":true},"epc_host_status":{"type":["set","string"],"description":"One or more Bare Metal status.","description_kind":"plain","optional":true},"host_name":{"type":["set","string"],"description":"One or more Bare Metal host names.","description_kind":"plain","optional":true},"host_type":{"type":["set","string"],"description":"One or more Bare Metal host types.","description_kind":"plain","optional":true},"id":{"type":"string","description_kind":"plain","optional":true,"computed":true},"ids":{"type":["set","string"],"description":"A list of Bare Metal IDs, all the Bare Metals belong to this region will be retrieved if the ID is `\"\"`.","description_kind":"plain","optional":true},"name_regex":{"type":"string","description":"A regex string to filter results by Bare Metal name.","description_kind":"plain","optional":true},"os_name":{"type":["set","string"],"description":"One or more Bare Metal operating system names.","description_kind":"plain","optional":true},"output_file":{"type":"string","description":"File name where to save data source results (after running `terraform plan`).","description_kind":"plain","optional":true},"product_type":{"type":["set","string"],"description":"One or more Bare Metal product types. valid values: 'lease', 'customer', 'lending'.","description_kind":"plain","optional":true},"project_id":{"type":["set","string"],"description":"One or more project IDs.","description_kind":"plain","optional":true},"subnet_id":{"type":["set","string"],"description":"One or more subnet IDs.","description_kind":"plain","optional":true},"total_count":{"type":"number","description":"Total number of Bare Metals that satisfy the condition.","description_kind":"plain","computed":true},"vpc_id":{"type":["set","string"],"description":"One or more vpc IDs.","description_kind":"plain","optional":true}},"description_kind":"plain"}},"ksyun_bwses":{"version":0,"block":{"attributes":{"allocation_ids":{"type":["set","string"],"description":"One or more ids of the EIPs in the BWS.","description_kind":"plain","optional":true},"band_width_shares":{"type":["list",["object",{"allocation_ids":["set","string"],"band_width":"number","band_width_share_id":"string","band_width_share_name":"string","create_time":"string","id":"string","line_id":"string","name":"string","project_id":"string"}]],"description":"It is a nested type which documented below.","description_kind":"plain","computed":true},"id":{"type":"string","description_kind":"plain","optional":true,"computed":true},"ids":{"type":["set","string"],"description":"A list of BWS IDs, all the BWSs belong to this region will be retrieved if the ID is `\"\"`.","description_kind":"plain","optional":true},"name_regex":{"type":"string","description":"A regex string to filter results by BWS name.","description_kind":"plain","optional":true},"output_file":{"type":"string","description":"File name where to save data source results (after running `terraform plan`).","description_kind":"plain","optional":true},"project_ids":{"type":["set","string"],"description":"One or more project IDs.","description_kind":"plain","optional":true},"total_count":{"type":"number","description":"Total number of BWS that satisfy the condition.","description_kind":"plain","computed":true}},"description_kind":"plain"}},"ksyun_certificates":{"version":0,"block":{"attributes":{"certificates":{"type":["list",["object",{"certificate_id":"string","certificate_name":"string"}]],"description":"It is a nested type which documented below.","description_kind":"plain","computed":true},"id":{"type":"string","description_kind":"plain","optional":true,"computed":true},"ids":{"type":["set","string"],"description":"A list of Certificate IDs, all the Certificates belong to this region will be retrieved if the ID is `\"\"`.","description_kind":"plain","optional":true},"name_regex":{"type":"string","description":"A regex string to filter results by certificate name.","description_kind":"plain","optional":true},"output_file":{"type":"string","description":"File name where to save data source results (after running `terraform plan`).","description_kind":"plain","optional":true},"total_count":{"type":"number","description":"Total number of certificates that satisfy the condition.","description_kind":"plain","computed":true}},"description_kind":"plain"}},"ksyun_data_guard_group":{"version":0,"block":{"attributes":{"data_guard_groups":{"type":["list",["object",{"data_guard_capacity":"number","data_guard_id":"string","data_guard_instances_list":["list",["object",{"instance_id":"string","instance_name":"string"}]],"data_guard_level":"string","data_guard_name":"string","data_guard_type":"string","data_guard_used_size":"number"}]],"description":"An information list of data guard groups. Each element contains the following attributes:","description_kind":"plain","computed":true},"data_guard_id":{"type":"string","description":"The id of data guard group.","description_kind":"plain","optional":true},"data_guard_name":{"type":"string","description":"The name of data guard group.","description_kind":"plain","optional":true},"id":{"type":"string","description_kind":"plain","optional":true,"computed":true},"output_file":{"type":"string","description":"File name where to save data source results (after running `terraform plan`).","description_kind":"plain","optional":true},"total_count":{"type":"number","description":"Total number of snapshot policies resources that satisfy the condition.","description_kind":"plain","computed":true}},"description_kind":"plain"}},"ksyun_dnats":{"version":0,"block":{"attributes":{"dnat_ids":{"type":["list","string"],"description":"The id list of dnats.","description_kind":"plain","optional":true},"dnat_name":{"type":"string","description":"The name of dnat.","description_kind":"plain","optional":true},"dnats":{"type":["list",["object",{"create_time":"string","description":"string","dnat_id":"string","dnat_name":"string","ip_protocol":"string","nat_id":"string","nat_ip":"string","private_ip_address":"string","private_port":"string","public_port":"string"}]],"description":"An information list of krds db parameter groups. Each element contains the following attributes:","description_kind":"plain","computed":true},"id":{"type":"string","description_kind":"plain","optional":true,"computed":true},"ip_protocol":{"type":"string","description":"The protocol of dnat rule.","description_kind":"plain","optional":true},"nat_id":{"type":"string","description":"The nat id of dnat associated.","description_kind":"plain","optional":true},"nat_ip":{"type":"string","description":"The nat ip.","description_kind":"plain","optional":true},"network_interface_id":{"type":"string","description":"The network interface id of dnat rule associated.","description_kind":"plain","optional":true},"output_file":{"type":"string","description":"File name where to save data source results (after running `terraform plan`).","description_kind":"plain","optional":true},"private_ip_address":{"type":"string","description":"The private ip address.","description_kind":"plain","optional":true},"public_port":{"type":"string","description":"The public port.","description_kind":"plain","optional":true},"total_count":{"type":"number","description":"Total number of snapshot policies resources that satisfy the condition.","description_kind":"plain","computed":true}},"description_kind":"plain"}},"ksyun_eips":{"version":0,"block":{"attributes":{"band_width_share_id":{"type":["set","string"],"description":"A list of BandWidthShare IDs.","description_kind":"plain","optional":true},"eips":{"type":["list",["object",{"allocation_id":"string","band_width":"number","band_width_share_id":"string","create_time":"string","id":"string","instance_id":"string","instance_type":"string","internet_gateway_id":"string","ip_version":"string","line_id":"string","network_interface_id":"string","project_id":"string","public_ip":"string","state":"string"}]],"description":"An information list of EIP. Each element contains the following attributes:","description_kind":"plain","computed":true},"id":{"type":"string","description_kind":"plain","optional":true,"computed":true},"ids":{"type":["set","string"],"description":"A list of Elastic IP IDs, all the EIPs belong to this region will be retrieved if the ID is `\"\"`.","description_kind":"plain","optional":true},"instance_type":{"type":["set","string"],"description":"A list of Instance Type.","description_kind":"plain","optional":true},"internet_gateway_id":{"type":["set","string"],"description":"A list of InternetGateway IDs.","description_kind":"plain","optional":true},"ip_version":{"type":"string","description":"IP Version.","description_kind":"plain","optional":true},"line_id":{"type":["set","string"],"description":"A list of Line IDs.","description_kind":"plain","optional":true},"network_interface_id":{"type":["set","string"],"description":"A list of NetworkInterface IDs.","description_kind":"plain","optional":true},"output_file":{"type":"string","description":"File name where to save data source results (after running `terraform plan`).","description_kind":"plain","optional":true},"project_id":{"type":["set","string"],"description":"One or more project IDs.","description_kind":"plain","optional":true},"public_ip":{"type":["set","string"],"description":"A list of EIP address.","description_kind":"plain","optional":true},"total_count":{"type":"number","description":"Total number of Elastic IPs that satisfy the condition.","description_kind":"plain","computed":true}},"description_kind":"plain"}},"ksyun_health_checks":{"version":0,"block":{"attributes":{"health_checks":{"type":["list",["object",{"health_check_id":"string","health_check_state":"string","healthy_threshold":"number","interval":"number","listener_id":"string","timeout":"number","unhealthy_threshold":"number"}]],"description":"It is a nested type which documented below.","description_kind":"plain","computed":true},"id":{"type":"string","description_kind":"plain","optional":true,"computed":true},"ids":{"type":["set","string"],"description":"A list of health check IDs, all the healthcheck belong to this region will be retrieved if the ID is `\"\"`.","description_kind":"plain","optional":true},"listener_id":{"type":["set","string"],"description":"A list of listener IDs, all the healthcheck belong to this region will be retrieved if the ID is `\"\"`.","description_kind":"plain","optional":true},"output_file":{"type":"string","description":"File name where to save data source results (after running `terraform plan`).","description_kind":"plain","optional":true},"total_count":{"type":"number","description":"Total number of healthcheck that satisfy the condition.","description_kind":"plain","computed":true}},"description_kind":"plain"}},"ksyun_images":{"version":0,"block":{"attributes":{"id":{"type":"string","description_kind":"plain","optional":true,"computed":true},"ids":{"type":["set","string"],"description":"A list of image IDs.","description_kind":"plain","optional":true},"image_source":{"type":"string","description":"Valid values are import, copy, share, extend, system.","description_kind":"plain","optional":true},"images":{"type":["list",["object",{"cloud_init_support":"bool","creation_date":"string","image_id":"string","image_source":"string","image_state":"string","instance_id":"string","ipv6_support":"bool","is_cloud_market":"bool","is_modify_type":"bool","is_npe":"bool","is_public":"bool","name":"string","platform":"string","progress":"string","real_image_id":"string","sys_disk":"number","user_category":"string"}]],"description":"It is a nested type which documented below.","description_kind":"plain","computed":true},"is_public":{"type":"bool","description":"If ksyun provide the image.","description_kind":"plain","optional":true},"name_regex":{"type":"string","description":"A regex string to filter resulting images by name. (Such as: `^CentOS 7.[1-2] 64` means CentOS 7.1 of 64-bit operating system or CentOS 7.2 of 64-bit operating system, \"^Ubuntu 16.04 64\" means Ubuntu 16.04 of 64-bit operating system).","description_kind":"plain","optional":true},"output_file":{"type":"string","description":"File name where to save data source results (after running `terraform plan`).","description_kind":"plain","optional":true},"platform":{"type":"string","description":"Platform type of the image system.","description_kind":"plain","optional":true},"total_count":{"type":"number","description":"Total number of image that satisfy the condition.","description_kind":"plain","computed":true}},"description_kind":"plain"}},"ksyun_instances":{"version":0,"block":{"attributes":{"id":{"type":"string","description_kind":"plain","optional":true,"computed":true},"ids":{"type":["set","string"],"description":"A list of instance IDs.","description_kind":"plain","optional":true},"instances":{"type":["list",["object",{"auto_scaling_type":"string","availability_zone":"string","availability_zone_name":"string","charge_type":"string","creation_date":"string","data_disks":["list",["object",{"delete_with_instance":"bool","disk_id":"string","disk_size":"number","disk_type":"string"}]],"image_id":"string","instance_configure":["list",["object",{"data_disk_gb":"number","data_disk_type":"string","g_p_u":"number","memory_gb":"number","root_disk_gb":"number","v_c_p_u":"number"}]],"instance_count":"number","instance_id":"string","instance_name":"string","instance_state":["list",["object",{"name":"string"}]],"instance_type":"string","is_show_sriov_net_support":"bool","key_id":["set","string"],"monitoring":["list",["object",{"state":"string"}]],"network_interface_set":["list",["object",{"d_n_s1":"string","d_n_s2":"string","group_set":["list",["object",{"group_id":"string"}]],"mac_address":"string","network_interface_id":"string","network_interface_type":"string","private_ip_address":"string","public_ip":"string","security_group_set":["list",["object",{"security_group_id":"string"}]],"subnet_id":"string"}]],"private_ip_address":"string","product_type":"number","product_what":"number","project_id":"number","sriov_net_support":"string","stopped_mode":"string","subnet_id":"string","system_disk":["list",["object",{"disk_size":"number","disk_type":"string"}]],"vpc_id":"string"}]],"description":"a list of instance.","description_kind":"plain","computed":true},"name_regex":{"type":"string","description":"A regex string to filter results by instance name.","description_kind":"plain","optional":true},"output_file":{"type":"string","description":"File name where to save data source results (after running `terraform plan`).","description_kind":"plain","optional":true},"project_id":{"type":["set","string"],"description":"One or more project IDs.","description_kind":"plain","optional":true},"search":{"type":"string","description":"A regex string to filter results by instance name or privateIpAddress.","description_kind":"plain","optional":true},"subnet_id":{"type":["set","string"],"description":"The ID of subnet linked to the instance.","description_kind":"plain","optional":true},"total_count":{"type":"number","description":"Total number of instance that satisfy the condition.","description_kind":"plain","computed":true},"vpc_id":{"type":["set","string"],"description":"The ID of VPC linked to the instance.","description_kind":"plain","optional":true}},"block_types":{"availability_zone":{"nesting_mode":"list","block":{"attributes":{"name":{"type":["set","string"],"description_kind":"plain","optional":true}},"description_kind":"plain"},"max_items":1},"instance_state":{"nesting_mode":"list","block":{"attributes":{"name":{"type":["set","string"],"description":"name of the state.","description_kind":"plain","optional":true}},"description_kind":"plain"},"max_items":1},"network_interface":{"nesting_mode":"list","block":{"attributes":{"group_id":{"type":["set","string"],"description":"The ID of security group linked to the network interface.","description_kind":"plain","optional":true},"network_interface_id":{"type":["set","string"],"description":"the ID of the network interface.","description_kind":"plain","optional":true},"subnet_id":{"type":["set","string"],"description":"The ID of VPC linked to the network interface.","description_kind":"plain","optional":true}},"description_kind":"plain"},"max_items":1}},"description_kind":"plain"}},"ksyun_kce_clusters":{"version":0,"block":{"attributes":{"cluster_id":{"type":"string","description":"The id of the cluster.","description_kind":"plain","optional":true},"cluster_set":{"type":["list",["object",{"cluster_desc":"string","cluster_id":"string","cluster_manage_mode":"string","cluster_name":"string","cluster_type":"string","create_time":"string","enable_kmse":"bool","k8s_version":"string","network_type":"string","node_num":"number","pod_cidr":"string","service_cidr":"string","status":"string","update_time":"string","vpc_cidr":"string","vpc_id":"string"}]],"description":"a list of kce clusters.","description_kind":"plain","computed":true},"id":{"type":"string","description_kind":"plain","optional":true,"computed":true},"output_file":{"type":"string","description":"File name where to save data source results (after running `terraform plan`).","description_kind":"plain","optional":true}},"description_kind":"plain"}},"ksyun_kce_instance_images":{"version":0,"block":{"attributes":{"id":{"type":"string","description_kind":"plain","optional":true,"computed":true},"image_set":{"type":["list",["object",{"image_id":"string","image_name":"string","image_type":"string"}]],"description":"a list of images.","description_kind":"plain","computed":true},"output_file":{"type":"string","description":"File name where to save data source results (after running `terraform plan`).","description_kind":"plain","optional":true}},"description_kind":"plain"}},"ksyun_knads":{"version":0,"block":{"attributes":{"id":{"type":"string","description_kind":"plain","optional":true,"computed":true},"ids":{"type":["set","string"],"description":"A list of Knad IDs, all the Knads belong to this region will be retrieved if the ID is `\"\"`.","description_kind":"plain","optional":true},"knads":{"type":["list",["object",{"band":"number","bill_type":"number","exprie_time":"string","idc_band":"number","ip_count":"number","knad_id":"string","knad_name":"string","max_band":"number","project_id":"string","service_id":"string","used_ip_count":"number"}]],"description":"An information list of Knad. Each element contains the following attributes:","description_kind":"plain","computed":true},"output_file":{"type":"string","description":"File name where to save data source results (after running `terraform plan`).","description_kind":"plain","optional":true},"project_id":{"type":["set","string"],"description":"One or more project IDs.","description_kind":"plain","optional":true}},"description_kind":"plain"}},"ksyun_krds":{"version":0,"block":{"attributes":{"db_instance_identifier":{"type":"string","description":"instance ID (passed in the instance ID to get the details of the instance, otherwise get the list).","description_kind":"plain","optional":true},"db_instance_status":{"type":"string","description":"status of the instance, ACTIVE or INVALID.","description_kind":"plain","optional":true},"db_instance_type":{"type":"string","description":"HRDS (highly available), RR (read-only), TRDS (temporary).","description_kind":"plain","optional":true},"id":{"type":"string","description_kind":"plain","optional":true,"computed":true},"keyword":{"type":"string","description":"fuzzy filter by name / VIP.","description_kind":"plain","optional":true},"krds":{"type":["list",["object",{"audit":"bool","availability_zone":"string","bill_type":"string","db_instance_class":["set",["object",{"disk":"number","id":"string","iops":"number","max_conn":"number","mem":"number","ram":"number","vcpus":"number"}]],"db_instance_identifier":"string","db_instance_name":"string","db_instance_status":"string","db_instance_type":"string","db_parameter_group_id":"string","disk_used":"number","eip":"string","eip_port":"string","engine":"string","engine_version":"string","group_id":"string","instance_create_time":"string","master_availability_zone":"string","master_user_name":"string","multi_availability_zone":"bool","port":"number","preferred_backup_time":"string","product_id":"string","project_id":"number","publicly_accessible":"bool","region":"string","security_group_id":"string","service_end_time":"string","service_start_time":"string","slave_availability_zone":"string","subnet_id":"string","vip":"string","vpc_id":"string"}]],"description":"An information list of KRDS.","description_kind":"plain","computed":true},"marker":{"type":"number","description":"record start offset.","description_kind":"plain","optional":true},"max_records":{"type":"number","description":"the maximum number of entries in the result of each page. Value range: 1-100.","description_kind":"plain","optional":true},"order":{"type":"string","description":"case sensitive, value range: default (default sorting method), group (sorting by replication group, will rank read-only instances after their primary instances).","description_kind":"plain","optional":true},"output_file":{"type":"string","description":"will return the file name of the content store.","description_kind":"plain","optional":true},"project_id":{"type":"string","description":"the default value is all projects.","description_kind":"plain","optional":true},"total_count":{"type":"number","description":"Total number of resources that satisfy the condition.","description_kind":"plain","computed":true}},"block_types":{"timeouts":{"nesting_mode":"single","block":{"attributes":{"create":{"type":"string","description_kind":"plain","optional":true},"delete":{"type":"string","description_kind":"plain","optional":true},"read":{"type":"string","description_kind":"plain","optional":true},"update":{"type":"string","description_kind":"plain","optional":true}},"description_kind":"plain"}}},"description_kind":"plain"}},"ksyun_krds_parameter_group":{"version":0,"block":{"attributes":{"db_parameter_group_id":{"type":"string","description":"The id of db parameter group.","description_kind":"plain","optional":true},"db_parameter_groups":{"type":["list",["object",{"db_parameter_group_id":"string","db_parameter_group_name":"string","description":"string","engine":"string","engine_version":"string","parameters":["map","string"]}]],"description":"An information list of krds db parameter groups. Each element contains the following attributes:","description_kind":"plain","computed":true},"id":{"type":"string","description_kind":"plain","optional":true,"computed":true},"keyword":{"type":"string","description":"The keyword uses to filter parameter group.","description_kind":"plain","optional":true},"output_file":{"type":"string","description":"File name where to save data source results (after running `terraform plan`).","description_kind":"plain","optional":true},"total_count":{"type":"number","description":"Total number of snapshot policies resources that satisfy the condition.","description_kind":"plain","computed":true}},"description_kind":"plain"}},"ksyun_krds_security_groups":{"version":0,"block":{"attributes":{"id":{"type":"string","description_kind":"plain","optional":true,"computed":true},"output_file":{"type":"string","description":"The filename of the content store will be returned.","description_kind":"plain","required":true},"security_group_id":{"type":"number","description":"Security group ID.","description_kind":"plain","optional":true},"security_groups":{"type":["list",["object",{"created":"string","instances":["set",["object",{"created":"string","db_instance_identifier":"string","db_instance_name":"string","db_instance_type":"string","vip":"string"}]],"security_group_description":"string","security_group_id":"string","security_group_name":"string","security_group_rules":["set",["object",{"created":"string","security_group_rule_id":"string","security_group_rule_name":"string","security_group_rule_protocol":"string"}]]}]],"description":"An information list of KRDS security groups.","description_kind":"plain","computed":true},"total_count":{"type":"number","description":"Total number of resources that satisfy the condition.","description_kind":"plain","computed":true}},"block_types":{"timeouts":{"nesting_mode":"single","block":{"attributes":{"create":{"type":"string","description_kind":"plain","optional":true},"delete":{"type":"string","description_kind":"plain","optional":true},"read":{"type":"string","description_kind":"plain","optional":true},"update":{"type":"string","description_kind":"plain","optional":true}},"description_kind":"plain"}}},"description_kind":"plain"}},"ksyun_lb_acls":{"version":0,"block":{"attributes":{"id":{"type":"string","description_kind":"plain","optional":true,"computed":true},"ids":{"type":["set","string"],"description":"A list of LB Rule IDs, all the LB Rules belong to the Load Balancer listener will be retrieved if the ID is `\"\"`.","description_kind":"plain","optional":true},"lb_acls":{"type":["list",["object",{"create_time":"string","load_balancer_acl_entry_set":["list",["object",{"cidr_block":"string","load_balancer_acl_entry_id":"string","load_balancer_acl_id":"string","protocol":"string","rule_action":"string","rule_number":"number"}]],"load_balancer_acl_id":"string","load_balancer_acl_name":"string"}]],"description":"It is a nested type which documented below.","description_kind":"plain","computed":true},"output_file":{"type":"string","description":"File name where to save data source results (after running `terraform plan`).","description_kind":"plain","optional":true},"total_count":{"type":"number","description":"Total number of LB Rules that satisfy the condition.","description_kind":"plain","computed":true}},"description_kind":"plain"}},"ksyun_lb_backend_server_groups":{"version":0,"block":{"attributes":{"backend_server_group_type":{"type":["set","string"],"description":"A list of BackendServerGroup types.","description_kind":"plain","optional":true},"backend_server_groups":{"type":["list",["object",{"backend_server_group_id":"string","backend_server_group_name":"string","backend_server_group_type":"string","backend_server_number":"number","create_time":"string","health_check":["list",["object",{"health_check_id":"string","health_check_state":"string","healthy_threshold":"number","host_name":"string","interval":"number","listener_id":"string","timeout":"number","unhealthy_threshold":"number","url_path":"string"}]],"vpc_id":"string"}]],"description":"An information list of BackendServerGroups. Each element contains the following attributes:","description_kind":"plain","computed":true},"id":{"type":"string","description_kind":"plain","optional":true,"computed":true},"ids":{"type":["set","string"],"description":"A list of BackendServerGroup IDs.","description_kind":"plain","optional":true},"output_file":{"type":"string","description":"File name where to save data source results (after running `terraform plan`).","description_kind":"plain","optional":true},"total_count":{"type":"number","description":"Total number of BackendServerGroups that satisfy the condition.","description_kind":"plain","computed":true},"vpc_id":{"type":["set","string"],"description":"A list of VPC IDs.","description_kind":"plain","optional":true}},"description_kind":"plain"}},"ksyun_lb_host_headers":{"version":0,"block":{"attributes":{"host_headers":{"type":["list",["object",{"certificate_id":"string","create_time":"string","host_header":"string","host_header_id":"string","listener_id":"string"}]],"description":"An information list of host headers. Each element contains the following attributes:","description_kind":"plain","computed":true},"id":{"type":"string","description_kind":"plain","optional":true,"computed":true},"ids":{"type":["set","string"],"description":"A list of hostheader IDs.","description_kind":"plain","optional":true},"listener_id":{"type":["list","string"],"description":"A list of the listeners.","description_kind":"plain","optional":true},"output_file":{"type":"string","description":"File name where to save data source results (after running terraform plan).","description_kind":"plain","optional":true},"total_count":{"type":"number","description":"Total number of host headers that satisfy the condition.","description_kind":"plain","computed":true}},"description_kind":"plain"}},"ksyun_lb_listener_servers":{"version":0,"block":{"attributes":{"id":{"type":"string","description_kind":"plain","optional":true,"computed":true},"ids":{"type":["set","string"],"description":"A list of LB Listener Server IDs, all the LB Listener Servers belong to this region will be retrieved if the ID is `\"\"`.","description_kind":"plain","optional":true},"listener_id":{"type":["set","string"],"description":"A list of LB Listener IDs.","description_kind":"plain","optional":true},"output_file":{"type":"string","description":"File name where to save data source results (after running `terraform plan`).","description_kind":"plain","optional":true},"real_server_ip":{"type":["set","string"],"description":"A list of real servers.","description_kind":"plain","optional":true},"servers":{"type":["list",["object",{"instance_id":"string","master_slave_type":"string","real_server_ip":"string","real_server_port":"number","real_server_state":"string","real_server_type":"string","register_id":"string","weight":"number"}]],"description":"An information list of real servers. Each element contains the following attributes:","description_kind":"plain","computed":true},"total_count":{"type":"number","description":"Total number of LB Listener Servers that satisfy the condition.","description_kind":"plain","computed":true}},"description_kind":"plain"}},"ksyun_lb_register_backend_servers":{"version":0,"block":{"attributes":{"backend_server_group_id":{"type":["set","string"],"description":"A list of Register backend server IDs.","description_kind":"plain","optional":true},"id":{"type":"string","description_kind":"plain","optional":true,"computed":true},"ids":{"type":["set","string"],"description":"A list of Register backend server IDs, all the Register backend servers belong to this region will be retrieved if the ID is `\"\"`.","description_kind":"plain","optional":true},"output_file":{"type":"string","description":"File name where to save data source results (after running `terraform plan`).","description_kind":"plain","optional":true},"register_backend_servers":{"type":["list",["object",{"backend_server_group_id":"string","backend_server_ip":"string","create_time":"string","instance_id":"string","network_interface_id":"string","real_server_ip":"number","real_server_port":"string","real_server_state":"string","real_server_type":"string","register_id":"string","weight":"number"}]],"description":"An information list of Register backend groups. Each element contains the following attributes:","description_kind":"plain","computed":true},"total_count":{"type":"number","description":"Total number of Register backend groups that satisfy the condition.","description_kind":"plain","computed":true}},"description_kind":"plain"}},"ksyun_lb_rules":{"version":0,"block":{"attributes":{"host_header_id":{"type":["set","string"],"description":"The id of host header.","description_kind":"plain","optional":true},"id":{"type":"string","description_kind":"plain","optional":true,"computed":true},"ids":{"type":["set","string"],"description":"A list of rule IDs.","description_kind":"plain","optional":true},"lb_rules":{"type":["list",["object",{"backend_server_group_id":"string","create_time":"string","health_check":["list",["object",{"health_check_id":"string","health_check_state":"string","healthy_threshold":"number","host_name":"string","interval":"number","listener_id":"string","timeout":"number","unhealthy_threshold":"number","url_path":"string"}]],"host_header_id":"string","listener_sync":"string","method":"string","path":"string","rule_id":"string","session":["list",["object",{"cookie_name":"string","cookie_type":"string","session_persistence_period":"number","session_state":"string"}]]}]],"description":"An information list of LB Rules. Each element contains the following attributes:","description_kind":"plain","computed":true},"output_file":{"type":"string","description":"File name where to save data source results (after running terraform plan).","description_kind":"plain","optional":true},"total_count":{"type":"number","description":"Total number of LB Rules that satisfy the condition.","description_kind":"plain","computed":true}},"description_kind":"plain"}},"ksyun_lbs":{"version":0,"block":{"attributes":{"id":{"type":"string","description_kind":"plain","optional":true,"computed":true},"ids":{"type":["set","string"],"description":"A list of Load Balancer IDs, all the LBs belong to this region will be retrieved if the ID is `\"\"`.","description_kind":"plain","optional":true},"lbs":{"type":["list",["object",{"access_logs_enabled":"bool","access_logs_s3_bucket":"string","create_time":"string","ip_version":"string","is_waf":"bool","lb_status":"string","lb_type":"string","listeners_count":"number","load_balancer_id":"string","load_balancer_name":"string","load_balancer_state":"string","project_id":"string","public_ip":"string","state":"string","subnet_id":"string","type":"string","vpc_id":"string"}]],"description":"It is a nested type which documented below.","description_kind":"plain","computed":true},"name_regex":{"type":"string","description":"A regex string to filter resulting lbs by name.","description_kind":"plain","optional":true},"output_file":{"type":"string","description":"File name where to save data source results (after running `terraform plan`).","description_kind":"plain","optional":true},"project_id":{"type":["set","string"],"description":"ID of the project.","description_kind":"plain","optional":true},"state":{"type":"string","description":"state of the LB.","description_kind":"plain","optional":true},"total_count":{"type":"number","description":"Total number of Load Balancers that satisfy the condition.","description_kind":"plain","computed":true},"vpc_id":{"type":["set","string"],"description":"The ID of the VPC linked to the Load Balancers.","description_kind":"plain","optional":true}},"description_kind":"plain"}},"ksyun_lines":{"version":0,"block":{"attributes":{"id":{"type":"string","description_kind":"plain","optional":true,"computed":true},"ids":{"type":["set","string"],"description":"A list of lines, all the lines belong to this region will be retrieved if the ID is `\"\"`.","description_kind":"plain","optional":true},"line_name":{"type":"string","description":"Name of the line.","description_kind":"plain","optional":true},"lines":{"type":["list",["object",{"line_id":"string","line_name":"string","line_type":"string"}]],"description":"All the lines according the argument.","description_kind":"plain","computed":true},"output_file":{"type":"string","description":"File name where to save data source results (after running `terraform plan`).","description_kind":"plain","optional":true},"total_count":{"type":"number","description":"Total number of lines that satisfy the condition.","description_kind":"plain","computed":true}},"description_kind":"plain"}},"ksyun_listener_servers":{"version":0,"block":{"attributes":{"id":{"type":"string","description_kind":"plain","optional":true,"computed":true},"ids":{"type":["set","string"],"description":"A list of LB Listener Server IDs, all the LB Listener Servers belong to this region will be retrieved if the ID is `\"\"`.","description_kind":"plain","optional":true},"listener_id":{"type":["set","string"],"description":"A list of LB Listener IDs.","description_kind":"plain","optional":true},"output_file":{"type":"string","description":"File name where to save data source results (after running `terraform plan`).","description_kind":"plain","optional":true},"real_server_ip":{"type":["set","string"],"description":"A list of real servers.","description_kind":"plain","optional":true},"servers":{"type":["list",["object",{"instance_id":"string","master_slave_type":"string","real_server_ip":"string","real_server_port":"number","real_server_state":"string","real_server_type":"string","register_id":"string","weight":"number"}]],"description":"An information list of real servers. Each element contains the following attributes:","description_kind":"plain","computed":true},"total_count":{"type":"number","description":"Total number of LB Listener Servers that satisfy the condition.","description_kind":"plain","computed":true}},"description_kind":"plain"}},"ksyun_listeners":{"version":0,"block":{"attributes":{"certificate_id":{"type":["list","string"],"description":"A list of certificate IDs.","description_kind":"plain","optional":true},"id":{"type":"string","description_kind":"plain","optional":true,"computed":true},"ids":{"type":["set","string"],"description":"A list of LB Listener IDs, all the LB Listeners belong to this region will be retrieved if the ID is `\"\"`.","description_kind":"plain","optional":true},"listeners":{"type":["list",["object",{"certificate_id":"string","create_time":"string","enable_http2":"bool","health_check":["list",["object",{"health_check_id":"string","health_check_state":"string","healthy_threshold":"number","host_name":"string","interval":"number","listener_id":"string","timeout":"number","unhealthy_threshold":"number","url_path":"string"}]],"http_protocol":"string","listener_id":"string","listener_name":"string","listener_port":"number","listener_protocol":"string","listener_state":"string","load_balancer_acl_id":"string","load_balancer_id":"string","method":"string","real_server":["list",["object",{"instance_id":"string","listener_id":"string","real_server_ip":"string","real_server_port":"number","real_server_state":"string","real_server_type":"string","register_id":"string","weight":"number"}]],"session":["list",["object",{"cookie_name":"string","cookie_type":"string","session_persistence_period":"number","session_state":"string"}]],"tls_cipher_policy":"string"}]],"description":"It is a nested type which documented below.","description_kind":"plain","computed":true},"load_balancer_id":{"type":["list","string"],"description":"A list of load balancer IDs.","description_kind":"plain","optional":true},"name_regex":{"type":"string","description":"A regex string to filter resulting lb listeners by name.","description_kind":"plain","optional":true},"output_file":{"type":"string","description":"File name where to save data source results (after running `terraform plan`).","description_kind":"plain","optional":true},"total_count":{"type":"number","description":"Total number of LB listeners that satisfy the condition.","description_kind":"plain","computed":true}},"description_kind":"plain"}},"ksyun_local_snapshots":{"version":0,"block":{"attributes":{"id":{"type":"string","description_kind":"plain","optional":true,"computed":true},"local_snapshot_set":{"type":["list",["object",{"creation_date":"string","disk_size":"number","instance_id":"string","local_volume_snapshot_desc":"string","local_volume_snapshot_id":"string","local_volume_snapshot_name":"string","snapshot_type":"string","source_local_volume_category":"string","source_local_volume_id":"string","source_local_volume_name":"string","source_local_volume_state":"string","state":"string"}]],"description":"An information list of KEC local snapshots. Each element contains the following attributes:","description_kind":"plain","computed":true},"local_volume_name":{"type":"string","description":"The name of the volume.","description_kind":"plain","optional":true},"local_volume_snapshot_id":{"type":"string","description":"The ID of the snapshot.","description_kind":"plain","optional":true},"output_file":{"type":"string","description":"File name where to save data source results (after running `terraform plan`).","description_kind":"plain","optional":true},"source_local_volume_id":{"type":"string","description":"The ID of the volume.","description_kind":"plain","optional":true},"total_count":{"type":"number","description":"Total number of local snapshots that satisfy the condition.","description_kind":"plain","computed":true}},"description_kind":"plain"}},"ksyun_local_volumes":{"version":0,"block":{"attributes":{"id":{"type":"string","description_kind":"plain","optional":true,"computed":true},"instance_name":{"type":"string","description":"The name of the instance which the volume belong to.","description_kind":"plain","optional":true},"local_volume_set":{"type":["list",["object",{"creation_date":"string","instance_id":"string","instance_name":"string","instance_state":"string","local_volume_category":"string","local_volume_id":"string","local_volume_name":"string","local_volume_size":"number","local_volume_state":"string","local_volume_type":"string"}]],"description":"An information list of KEC local volumes. Each element contains the following attributes:","description_kind":"plain","computed":true},"output_file":{"type":"string","description":"File name where to save data source results (after running `terraform plan`).","description_kind":"plain","optional":true},"total_count":{"type":"number","description":"Total number of local volumes that satisfy the condition.","description_kind":"plain","computed":true}},"description_kind":"plain"}},"ksyun_mongodbs":{"version":0,"block":{"attributes":{"iam_project_id":{"type":"string","description":"The project instance belongs to.","description_kind":"plain","optional":true},"id":{"type":"string","description_kind":"plain","optional":true,"computed":true},"instance_id":{"type":"string","description":"The id of MongoDB, all the MongoDBs belong to this region will be retrieved if the instance_id is `\"\"`.","description_kind":"plain","optional":true},"instances":{"type":["list",["object",{"area":"string","config":"string","create_date":"string","expiration_date":"string","iam_project_id":"string","iam_project_name":"string","instance_class":"string","instance_id":"string","instance_type":"string","ip":"string","mode":"string","mongos_num":"number","name":"string","network_type":"string","node_num":"number","pay_type":"string","port":"number","product_id":"string","product_what":"number","region":"string","security_group_id":"string","shard_num":"number","status":"string","storage":"number","time_cycle":"string","timezone":"string","timing_switch":"string","user_id":"string","version":"string","vnet_id":"string","vpc_id":"string"}]],"description":"It is a nested type which documented below.","description_kind":"plain","computed":true},"name":{"type":"string","description":"The name of MongoDB, all the MongoDBs belong to this region will be retrieved if the name is `\"\"`.","description_kind":"plain","optional":true},"output_file":{"type":"string","description":"File name where to save data source results (after running `terraform plan`).","description_kind":"plain","optional":true},"total_count":{"type":"number","description":"Total number of MongoDBs that satisfy the condition.","description_kind":"plain","computed":true},"vip":{"type":"string","description":"The vip of instances.","description_kind":"plain","optional":true},"vnet_id":{"type":"string","description":"The ID of subnet. the instance will use the subnet in the current region.","description_kind":"plain","optional":true},"vpc_id":{"type":"string","description":"The ID of VPC. the instance will use the VPC in the current region.","description_kind":"plain","optional":true}},"description_kind":"plain"}},"ksyun_nats":{"version":0,"block":{"attributes":{"id":{"type":"string","description_kind":"plain","optional":true,"computed":true},"ids":{"type":["set","string"],"description":"A list of Nat IDs, all the Nat resources belong to this region will be retrieved if the ID is `\"\"`.","description_kind":"plain","optional":true},"name_regex":{"type":"string","description":"A regex string to filter results by NAT name.","description_kind":"plain","optional":true},"nats":{"type":["list",["object",{"associate_nat_set":["list",["object",{"subnet_id":"string"}]],"band_width":"number","create_time":"string","id":"string","nat_ip_number":"number","nat_ip_set":["list",["object",{"nat_ip":"string","nat_ip_id":"string"}]],"nat_mode":"string","nat_name":"string","nat_type":"string","project_id":"string","vpc_id":"string"}]],"description":"An information list of NATs. Each element contains the following attributes:","description_kind":"plain","computed":true},"output_file":{"type":"string","description":"File name where to save data source results (after running `terraform plan`).","description_kind":"plain","optional":true},"project_ids":{"type":["set","string"],"description":"A list of Project id that the desired Nat belongs to.","description_kind":"plain","optional":true},"total_count":{"type":"number","description":"Total number of NAT resources that satisfy the condition.","description_kind":"plain","computed":true},"vpc_ids":{"type":["set","string"],"description":"A list of VPC id that the desired Nat belongs to.","description_kind":"plain","optional":true}},"description_kind":"plain"}},"ksyun_network_acls":{"version":0,"block":{"attributes":{"id":{"type":"string","description_kind":"plain","optional":true,"computed":true},"ids":{"type":["set","string"],"description":"A list of network ACL IDs.","description_kind":"plain","optional":true},"name_regex":{"type":"string","description":"A regex string to filter results by ACL name.","description_kind":"plain","optional":true},"network_acls":{"type":["list",["object",{"create_time":"string","id":"string","name":"string","network_acl_entry_set":["list",["object",{"cidr_block":"string","description":"string","direction":"string","icmp_code":"number","icmp_type":"number","network_acl_entry_id":"string","network_acl_id":"string","port_range_from":"number","port_range_to":"number","protocol":"string","rule_action":"string","rule_number":"number"}]],"network_acl_id":"string","network_acl_name":"string","vpc_id":"string"}]],"description":"An information list of ACLs. Each element contains the following attributes:","description_kind":"plain","computed":true},"output_file":{"type":"string","description":"File name where to save data source results (after running `terraform plan`).","description_kind":"plain","optional":true},"total_count":{"type":"number","description":"Total number of ACLs that satisfy the condition.","description_kind":"plain","computed":true},"vpc_ids":{"type":["set","string"],"description":"A list of VPC IDs.","description_kind":"plain","optional":true}},"description_kind":"plain"}},"ksyun_network_interfaces":{"version":0,"block":{"attributes":{"id":{"type":"string","description_kind":"plain","optional":true,"computed":true},"ids":{"type":["set","string"],"description":"A list of Network Interface IDs, all the Network Interfaces belong to this region will be retrieved if the ID is `\"\"`.","description_kind":"plain","optional":true},"instance_id":{"type":["set","string"],"description":"A list of VPC instance IDs.","description_kind":"plain","optional":true},"instance_type":{"type":["set","string"],"description":"A list of instance types.","description_kind":"plain","optional":true},"network_interfaces":{"type":["list",["object",{"assigned_private_ip_address_set":["set",["object",{"private_ip_address":"string"}]],"d_n_s1":"string","d_n_s2":"string","id":"string","instance_id":"string","instance_type":"string","mac_address":"string","name":"string","network_interface_id":"string","network_interface_name":"string","network_interface_type":"string","private_ip_address":"string","security_group_set":["list",["object",{"security_group_id":"string","security_group_name":"string"}]]}]],"description":"An information list of network interfaces. Each element contains the following attributes:","description_kind":"plain","computed":true},"output_file":{"type":"string","description":"File name where to save data source results (after running `terraform plan`).","description_kind":"plain","optional":true},"private_ip_address":{"type":["set","string"],"description":"A list of private IPs.","description_kind":"plain","optional":true},"securitygroup_id":{"type":["set","string"],"description":"A list of security group IDs.","description_kind":"plain","optional":true},"subnet_id":{"type":["set","string"],"description":"A list of subnet IDs.","description_kind":"plain","optional":true},"total_count":{"type":"number","description":"Total number of network interface resources that satisfy the condition.","description_kind":"plain","computed":true},"vpc_id":{"type":["set","string"],"description":"A list of VPC IDs.","description_kind":"plain","optional":true}},"description_kind":"plain"}},"ksyun_rabbitmqs":{"version":0,"block":{"attributes":{"id":{"type":"string","description_kind":"plain","optional":true,"computed":true},"instance_id":{"type":"string","description":"The id of Rabbitmq, all the Rabbitmqs belong to this region will be retrieved if the instance_id is `\"\"`.","description_kind":"plain","optional":true},"instance_name":{"type":"string","description":"The name of RabbitMQ.","description_kind":"plain","optional":true},"instances":{"type":["list",["object",{"availability_zone":"string","bill_type":"number","create_date":"string","duration":"number","eip":"string","eip_egress":"string","engine":"string","engine_version":"string","expiration_date":"string","instance_id":"string","instance_name":"string","instance_password":"string","instance_type":"string","mode":"string","mode_name":"string","network_type":"string","node_num":"number","port":"string","product_id":"string","product_what":"number","project_id":"string","project_name":"string","protocol":"string","region":"string","security_group_id":"number","ssd_disk":"number","status":"string","status_name":"string","subnet_id":"string","user_id":"string","vip":"string","vpc_id":"string","web_eip":"string","web_vip":"string"}]],"description":"An information list of RabbitMQ instances. Each element contains the following attributes:","description_kind":"plain","computed":true},"name":{"type":"string","description":"The name of RabbitMQ.","description_kind":"plain","optional":true},"output_file":{"type":"string","description":"File name where to save data source results (after running `terraform plan`).","description_kind":"plain","optional":true},"project_id":{"type":"string","description":"One or more project IDs.","description_kind":"plain","optional":true},"subnet_id":{"type":"string","description":"The ID of the subnet.","description_kind":"plain","optional":true},"total_count":{"type":"number","description":"Total number of RabbitMQs that satisfy the condition.","description_kind":"plain","optional":true},"vip":{"type":"string","description":"The vip of RabbitMQs.","description_kind":"plain","optional":true},"vpc_id":{"type":"string","description":"The ID of the VPC.","description_kind":"plain","optional":true}},"description_kind":"plain"}},"ksyun_redis_instances":{"version":0,"block":{"attributes":{"cache_id":{"type":"string","description":"The ID of the instance.","description_kind":"plain","optional":true},"fuzzy_search":{"type":"string","description":"fuzzy filter by name / VIP / ID.","description_kind":"plain","optional":true},"iam_project_id":{"type":"string","description":"The project instance belongs to.","description_kind":"plain","optional":true},"id":{"type":"string","description_kind":"plain","optional":true,"computed":true},"instances":{"type":["list",["object",{"az":"string","bill_type":"number","cache_id":"string","create_time":"string","eip":"string","eip_ro":"string","engine":"string","iam_project_id":"string","iam_project_name":"string","mode":"number","name":"string","net_type":"number","order_type":"number","parameters":["map","string"],"port":"number","protocol":"string","readonly_node":["list",["object",{"create_time":"string","instance_id":"string","ip":"string","name":"string","port":"string","proxy":"string","status":"string"}]],"region":"string","service_begin_time":"string","service_end_time":"string","service_status":"number","shard_num":"number","shard_size":"number","size":"number","source":"number","status":"number","timezone":"string","timing_switch":"string","vip":"string","vnet_id":"string","vpc_id":"string"}]],"description":"An information list of instances. Each element contains the following attributes:","description_kind":"plain","computed":true},"name":{"type":"string","description":"The name of instance.","description_kind":"plain","optional":true},"output_file":{"type":"string","description":"File name where to save data source results (after running `terraform plan`).","description_kind":"plain","optional":true},"total_count":{"type":"number","description":"Total number of Redis instances that satisfy the condition.","description_kind":"plain","computed":true},"vip":{"type":"string","description":"Private IP address of the instance.","description_kind":"plain","optional":true},"vnet_id":{"type":"string","description":"The ID of subnet.","description_kind":"plain","optional":true},"vpc_id":{"type":"string","description":"The ID of VPC.","description_kind":"plain","optional":true}},"description_kind":"plain"}},"ksyun_redis_security_groups":{"version":0,"block":{"attributes":{"id":{"type":"string","description_kind":"plain","optional":true,"computed":true},"instances":{"type":["list",["object",{"created":"string","description":"string","name":"string","security_group_id":"string","updated":"string"}]],"description":"An information list of Redis security groups. Each element contains the following attributes:","description_kind":"plain","computed":true},"output_file":{"type":"string","description":"File name where to save data source results (after running `terraform plan`).","description_kind":"plain","optional":true},"total_count":{"type":"number","description":"Total number of Redis security groups that satisfy the condition.","description_kind":"plain","computed":true}},"description_kind":"plain"}},"ksyun_routes":{"version":0,"block":{"attributes":{"id":{"type":"string","description_kind":"plain","optional":true,"computed":true},"ids":{"type":["set","string"],"description":"A list of Route IDs, all the Route resources belong to this region will be retrieved if the ID is `\"\"`.","description_kind":"plain","optional":true},"instance_ids":{"type":["set","string"],"description":"A list of the Route target id.","description_kind":"plain","optional":true},"output_file":{"type":"string","description":"File name where to save data source results (after running `terraform plan`).","description_kind":"plain","optional":true},"routes":{"type":["list",["object",{"create_time":"string","destination_cidr_block":"string","id":"string","next_hop_set":["list",["object",{"gateway_id":"string","gateway_name":"string"}]],"route_id":"string","route_type":"string","vpc_id":"string"}]],"description":"An information list of routes. Each element contains the following attributes:","description_kind":"plain","computed":true},"total_count":{"type":"number","description":"Total number of Route resources that satisfy the condition.","description_kind":"plain","computed":true},"vpc_ids":{"type":["set","string"],"description":"A list of VPC id that the desired Route belongs to.","description_kind":"plain","optional":true}},"description_kind":"plain"}},"ksyun_scaling_activities":{"version":0,"block":{"attributes":{"end_time":{"type":"string","description":"The End Time that the desired ScalingActivity set to.","description_kind":"plain","optional":true},"id":{"type":"string","description_kind":"plain","optional":true,"computed":true},"output_file":{"type":"string","description":"File name where to save data source results (after running `terraform plan`).","description_kind":"plain","optional":true},"scaling_activities":{"type":["list",["object",{"cause":"string","description":"string","end_time":"string","error_code":"number","scaling_activity_id":"string","start_time":"string","status":"number","success_instance_list":["set","string"],"type":"number"}]],"description":"It is a nested type which documented below.","description_kind":"plain","computed":true},"scaling_group_id":{"type":"string","description":"A ScalingGroup ID that the desired ScalingActivity belong to.","description_kind":"plain","required":true},"start_time":{"type":"string","description":"The Start Time that the desired ScalingActivity set to.","description_kind":"plain","optional":true},"total_count":{"type":"number","description":"Total number of ScalingActivity resources that satisfy the condition.","description_kind":"plain","computed":true}},"description_kind":"plain"}},"ksyun_scaling_configurations":{"version":0,"block":{"attributes":{"id":{"type":"string","description_kind":"plain","optional":true,"computed":true},"ids":{"type":["set","string"],"description":"A list of ScalingConfiguration IDs, all the ScalingConfiguration resources belong to this region will be retrieved if the ID is `\"\"`.","description_kind":"plain","optional":true},"name_regex":{"type":"string","description":"A regex string to filter results by name.","description_kind":"plain","optional":true},"output_file":{"type":"string","description":"File name where to save data source results (after running `terraform plan`).","description_kind":"plain","optional":true},"project_ids":{"type":["set","string"],"description":"A list of Project id that the desired ScalingConfiguration belongs to.","description_kind":"plain","optional":true},"scaling_configuration_name":{"type":"string","description":"The Name of ScalingConfiguration.","description_kind":"plain","optional":true},"scaling_configurations":{"type":["list",["object",{"address_band_width":"number","address_project_id":"number","band_width_share_id":"string","charge_type":"string","cpu":"number","create_time":"string","data_disk_gb":"number","data_disks":["list",["object",{"delete_with_instance":"bool","disk_size":"number","disk_type":"string"}]],"gpu":"number","image_id":"string","instance_name":"string","instance_name_suffix":"string","instance_name_time_suffix":"bool","instance_type":"string","keep_image_login":"bool","key_id":["set","string"],"line_id":"string","mem":"number","need_monitor_agent":"number","need_security_agent":"number","project_id":"number","scaling_configuration_id":"string","scaling_configuration_name":"string","system_disk_size":"number","system_disk_type":"string","user_data":"string"}]],"description":"It is a nested type which documented below.","description_kind":"plain","computed":true},"total_count":{"type":"number","description":"Total number of ScalingConfiguration resources that satisfy the condition.","description_kind":"plain","computed":true}},"description_kind":"plain"}},"ksyun_scaling_groups":{"version":0,"block":{"attributes":{"id":{"type":"string","description_kind":"plain","optional":true,"computed":true},"ids":{"type":["set","string"],"description":"A list of ScalingGroup IDs, all the ScalingGroup resources belong to this region will be retrieved if the ID is `\"\"`.","description_kind":"plain","optional":true},"name_regex":{"type":"string","description":"A regex string to filter results by name.","description_kind":"plain","optional":true},"output_file":{"type":"string","description":"File name where to save data source results (after running `terraform plan`).","description_kind":"plain","optional":true},"scaling_configuration_id":{"type":"string","description":"The Scaling Configuration ID of the desired ScalingGroup set to.","description_kind":"plain","optional":true},"scaling_group_name":{"type":"string","description":"The Name of the desired ScalingGroup.","description_kind":"plain","optional":true},"scaling_groups":{"type":["list",["object",{"create_time":"string","desired_capacity":"number","instance_num":"number","max_size":"number","min_size":"number","remove_policy":"string","scaling_configuration_id":"string","scaling_configuration_name":"string","scaling_group_id":"string","scaling_group_name":"string","security_group_id":"string","security_group_id_set":["set","string"],"slb_config_set":["list",["object",{"health_check_type":"string","listener_id":"string","server_port_set":["set","number"],"slb_id":"string","weight":"number"}]],"status":"string","subnet_id_set":["set","string"],"subnet_strategy":"string","vpc_id":"string"}]],"description":"It is a nested type which documented below.","description_kind":"plain","computed":true},"total_count":{"type":"number","description":"Total number of ScalingGroup resources that satisfy the condition.","description_kind":"plain","computed":true},"vpc_id":{"type":"string","description":"The VPC ID of the desired ScalingGroup set to.","description_kind":"plain","optional":true}},"description_kind":"plain"}},"ksyun_scaling_instances":{"version":0,"block":{"attributes":{"creation_type":{"type":"string","description":"the creation type that desired scalingInstance belong to.","description_kind":"plain","optional":true},"health_status":{"type":"string","description":"the health status that desired scalingInstance belong to.","description_kind":"plain","optional":true},"id":{"type":"string","description_kind":"plain","optional":true,"computed":true},"output_file":{"type":"string","description":"File name where to save data source results (after running `terraform plan`).","description_kind":"plain","optional":true},"scaling_group_id":{"type":"string","description":"A scaling group id that the desired ScalingInstance belong to.","description_kind":"plain","required":true},"scaling_instance_ids":{"type":["set","string"],"description":"A list of scaling group ids that the desired ScalingInstance belong to.","description_kind":"plain","optional":true},"scaling_instances":{"type":["list",["object",{"add_time":"string","creation_type":"string","health_status":"string","protected_from_detach":"number","scaling_instance_id":"string","scaling_instance_name":"string"}]],"description":"It is a nested type which documented below.","description_kind":"plain","computed":true},"total_count":{"type":"number","description":"Total number of ScalingInstance resources that satisfy the condition.","description_kind":"plain","computed":true}},"description_kind":"plain"}},"ksyun_scaling_notifications":{"version":0,"block":{"attributes":{"id":{"type":"string","description_kind":"plain","optional":true,"computed":true},"output_file":{"type":"string","description":"File name where to save data source results (after running `terraform plan`).","description_kind":"plain","optional":true},"scaling_group_id":{"type":"string","description":"A scaling group id that the desired ScalingNotification belong to.","description_kind":"plain","required":true},"scaling_notifications":{"type":["list",["object",{"scaling_group_id":"string","scaling_notification_id":"string","scaling_notification_types":["set","string"]}]],"description":"It is a nested type which documented below.","description_kind":"plain","computed":true},"total_count":{"type":"number","description":"Total number of ScalingNotification resources that satisfy the condition.","description_kind":"plain","computed":true}},"description_kind":"plain"}},"ksyun_scaling_policies":{"version":0,"block":{"attributes":{"id":{"type":"string","description_kind":"plain","optional":true,"computed":true},"ids":{"type":["set","string"],"description":"A list of policy IDs.","description_kind":"plain","optional":true},"name_regex":{"type":"string","description":"A regex string to filter results by name.","description_kind":"plain","optional":true},"output_file":{"type":"string","description":"File name where to save data source results (after running `terraform plan`).","description_kind":"plain","optional":true},"scaling_group_id":{"type":"string","description":"A scaling group id that the desired ScalingPolicy belong to.","description_kind":"plain","required":true},"scaling_policies":{"type":["list",["object",{"adjustment_type":"string","adjustment_value":"number","comparison_operator":"string","cool_down":"number","create_time":"string","dimension_name":"string","function":"string","period":"number","repeat_times":"number","scaling_group_id":"string","scaling_policy_id":"string","scaling_policy_name":"string","threshold":"number"}]],"description":"It is a nested type which documented below.","description_kind":"plain","computed":true},"scaling_policies_name":{"type":"string","description":"The Name that the desired ScalingPolicy.","description_kind":"plain","optional":true},"total_count":{"type":"number","description":"Total number of ScalingPolicy resources that satisfy the condition.","description_kind":"plain","computed":true}},"description_kind":"plain"}},"ksyun_scaling_scheduled_tasks":{"version":0,"block":{"attributes":{"id":{"type":"string","description_kind":"plain","optional":true,"computed":true},"ids":{"type":["set","string"],"description":"A list of resource IDs.","description_kind":"plain","optional":true},"name_regex":{"type":"string","description":"A regex string to filter results by name.","description_kind":"plain","optional":true},"output_file":{"type":"string","description":"File name where to save data source results (after running `terraform plan`).","description_kind":"plain","optional":true},"scaling_group_id":{"type":"string","description":"A scaling group id that the desired ScalingScheduledTask belong to.","description_kind":"plain","required":true},"scaling_scheduled_task_name":{"type":"string","description":"The Name that the desired ScalingScheduledTask.","description_kind":"plain","optional":true},"scaling_scheduled_tasks":{"type":["list",["object",{"create_time":"string","description":"string","end_time":"string","readjust_expect_size":"number","readjust_max_size":"number","readjust_min_size":"number","recurrence":"string","repeat_cycle":"string","repeat_unit":"string","scaling_group_id":"string","scaling_scheduled_task_id":"string","scaling_scheduled_task_name":"string","start_time":"string"}]],"description":"It is a nested type which documented below.","description_kind":"plain","computed":true},"total_count":{"type":"number","description":"Total number of ScalingScheduledTask resources that satisfy the condition.","description_kind":"plain","computed":true}},"description_kind":"plain"}},"ksyun_security_groups":{"version":0,"block":{"attributes":{"id":{"type":"string","description_kind":"plain","optional":true,"computed":true},"ids":{"type":["set","string"],"description":"A list of Security Group IDs, all the Security Group resources belong to this region will be retrieved if the ID is `\"\"`.","description_kind":"plain","optional":true},"output_file":{"type":"string","description":"File name where to save data source results (after running `terraform plan`).","description_kind":"plain","optional":true},"security_groups":{"type":["list",["object",{"create_time":"string","id":"string","name":"string","security_group_entry_set":["list",["object",{"cidr_block":"string","description":"string","direction":"string","icmp_code":"number","icmp_type":"number","port_range_from":"number","port_range_to":"number","protocol":"string","security_group_entry_id":"string"}]],"security_group_id":"string","security_group_name":"string","security_group_type":"string","vpc_id":"string"}]],"description":"An information list of security groups. Each element contains the following attributes:","description_kind":"plain","computed":true},"total_count":{"type":"number","description":"Total number of Security Group resources that satisfy the condition.","description_kind":"plain","computed":true},"vpc_id":{"type":["set","string"],"description":"A list of VPC IDs.","description_kind":"plain","optional":true}},"description_kind":"plain"}},"ksyun_slbs":{"version":0,"block":{"attributes":{"id":{"type":"string","description_kind":"plain","optional":true,"computed":true},"ids":{"type":["set","string"],"description":"A list of Load Balancer IDs, all the LBs belong to this region will be retrieved if the ID is `\"\"`.","description_kind":"plain","optional":true},"lbs":{"type":["list",["object",{"access_logs_enabled":"bool","access_logs_s3_bucket":"string","create_time":"string","ip_version":"string","is_waf":"bool","lb_status":"string","lb_type":"string","listeners_count":"number","load_balancer_id":"string","load_balancer_name":"string","load_balancer_state":"string","project_id":"string","public_ip":"string","state":"string","subnet_id":"string","type":"string","vpc_id":"string"}]],"description":"It is a nested type which documented below.","description_kind":"plain","computed":true},"name_regex":{"type":"string","description":"A regex string to filter resulting lbs by name.","description_kind":"plain","optional":true},"output_file":{"type":"string","description":"File name where to save data source results (after running `terraform plan`).","description_kind":"plain","optional":true},"project_id":{"type":["set","string"],"description":"ID of the project.","description_kind":"plain","optional":true},"state":{"type":"string","description":"state of the LB.","description_kind":"plain","optional":true},"total_count":{"type":"number","description":"Total number of Load Balancers that satisfy the condition.","description_kind":"plain","computed":true},"vpc_id":{"type":["set","string"],"description":"The ID of the VPC linked to the Load Balancers.","description_kind":"plain","optional":true}},"description_kind":"plain"}},"ksyun_snapshots":{"version":0,"block":{"attributes":{"availability_zone":{"type":"string","description":"availability zone.","description_kind":"plain","optional":true},"id":{"type":"string","description_kind":"plain","optional":true,"computed":true},"output_file":{"type":"string","description":"File name where to save data source results (after running `terraform plan`).","description_kind":"plain","optional":true},"snapshot_id":{"type":"string","description":"The Id of the snapshot.","description_kind":"plain","optional":true},"snapshot_name":{"type":"string","description":"The name of the snapshot.","description_kind":"plain","optional":true},"snapshots":{"type":["list",["object",{"availability_zone":"string","create_time":"string","progress":"string","size":"number","snapshot_id":"string","snapshot_name":"string","snapshot_status":"string","snapshot_type":"string","volume_category":"string","volume_id":"string","volume_status":"string"}]],"description":"An information list of EBS snapshot. Each element contains the following attributes:","description_kind":"plain","computed":true},"volume_category":{"type":"string","description":"The category of the volume.","description_kind":"plain","optional":true},"volume_id":{"type":"string","description":"The ID of the volume.","description_kind":"plain","optional":true}},"description_kind":"plain"}},"ksyun_sqlservers":{"version":0,"block":{"attributes":{"db_instance_identifier":{"type":"string","description":"source instance identifier.","description_kind":"plain","optional":true},"db_instance_type":{"type":"string","description":"HRDS hrds (highly available), RR (read-only), trds (temporary).","description_kind":"plain","optional":true},"id":{"type":"string","description_kind":"plain","optional":true,"computed":true},"keyword":{"type":"string","description":"fuzzy filter by name / VIP.","description_kind":"plain","optional":true},"marker":{"type":"number","description":"record start offset.","description_kind":"plain","optional":true},"max_records":{"type":"number","description":"the maximum number of entries in the result of each page. Value range: 1-100.","description_kind":"plain","optional":true},"order":{"type":"string","description":"case sensitive, value range: default (default sorting method), group (sorting by replication group, will rank read-only instances after their primary instances).","description_kind":"plain","optional":true},"output_file":{"type":"string","description":"will return the file name of the content store.","description_kind":"plain","optional":true},"project_id":{"type":"string","description":"defaults to all projects.","description_kind":"plain","optional":true},"total_count":{"type":"number","description":"Total number of instance that satisfy the condition.","description_kind":"plain","computed":true}},"block_types":{"sqlservers":{"nesting_mode":"list","block":{"attributes":{"audit":{"type":"bool","description":"Audit.","description_kind":"plain","optional":true,"computed":true},"availability_zone":{"type":"string","description":"AZ.","description_kind":"plain","optional":true,"computed":true},"bill_type":{"type":"string","description":"Bill type.","description_kind":"plain","optional":true,"computed":true},"bill_type_id":{"type":"number","description":"Bill Type ID.","description_kind":"plain","optional":true,"computed":true},"datastore_version_id":{"type":"string","description":"Data store version ID.","description_kind":"plain","optional":true,"computed":true},"db_instance_identifier":{"type":"string","description":"instance ID.","description_kind":"plain","optional":true,"computed":true},"db_instance_name":{"type":"string","description":"instance name.","description_kind":"plain","optional":true,"computed":true},"db_instance_status":{"type":"string","description":"instance status.","description_kind":"plain","optional":true,"computed":true},"db_instance_type":{"type":"string","description":"instance type.","description_kind":"plain","optional":true,"computed":true},"db_parameter_group_id":{"type":"string","description":"parameter group ID.","description_kind":"plain","optional":true,"computed":true},"disk_used":{"type":"number","description":"hard disk usage.","description_kind":"plain","optional":true,"computed":true},"eip":{"type":"string","description":"EIP address.","description_kind":"plain","optional":true,"computed":true},"eip_port":{"type":"number","description":"EIP Port number.","description_kind":"plain","optional":true,"computed":true},"engine":{"type":"string","description":"Database Engine.","description_kind":"plain","optional":true,"computed":true},"engine_version":{"type":"string","description":"database engine version.","description_kind":"plain","optional":true,"computed":true},"group_id":{"type":"string","description":"group ID.","description_kind":"plain","optional":true,"computed":true},"instance_create_time":{"type":"string","description":"instance creation time.","description_kind":"plain","optional":true,"computed":true},"master_availability_zone":{"type":"string","description":"Master AZ.","description_kind":"plain","optional":true,"computed":true},"master_user_name":{"type":"string","description":"primary account user name.","description_kind":"plain","optional":true,"computed":true},"multi_availability_zone":{"type":"bool","description":"Multi availability zone.","description_kind":"plain","optional":true,"computed":true},"order_id":{"type":"string","description":"Order ID.","description_kind":"plain","optional":true,"computed":true},"order_source":{"type":"string","description":"Order source.","description_kind":"plain","optional":true,"computed":true},"order_type":{"type":"string","description":"Order type.","description_kind":"plain","optional":true,"computed":true},"order_use":{"type":"string","description":"Order Use.","description_kind":"plain","optional":true,"computed":true},"port":{"type":"number","description":"Port number.","description_kind":"plain","optional":true,"computed":true},"preferred_backup_time":{"type":"string","description":"preferred backup time.","description_kind":"plain","optional":true,"computed":true},"product_id":{"type":"string","description":"Product ID.","description_kind":"plain","optional":true,"computed":true},"product_what":{"type":"number","description":"Product what.","description_kind":"plain","optional":true,"computed":true},"project_id":{"type":"number","description":"Project ID.","description_kind":"plain","optional":true,"computed":true},"project_name":{"type":"string","description":"Project name.","description_kind":"plain","optional":true,"computed":true},"publicly_accessible":{"type":"bool","description":"publicly accessible.","description_kind":"plain","optional":true,"computed":true},"region":{"type":"string","description":"Region.","description_kind":"plain","optional":true,"computed":true},"rip":{"type":"string","description":"rip.","description_kind":"plain","optional":true,"computed":true},"security_group_id":{"type":"string","description":"Security group ID.","description_kind":"plain","optional":true,"computed":true},"service_end_time":{"type":"string","description":"Service end time.","description_kind":"plain","optional":true,"computed":true},"service_start_time":{"type":"string","description":"Service start time.","description_kind":"plain","optional":true,"computed":true},"slave_availability_zone":{"type":"string","description":"Slave AZ.","description_kind":"plain","optional":true,"computed":true},"sub_order_id":{"type":"string","description":"Sub order ID.","description_kind":"plain","optional":true,"computed":true},"subnet_id":{"type":"string","description":"Subnet ID.","description_kind":"plain","optional":true,"computed":true},"vip":{"type":"string","description":"virtual IP.","description_kind":"plain","optional":true,"computed":true},"vpc_id":{"type":"string","description":"virtual private network ID.","description_kind":"plain","optional":true,"computed":true}},"block_types":{"db_instance_class":{"nesting_mode":"set","block":{"attributes":{"disk":{"type":"number","description":"hard disk size..","description_kind":"plain","optional":true,"computed":true},"id":{"type":"string","description":"id of the DBInstanceClass.","description_kind":"plain","optional":true,"computed":true},"iops":{"type":"number","description":"IOPS.","description_kind":"plain","optional":true,"computed":true},"max_conn":{"type":"number","description":"max connection.","description_kind":"plain","optional":true,"computed":true},"mem":{"type":"number","description":"memory size.","description_kind":"plain","optional":true,"computed":true},"ram":{"type":"number","description":"memory size.","description_kind":"plain","optional":true,"computed":true},"vcpus":{"type":"number","description":"the number of the vcpu.","description_kind":"plain","optional":true,"computed":true}},"description_kind":"plain"},"max_items":1},"db_source":{"nesting_mode":"set","block":{"attributes":{"db_instance_identifier":{"type":"string","description":"DB instance Identifier.","description_kind":"plain","optional":true,"computed":true},"db_instance_name":{"type":"string","description":"DB instance name.","description_kind":"plain","optional":true,"computed":true},"db_instance_type":{"type":"string","description":"DB instance Type.","description_kind":"plain","optional":true,"computed":true},"point_in_time":{"type":"string","description":"Point in time.","description_kind":"plain","optional":true,"computed":true}},"description_kind":"plain"},"max_items":1},"read_replica_db_instance_identifiers":{"nesting_mode":"set","block":{"attributes":{"id":{"type":"string","description":"ID.","description_kind":"plain","optional":true,"computed":true},"read_replica_db_instance_identifier":{"type":"string","description":"ID.","description_kind":"plain","optional":true,"computed":true},"vip":{"type":"string","description":"VIP.","description_kind":"plain","optional":true,"computed":true}},"description_kind":"plain"}}},"description_kind":"plain"}},"timeouts":{"nesting_mode":"single","block":{"attributes":{"create":{"type":"string","description_kind":"plain","optional":true},"delete":{"type":"string","description_kind":"plain","optional":true},"read":{"type":"string","description_kind":"plain","optional":true},"update":{"type":"string","description_kind":"plain","optional":true}},"description_kind":"plain"}}},"description_kind":"plain"}},"ksyun_ssh_keys":{"version":0,"block":{"attributes":{"id":{"type":"string","description_kind":"plain","optional":true,"computed":true},"ids":{"type":["set","string"],"description":"A list of SSH Key IDs, all the SSH Key belong to this region will be retrieved if the ID is `\"\"`.","description_kind":"plain","optional":true},"key_name":{"type":"string","description":"ssh key name.","description_kind":"plain","optional":true},"key_names":{"type":["set","string"],"description":"a list of ssh key name.","description_kind":"plain","optional":true},"keys":{"type":["list",["object",{"create_time":"string","key_id":"string","key_name":"string","public_key":"string"}]],"description":"An information list of ssh key. Each element contains the following attributes:","description_kind":"plain","computed":true},"name_regex":{"type":"string","description":"A regex string to filter results by kay name.","description_kind":"plain","optional":true},"output_file":{"type":"string","description":"File name where to save data source results (after running `terraform plan`).","description_kind":"plain","optional":true},"total_count":{"type":"number","description":"Total number of keys that satisfy the condition.","description_kind":"plain","computed":true}},"description_kind":"plain"}},"ksyun_subnet_allocated_ip_addresses":{"version":0,"block":{"attributes":{"id":{"type":"string","description_kind":"plain","optional":true,"computed":true},"ids":{"type":["set","string"],"description":"A list of subnet IDs.","description_kind":"plain","optional":true},"output_file":{"type":"string","description":"File name where to save data source results (after running `terraform plan`).","description_kind":"plain","optional":true},"subnet_allocated_ip_addresses":{"type":["list","string"],"description":"A list of allocated IPs.","description_kind":"plain","computed":true},"subnet_id":{"type":["set","string"],"description":"The ID of the subnet.","description_kind":"plain","optional":true},"total_count":{"type":"number","description":"Total number of Allocated IPs that satisfy the condition.","description_kind":"plain","computed":true}},"description_kind":"plain"}},"ksyun_subnet_available_addresses":{"version":0,"block":{"attributes":{"id":{"type":"string","description_kind":"plain","optional":true,"computed":true},"ids":{"type":["set","string"],"description":"A list of subnet IDs.","description_kind":"plain","optional":true},"output_file":{"type":"string","description":"File name where to save data source results (after running `terraform plan`).","description_kind":"plain","optional":true},"subnet_available_addresses":{"type":["list","string"],"description":"A list of available IPs.","description_kind":"plain","computed":true},"subnet_id":{"type":["set","string"],"description":"A list of subnet IDs.","description_kind":"plain","optional":true},"total_count":{"type":"number","description":"Total number of available IPs that satisfy the condition.","description_kind":"plain","computed":true}},"description_kind":"plain"}},"ksyun_subnets":{"version":0,"block":{"attributes":{"availability_zone_names":{"type":["set","string"],"description":"The availability zone that the desired Subnet belongs to.","description_kind":"plain","optional":true},"id":{"type":"string","description_kind":"plain","optional":true,"computed":true},"ids":{"type":["set","string"],"description":"A list of Subnet IDs, all the Subnet resources belong to this region will be retrieved if the ID is `\"\"`.","description_kind":"plain","optional":true},"name_regex":{"type":"string","description":"A regex string to filter results by subnet name.","description_kind":"plain","optional":true},"nat_ids":{"type":["set","string"],"description":"The id of the NAT that the desired Subnet associated to.","description_kind":"plain","optional":true},"network_acl_ids":{"type":["set","string"],"description":"The id of the ACL that the desired Subnet associated to.","description_kind":"plain","optional":true},"output_file":{"type":"string","description":"File name where to save data source results (after running `terraform plan`).","description_kind":"plain","optional":true},"subnet_types":{"type":["set","string"],"description":"one or more subnet types.","description_kind":"plain","optional":true},"subnets":{"type":["list",["object",{"availability_zone_name":"string","availble_i_p_number":"string","cidr_block":"string","create_time":"string","dhcp_ip_from":"string","dhcp_ip_to":"string","dns1":"string","dns2":"string","gateway_ip":"string","id":"string","ipv6_cidr_block_association_set":["list",["object",{"ipv6_cidr_block":"string"}]],"name":"string","nat_id":"string","network_acl_id":"string","subnet_id":"string","subnet_type":"string","vpc_id":"string"}]],"description":"An information list of subnets. Each element contains the following attributes:","description_kind":"plain","computed":true},"total_count":{"type":"number","description":"Total number of Subnet resources that satisfy the condition.","description_kind":"plain","computed":true},"vpc_ids":{"type":["set","string"],"description":"The id of the VPC that the desired Subnet belongs to.","description_kind":"plain","optional":true}},"description_kind":"plain"}},"ksyun_tags":{"version":0,"block":{"attributes":{"id":{"type":"string","description_kind":"plain","optional":true,"computed":true},"keys":{"type":["set","string"],"description":"A list of tag keys.","description_kind":"plain","optional":true},"output_file":{"type":"string","description":"File name where to save data source results (after running `terraform plan`).","description_kind":"plain","optional":true},"resource_ids":{"type":["set","string"],"description":"A list of resource ids.","description_kind":"plain","optional":true},"resource_types":{"type":["set","string"],"description":"A list of resource types.","description_kind":"plain","optional":true},"tags":{"type":["list",["object",{"id":"string","key":"string","resource_id":"string","resource_type":"string","value":"string"}]],"description":"a list of tag.","description_kind":"plain","computed":true},"values":{"type":["set","string"],"description":"A list of tag values.","description_kind":"plain","optional":true}},"description_kind":"plain"}},"ksyun_volumes":{"version":0,"block":{"attributes":{"availability_zone":{"type":"string","description":"The availability zone in which the EBS volume resides.","description_kind":"plain","optional":true},"id":{"type":"string","description_kind":"plain","optional":true,"computed":true},"ids":{"type":["set","string"],"description":"A list of EBS IDs, all the EBS resources belong to this region will be retrieved if the ID is `\"\"`.","description_kind":"plain","optional":true},"output_file":{"type":"string","description":"File name where to save data source results (after running `terraform plan`).","description_kind":"plain","optional":true},"total_count":{"type":"number","description":"Total number of EBS volumes that satisfy the condition.","description_kind":"plain","computed":true},"volume_category":{"type":"string","description":"The category to which the EBS volume belongs.","description_kind":"plain","optional":true},"volume_create_date":{"type":"string","description":"The time when the EBS volume was created.","description_kind":"plain","optional":true},"volume_status":{"type":"string","description":"The status of the EBS volume.","description_kind":"plain","optional":true},"volume_type":{"type":"string","description":"The type of the EBS volume.","description_kind":"plain","optional":true},"volumes":{"type":["list",["object",{"availability_zone":"string","create_time":"string","instance_id":"string","project_id":"number","size":"number","volume_category":"string","volume_desc":"string","volume_id":"string","volume_name":"string","volume_status":"string","volume_type":"string"}]],"description":"An information list of EBS volumes. Each element contains the following attributes:","description_kind":"plain","computed":true}},"description_kind":"plain"}},"ksyun_vpcs":{"version":0,"block":{"attributes":{"id":{"type":"string","description_kind":"plain","optional":true,"computed":true},"ids":{"type":["set","string"],"description":"A list of VPC IDs, all the VPC resources belong to this region will be retrieved if the ID is `\"\"`.","description_kind":"plain","optional":true},"name_regex":{"type":"string","description":"A regex string to filter results by VPC name.","description_kind":"plain","optional":true},"output_file":{"type":"string","description":"File name where to save data source results (after running `terraform plan`).","description_kind":"plain","optional":true},"total_count":{"type":"number","description":"Total number of VPC resources that satisfy the condition.","description_kind":"plain","computed":true},"vpcs":{"type":["list",["object",{"cidr_block":"string","create_time":"string","id":"string","ipv6_cidr_block_association_set":["list",["object",{"ipv6_cidr_block":"string"}]],"name":"string","vpc_id":"string","vpc_name":"string"}]],"description":"It is a nested type which documented below.","description_kind":"plain","computed":true}},"description_kind":"plain"}},"ksyun_vpn_customer_gateways":{"version":0,"block":{"attributes":{"customer_gateways":{"type":["list",["object",{"create_time":"string","customer_gateway_address":"string","customer_gateway_id":"string","customer_gateway_name":"string","ha_customer_gateway_address":"string","id":"string","name":"string"}]],"description":"It is a nested type which documented below.","description_kind":"plain","computed":true},"id":{"type":"string","description_kind":"plain","optional":true,"computed":true},"ids":{"type":["set","string"],"description":"A list of VPN customer gateway IDs, all the resources belong to this region will be retrieved if the ID is `\"\"`.","description_kind":"plain","optional":true},"name_regex":{"type":"string","description":"A regex string to filter results by name.","description_kind":"plain","optional":true},"output_file":{"type":"string","description":"File name where to save data source results (after running `terraform plan`).","description_kind":"plain","optional":true},"total_count":{"type":"number","description":"Total number of resources that satisfy the condition.","description_kind":"plain","computed":true}},"description_kind":"plain"}},"ksyun_vpn_gateways":{"version":0,"block":{"attributes":{"id":{"type":"string","description_kind":"plain","optional":true,"computed":true},"ids":{"type":["set","string"],"description":"A list of VPN gateway IDs, all the resources belong to this region will be retrieved if the ID is `\"\"`.","description_kind":"plain","optional":true},"name_regex":{"type":"string","description":"A regex string to filter results by name.","description_kind":"plain","optional":true},"output_file":{"type":"string","description":"File name where to save data source results (after running `terraform plan`).","description_kind":"plain","optional":true},"project_ids":{"type":["set","string"],"description":"A list of project IDs.","description_kind":"plain","optional":true},"total_count":{"type":"number","description":"Total number of resources that satisfy the condition.","description_kind":"plain","computed":true},"vpc_ids":{"type":["set","string"],"description":"A list of VPC IDs.","description_kind":"plain","optional":true},"vpn_gateways":{"type":["list",["object",{"band_width":"number","create_time":"string","gateway_address":"string","ha_gateway_address":"string","id":"string","name":"string","remote_cidr_set":["list",["object",{"cidr_block":"string"}]],"vpc_id":"string","vpn_gateway_id":"string","vpn_gateway_name":"string"}]],"description":"It is a nested type which documented below.","description_kind":"plain","computed":true}},"description_kind":"plain"}},"ksyun_vpn_tunnels":{"version":0,"block":{"attributes":{"id":{"type":"string","description_kind":"plain","optional":true,"computed":true},"ids":{"type":["set","string"],"description":"A list of VPN tunnel IDs, all the resources belong to this region will be retrieved if the ID is `\"\"`.","description_kind":"plain","optional":true},"name_regex":{"type":"string","description":"A regex string to filter results by name.","description_kind":"plain","optional":true},"output_file":{"type":"string","description":"File name where to save data source results (after running `terraform plan`).","description_kind":"plain","optional":true},"total_count":{"type":"number","description":"Total number of resources that satisfy the condition.","description_kind":"plain","computed":true},"vpn_gateway_ids":{"type":["set","string"],"description":"A list of vpn gateway ids.","description_kind":"plain","optional":true},"vpn_tunnels":{"type":["list",["object",{"create_time":"string","customer_gateway_id":"string","customer_gre_ip":"string","extra_cidr_set":["list",["object",{"cidr_block":"string"}]],"ha_customer_gre_ip":"string","ha_vpn_gre_ip":"string","id":"string","ike_authen_algorithm":"string","ike_dh_group":"number","ike_encry_algorithm":"string","ipsec_authen_algorithm":"string","ipsec_encry_algorithm":"string","ipsec_life_time_second":"number","ipsec_life_time_traffic":"number","name":"string","pre_shared_key":"string","state":"string","type":"string","vpn_gateway_id":"string","vpn_gre_ip":"string","vpn_tunnel_id":"string","vpn_tunnel_name":"string"}]],"description":"It is a nested type which documented below.","description_kind":"plain","computed":true}},"description_kind":"plain"}}}}}}
